
Microsoft Visual Studio Solution File, Format Version 12.00
# Visual Studio 14
VisualStudioVersion = 14.0.25420.1
MinimumVisualStudioVersion = 10.0.40219.1
Project("{FAE04EC0-301F-11D3-BF4B-00C04F79EFBC}") = "GalaSoft.MvvmLight (PCL)", "GalaSoft.MvvmLight (PCL)\GalaSoft.MvvmLight (PCL).csproj", "{6A912701-3BA1-4975-ADBF-160CAF66B640}"
EndProject
Project("{2150E333-8FDC-42A3-9474-1A3956D46DE8}") = "Tests", "Tests", "{99D5856E-95ED-49B6-9F0C-0A5878A87009}"
EndProject
Project("{FAE04EC0-301F-11D3-BF4B-00C04F79EFBC}") = "GalaSoft.MvvmLight.Platform (WIN81)", "GalaSoft.MvvmLight.Platform (WIN81)\GalaSoft.MvvmLight.Platform (WIN81).csproj", "{8E1FCE57-FD06-44ED-B2BC-6D935329630E}"
EndProject
Project("{FAE04EC0-301F-11D3-BF4B-00C04F79EFBC}") = "GalaSoft.MvvmLight.Platform (WPSL81)", "GalaSoft.MvvmLight.Platform (WPSL81)\GalaSoft.MvvmLight.Platform (WPSL81).csproj", "{588595A3-48D5-4A2C-930A-59C5123A07CD}"
EndProject
Project("{FAE04EC0-301F-11D3-BF4B-00C04F79EFBC}") = "GalaSoft.MvvmLight.Test (PWPSL81)", "Tests\PCL\GalaSoft.MvvmLight.Test (PWPSL81)\GalaSoft.MvvmLight.Test (PWPSL81).csproj", "{29B2A5BA-2E0A-484A-866D-41CCE7144521}"
EndProject
Project("{FAE04EC0-301F-11D3-BF4B-00C04F79EFBC}") = "GalaSoft.MvvmLight.Test (PWP81)", "Tests\PCL\GalaSoft.MvvmLight.Test (PWP81)\GalaSoft.MvvmLight.Test (PWP81).csproj", "{B59BBF25-4D29-4B1F-AB02-588AC4032E9E}"
EndProject
Project("{FAE04EC0-301F-11D3-BF4B-00C04F79EFBC}") = "GalaSoft.MvvmLight.Platform (WP81)", "GalaSoft.MvvmLight.Platform (WP81)\GalaSoft.MvvmLight.Platform (WP81).csproj", "{0A0F720A-2A59-4276-93BC-B4BBEC2D187F}"
EndProject
Project("{FAE04EC0-301F-11D3-BF4B-00C04F79EFBC}") = "GalaSoft.MvvmLight.Test (PWIN81)", "Tests\PCL\GalaSoft.MvvmLight.Test (PWIN81)\GalaSoft.MvvmLight.Test (PWIN81).csproj", "{DB6CF16F-315E-4BBD-8348-369905645838}"
EndProject
Project("{FAE04EC0-301F-11D3-BF4B-00C04F79EFBC}") = "GalaSoft.MvvmLight.Platform (WPSL80)", "GalaSoft.MvvmLight.Platform (WPSL80)\GalaSoft.MvvmLight.Platform (WPSL80).csproj", "{5E668BEC-ADF7-4F85-AC28-685863160494}"
EndProject
Project("{FAE04EC0-301F-11D3-BF4B-00C04F79EFBC}") = "GalaSoft.MvvmLight.Test (PWPSL80)", "Tests\PCL\GalaSoft.MvvmLight.Test (PWPSL80)\GalaSoft.MvvmLight.Test (PWPSL80).csproj", "{3620804D-B56B-4C22-B987-AAD7B7F40FC8}"
EndProject
Project("{FAE04EC0-301F-11D3-BF4B-00C04F79EFBC}") = "GalaSoft.MvvmLight (SL5)", "GalaSoft.MvvmLight (SL5)\GalaSoft.MvvmLight (SL5).csproj", "{4A3E7910-7169-4462-B9E4-E7DF8BE6B09E}"
EndProject
Project("{FAE04EC0-301F-11D3-BF4B-00C04F79EFBC}") = "GalaSoft.MvvmLight.Extras (SL5)", "GalaSoft.MvvmLight.Extras (SL5)\GalaSoft.MvvmLight.Extras (SL5).csproj", "{F0428C63-C7AD-4563-AC05-81EAA4D76D28}"
EndProject
Project("{FAE04EC0-301F-11D3-BF4B-00C04F79EFBC}") = "GalaSoft.MvvmLight.Test (SL5)", "Tests\GalaSoft.MvvmLight.Test (SL5)\GalaSoft.MvvmLight.Test (SL5).csproj", "{0E24C663-BDCB-4702-864B-A850A9C68F03}"
EndProject
Project("{FAE04EC0-301F-11D3-BF4B-00C04F79EFBC}") = "GalaSoft.MvvmLight.Extras (PCL)", "GalaSoft.MvvmLight.Extras (PCL)\GalaSoft.MvvmLight.Extras (PCL).csproj", "{39C71A69-4ACE-4B45-9A2C-C274FADA78EF}"
EndProject
Global
	GlobalSection(SolutionConfigurationPlatforms) = preSolution
		Ad-Hoc|Any CPU = Ad-Hoc|Any CPU
		Ad-Hoc|ARM = Ad-Hoc|ARM
		Ad-Hoc|iPhone = Ad-Hoc|iPhone
		Ad-Hoc|iPhoneSimulator = Ad-Hoc|iPhoneSimulator
		Ad-Hoc|Mixed Platforms = Ad-Hoc|Mixed Platforms
		Ad-Hoc|x64 = Ad-Hoc|x64
		Ad-Hoc|x86 = Ad-Hoc|x86
		AppStore|Any CPU = AppStore|Any CPU
		AppStore|ARM = AppStore|ARM
		AppStore|iPhone = AppStore|iPhone
		AppStore|iPhoneSimulator = AppStore|iPhoneSimulator
		AppStore|Mixed Platforms = AppStore|Mixed Platforms
		AppStore|x64 = AppStore|x64
		AppStore|x86 = AppStore|x86
		Debug|Any CPU = Debug|Any CPU
		Debug|ARM = Debug|ARM
		Debug|iPhone = Debug|iPhone
		Debug|iPhoneSimulator = Debug|iPhoneSimulator
		Debug|Mixed Platforms = Debug|Mixed Platforms
		Debug|x64 = Debug|x64
		Debug|x86 = Debug|x86
		Release|Any CPU = Release|Any CPU
		Release|ARM = Release|ARM
		Release|iPhone = Release|iPhone
		Release|iPhoneSimulator = Release|iPhoneSimulator
		Release|Mixed Platforms = Release|Mixed Platforms
		Release|x64 = Release|x64
		Release|x86 = Release|x86
	EndGlobalSection
	GlobalSection(ProjectConfigurationPlatforms) = postSolution
		{6A912701-3BA1-4975-ADBF-160CAF66B640}.Ad-Hoc|Any CPU.ActiveCfg = Release|Any CPU
		{6A912701-3BA1-4975-ADBF-160CAF66B640}.Ad-Hoc|Any CPU.Build.0 = Release|Any CPU
		{6A912701-3BA1-4975-ADBF-160CAF66B640}.Ad-Hoc|ARM.ActiveCfg = Release|Any CPU
		{6A912701-3BA1-4975-ADBF-160CAF66B640}.Ad-Hoc|ARM.Build.0 = Release|Any CPU
		{6A912701-3BA1-4975-ADBF-160CAF66B640}.Ad-Hoc|iPhone.ActiveCfg = Release|Any CPU
		{6A912701-3BA1-4975-ADBF-160CAF66B640}.Ad-Hoc|iPhone.Build.0 = Release|Any CPU
		{6A912701-3BA1-4975-ADBF-160CAF66B640}.Ad-Hoc|iPhoneSimulator.ActiveCfg = Release|Any CPU
		{6A912701-3BA1-4975-ADBF-160CAF66B640}.Ad-Hoc|iPhoneSimulator.Build.0 = Release|Any CPU
		{6A912701-3BA1-4975-ADBF-160CAF66B640}.Ad-Hoc|Mixed Platforms.ActiveCfg = Release|Any CPU
		{6A912701-3BA1-4975-ADBF-160CAF66B640}.Ad-Hoc|Mixed Platforms.Build.0 = Release|Any CPU
		{6A912701-3BA1-4975-ADBF-160CAF66B640}.Ad-Hoc|x64.ActiveCfg = Release|Any CPU
		{6A912701-3BA1-4975-ADBF-160CAF66B640}.Ad-Hoc|x64.Build.0 = Release|Any CPU
		{6A912701-3BA1-4975-ADBF-160CAF66B640}.Ad-Hoc|x86.ActiveCfg = Release|Any CPU
		{6A912701-3BA1-4975-ADBF-160CAF66B640}.Ad-Hoc|x86.Build.0 = Release|Any CPU
		{6A912701-3BA1-4975-ADBF-160CAF66B640}.AppStore|Any CPU.ActiveCfg = Release|Any CPU
		{6A912701-3BA1-4975-ADBF-160CAF66B640}.AppStore|Any CPU.Build.0 = Release|Any CPU
		{6A912701-3BA1-4975-ADBF-160CAF66B640}.AppStore|ARM.ActiveCfg = Release|Any CPU
		{6A912701-3BA1-4975-ADBF-160CAF66B640}.AppStore|ARM.Build.0 = Release|Any CPU
		{6A912701-3BA1-4975-ADBF-160CAF66B640}.AppStore|iPhone.ActiveCfg = Release|Any CPU
		{6A912701-3BA1-4975-ADBF-160CAF66B640}.AppStore|iPhone.Build.0 = Release|Any CPU
		{6A912701-3BA1-4975-ADBF-160CAF66B640}.AppStore|iPhoneSimulator.ActiveCfg = Release|Any CPU
		{6A912701-3BA1-4975-ADBF-160CAF66B640}.AppStore|iPhoneSimulator.Build.0 = Release|Any CPU
		{6A912701-3BA1-4975-ADBF-160CAF66B640}.AppStore|Mixed Platforms.ActiveCfg = Release|Any CPU
		{6A912701-3BA1-4975-ADBF-160CAF66B640}.AppStore|Mixed Platforms.Build.0 = Release|Any CPU
		{6A912701-3BA1-4975-ADBF-160CAF66B640}.AppStore|x64.ActiveCfg = Release|Any CPU
		{6A912701-3BA1-4975-ADBF-160CAF66B640}.AppStore|x64.Build.0 = Release|Any CPU
		{6A912701-3BA1-4975-ADBF-160CAF66B640}.AppStore|x86.ActiveCfg = Release|Any CPU
		{6A912701-3BA1-4975-ADBF-160CAF66B640}.AppStore|x86.Build.0 = Release|Any CPU
		{6A912701-3BA1-4975-ADBF-160CAF66B640}.Debug|Any CPU.ActiveCfg = Debug|Any CPU
		{6A912701-3BA1-4975-ADBF-160CAF66B640}.Debug|Any CPU.Build.0 = Debug|Any CPU
		{6A912701-3BA1-4975-ADBF-160CAF66B640}.Debug|ARM.ActiveCfg = Debug|Any CPU
		{6A912701-3BA1-4975-ADBF-160CAF66B640}.Debug|iPhone.ActiveCfg = Debug|Any CPU
		{6A912701-3BA1-4975-ADBF-160CAF66B640}.Debug|iPhone.Build.0 = Debug|Any CPU
		{6A912701-3BA1-4975-ADBF-160CAF66B640}.Debug|iPhoneSimulator.ActiveCfg = Debug|Any CPU
		{6A912701-3BA1-4975-ADBF-160CAF66B640}.Debug|iPhoneSimulator.Build.0 = Debug|Any CPU
		{6A912701-3BA1-4975-ADBF-160CAF66B640}.Debug|Mixed Platforms.ActiveCfg = Debug|Any CPU
		{6A912701-3BA1-4975-ADBF-160CAF66B640}.Debug|Mixed Platforms.Build.0 = Debug|Any CPU
		{6A912701-3BA1-4975-ADBF-160CAF66B640}.Debug|x64.ActiveCfg = Debug|Any CPU
		{6A912701-3BA1-4975-ADBF-160CAF66B640}.Debug|x86.ActiveCfg = Debug|Any CPU
		{6A912701-3BA1-4975-ADBF-160CAF66B640}.Release|Any CPU.ActiveCfg = Release|Any CPU
		{6A912701-3BA1-4975-ADBF-160CAF66B640}.Release|Any CPU.Build.0 = Release|Any CPU
		{6A912701-3BA1-4975-ADBF-160CAF66B640}.Release|ARM.ActiveCfg = Release|Any CPU
		{6A912701-3BA1-4975-ADBF-160CAF66B640}.Release|iPhone.ActiveCfg = Release|Any CPU
		{6A912701-3BA1-4975-ADBF-160CAF66B640}.Release|iPhone.Build.0 = Release|Any CPU
		{6A912701-3BA1-4975-ADBF-160CAF66B640}.Release|iPhoneSimulator.ActiveCfg = Release|Any CPU
		{6A912701-3BA1-4975-ADBF-160CAF66B640}.Release|iPhoneSimulator.Build.0 = Release|Any CPU
		{6A912701-3BA1-4975-ADBF-160CAF66B640}.Release|Mixed Platforms.ActiveCfg = Release|Any CPU
		{6A912701-3BA1-4975-ADBF-160CAF66B640}.Release|Mixed Platforms.Build.0 = Release|Any CPU
		{6A912701-3BA1-4975-ADBF-160CAF66B640}.Release|x64.ActiveCfg = Release|Any CPU
		{6A912701-3BA1-4975-ADBF-160CAF66B640}.Release|x86.ActiveCfg = Release|Any CPU
		{8E1FCE57-FD06-44ED-B2BC-6D935329630E}.Ad-Hoc|Any CPU.ActiveCfg = Release|Any CPU
		{8E1FCE57-FD06-44ED-B2BC-6D935329630E}.Ad-Hoc|Any CPU.Build.0 = Release|Any CPU
		{8E1FCE57-FD06-44ED-B2BC-6D935329630E}.Ad-Hoc|ARM.ActiveCfg = Release|ARM
		{8E1FCE57-FD06-44ED-B2BC-6D935329630E}.Ad-Hoc|ARM.Build.0 = Release|ARM
		{8E1FCE57-FD06-44ED-B2BC-6D935329630E}.Ad-Hoc|iPhone.ActiveCfg = Release|Any CPU
		{8E1FCE57-FD06-44ED-B2BC-6D935329630E}.Ad-Hoc|iPhone.Build.0 = Release|Any CPU
		{8E1FCE57-FD06-44ED-B2BC-6D935329630E}.Ad-Hoc|iPhoneSimulator.ActiveCfg = Release|Any CPU
		{8E1FCE57-FD06-44ED-B2BC-6D935329630E}.Ad-Hoc|iPhoneSimulator.Build.0 = Release|Any CPU
		{8E1FCE57-FD06-44ED-B2BC-6D935329630E}.Ad-Hoc|Mixed Platforms.ActiveCfg = Release|x86
		{8E1FCE57-FD06-44ED-B2BC-6D935329630E}.Ad-Hoc|Mixed Platforms.Build.0 = Release|x86
		{8E1FCE57-FD06-44ED-B2BC-6D935329630E}.Ad-Hoc|x64.ActiveCfg = Release|x64
		{8E1FCE57-FD06-44ED-B2BC-6D935329630E}.Ad-Hoc|x64.Build.0 = Release|x64
		{8E1FCE57-FD06-44ED-B2BC-6D935329630E}.Ad-Hoc|x86.ActiveCfg = Release|x86
		{8E1FCE57-FD06-44ED-B2BC-6D935329630E}.Ad-Hoc|x86.Build.0 = Release|x86
		{8E1FCE57-FD06-44ED-B2BC-6D935329630E}.AppStore|Any CPU.ActiveCfg = Release|Any CPU
		{8E1FCE57-FD06-44ED-B2BC-6D935329630E}.AppStore|Any CPU.Build.0 = Release|Any CPU
		{8E1FCE57-FD06-44ED-B2BC-6D935329630E}.AppStore|ARM.ActiveCfg = Release|ARM
		{8E1FCE57-FD06-44ED-B2BC-6D935329630E}.AppStore|ARM.Build.0 = Release|ARM
		{8E1FCE57-FD06-44ED-B2BC-6D935329630E}.AppStore|iPhone.ActiveCfg = Release|Any CPU
		{8E1FCE57-FD06-44ED-B2BC-6D935329630E}.AppStore|iPhone.Build.0 = Release|Any CPU
		{8E1FCE57-FD06-44ED-B2BC-6D935329630E}.AppStore|iPhoneSimulator.ActiveCfg = Release|Any CPU
		{8E1FCE57-FD06-44ED-B2BC-6D935329630E}.AppStore|iPhoneSimulator.Build.0 = Release|Any CPU
		{8E1FCE57-FD06-44ED-B2BC-6D935329630E}.AppStore|Mixed Platforms.ActiveCfg = Release|x86
		{8E1FCE57-FD06-44ED-B2BC-6D935329630E}.AppStore|Mixed Platforms.Build.0 = Release|x86
		{8E1FCE57-FD06-44ED-B2BC-6D935329630E}.AppStore|x64.ActiveCfg = Release|x64
		{8E1FCE57-FD06-44ED-B2BC-6D935329630E}.AppStore|x64.Build.0 = Release|x64
		{8E1FCE57-FD06-44ED-B2BC-6D935329630E}.AppStore|x86.ActiveCfg = Release|x86
		{8E1FCE57-FD06-44ED-B2BC-6D935329630E}.AppStore|x86.Build.0 = Release|x86
		{8E1FCE57-FD06-44ED-B2BC-6D935329630E}.Debug|Any CPU.ActiveCfg = Debug|Any CPU
		{8E1FCE57-FD06-44ED-B2BC-6D935329630E}.Debug|Any CPU.Build.0 = Debug|Any CPU
		{8E1FCE57-FD06-44ED-B2BC-6D935329630E}.Debug|ARM.ActiveCfg = Debug|ARM
		{8E1FCE57-FD06-44ED-B2BC-6D935329630E}.Debug|ARM.Build.0 = Debug|ARM
		{8E1FCE57-FD06-44ED-B2BC-6D935329630E}.Debug|iPhone.ActiveCfg = Debug|Any CPU
		{8E1FCE57-FD06-44ED-B2BC-6D935329630E}.Debug|iPhone.Build.0 = Debug|Any CPU
		{8E1FCE57-FD06-44ED-B2BC-6D935329630E}.Debug|iPhoneSimulator.ActiveCfg = Debug|Any CPU
		{8E1FCE57-FD06-44ED-B2BC-6D935329630E}.Debug|iPhoneSimulator.Build.0 = Debug|Any CPU
		{8E1FCE57-FD06-44ED-B2BC-6D935329630E}.Debug|Mixed Platforms.ActiveCfg = Debug|x86
		{8E1FCE57-FD06-44ED-B2BC-6D935329630E}.Debug|Mixed Platforms.Build.0 = Debug|x86
		{8E1FCE57-FD06-44ED-B2BC-6D935329630E}.Debug|x64.ActiveCfg = Debug|x64
		{8E1FCE57-FD06-44ED-B2BC-6D935329630E}.Debug|x64.Build.0 = Debug|x64
		{8E1FCE57-FD06-44ED-B2BC-6D935329630E}.Debug|x86.ActiveCfg = Debug|x86
		{8E1FCE57-FD06-44ED-B2BC-6D935329630E}.Debug|x86.Build.0 = Debug|x86
		{8E1FCE57-FD06-44ED-B2BC-6D935329630E}.Release|Any CPU.ActiveCfg = Release|Any CPU
		{8E1FCE57-FD06-44ED-B2BC-6D935329630E}.Release|Any CPU.Build.0 = Release|Any CPU
		{8E1FCE57-FD06-44ED-B2BC-6D935329630E}.Release|ARM.ActiveCfg = Release|ARM
		{8E1FCE57-FD06-44ED-B2BC-6D935329630E}.Release|ARM.Build.0 = Release|ARM
		{8E1FCE57-FD06-44ED-B2BC-6D935329630E}.Release|iPhone.ActiveCfg = Release|Any CPU
		{8E1FCE57-FD06-44ED-B2BC-6D935329630E}.Release|iPhone.Build.0 = Release|Any CPU
		{8E1FCE57-FD06-44ED-B2BC-6D935329630E}.Release|iPhoneSimulator.ActiveCfg = Release|Any CPU
		{8E1FCE57-FD06-44ED-B2BC-6D935329630E}.Release|iPhoneSimulator.Build.0 = Release|Any CPU
		{8E1FCE57-FD06-44ED-B2BC-6D935329630E}.Release|Mixed Platforms.ActiveCfg = Release|Any CPU
		{8E1FCE57-FD06-44ED-B2BC-6D935329630E}.Release|Mixed Platforms.Build.0 = Release|Any CPU
		{8E1FCE57-FD06-44ED-B2BC-6D935329630E}.Release|x64.ActiveCfg = Release|x64
		{8E1FCE57-FD06-44ED-B2BC-6D935329630E}.Release|x64.Build.0 = Release|x64
		{8E1FCE57-FD06-44ED-B2BC-6D935329630E}.Release|x86.ActiveCfg = Release|x86
		{8E1FCE57-FD06-44ED-B2BC-6D935329630E}.Release|x86.Build.0 = Release|x86
		{588595A3-48D5-4A2C-930A-59C5123A07CD}.Ad-Hoc|Any CPU.ActiveCfg = Release|Any CPU
		{588595A3-48D5-4A2C-930A-59C5123A07CD}.Ad-Hoc|Any CPU.Build.0 = Release|Any CPU
		{588595A3-48D5-4A2C-930A-59C5123A07CD}.Ad-Hoc|ARM.ActiveCfg = Release|ARM
		{588595A3-48D5-4A2C-930A-59C5123A07CD}.Ad-Hoc|ARM.Build.0 = Release|ARM
		{588595A3-48D5-4A2C-930A-59C5123A07CD}.Ad-Hoc|iPhone.ActiveCfg = Release|Any CPU
		{588595A3-48D5-4A2C-930A-59C5123A07CD}.Ad-Hoc|iPhone.Build.0 = Release|Any CPU
		{588595A3-48D5-4A2C-930A-59C5123A07CD}.Ad-Hoc|iPhoneSimulator.ActiveCfg = Release|Any CPU
		{588595A3-48D5-4A2C-930A-59C5123A07CD}.Ad-Hoc|iPhoneSimulator.Build.0 = Release|Any CPU
		{588595A3-48D5-4A2C-930A-59C5123A07CD}.Ad-Hoc|Mixed Platforms.ActiveCfg = Release|x86
		{588595A3-48D5-4A2C-930A-59C5123A07CD}.Ad-Hoc|Mixed Platforms.Build.0 = Release|x86
		{588595A3-48D5-4A2C-930A-59C5123A07CD}.Ad-Hoc|x64.ActiveCfg = Release|Any CPU
		{588595A3-48D5-4A2C-930A-59C5123A07CD}.Ad-Hoc|x64.Build.0 = Release|Any CPU
		{588595A3-48D5-4A2C-930A-59C5123A07CD}.Ad-Hoc|x86.ActiveCfg = Release|x86
		{588595A3-48D5-4A2C-930A-59C5123A07CD}.Ad-Hoc|x86.Build.0 = Release|x86
		{588595A3-48D5-4A2C-930A-59C5123A07CD}.AppStore|Any CPU.ActiveCfg = Release|Any CPU
		{588595A3-48D5-4A2C-930A-59C5123A07CD}.AppStore|Any CPU.Build.0 = Release|Any CPU
		{588595A3-48D5-4A2C-930A-59C5123A07CD}.AppStore|ARM.ActiveCfg = Release|ARM
		{588595A3-48D5-4A2C-930A-59C5123A07CD}.AppStore|ARM.Build.0 = Release|ARM
		{588595A3-48D5-4A2C-930A-59C5123A07CD}.AppStore|iPhone.ActiveCfg = Release|Any CPU
		{588595A3-48D5-4A2C-930A-59C5123A07CD}.AppStore|iPhone.Build.0 = Release|Any CPU
		{588595A3-48D5-4A2C-930A-59C5123A07CD}.AppStore|iPhoneSimulator.ActiveCfg = Release|Any CPU
		{588595A3-48D5-4A2C-930A-59C5123A07CD}.AppStore|iPhoneSimulator.Build.0 = Release|Any CPU
		{588595A3-48D5-4A2C-930A-59C5123A07CD}.AppStore|Mixed Platforms.ActiveCfg = Release|x86
		{588595A3-48D5-4A2C-930A-59C5123A07CD}.AppStore|Mixed Platforms.Build.0 = Release|x86
		{588595A3-48D5-4A2C-930A-59C5123A07CD}.AppStore|x64.ActiveCfg = Release|Any CPU
		{588595A3-48D5-4A2C-930A-59C5123A07CD}.AppStore|x64.Build.0 = Release|Any CPU
		{588595A3-48D5-4A2C-930A-59C5123A07CD}.AppStore|x86.ActiveCfg = Release|x86
		{588595A3-48D5-4A2C-930A-59C5123A07CD}.AppStore|x86.Build.0 = Release|x86
		{588595A3-48D5-4A2C-930A-59C5123A07CD}.Debug|Any CPU.ActiveCfg = Debug|Any CPU
		{588595A3-48D5-4A2C-930A-59C5123A07CD}.Debug|Any CPU.Build.0 = Debug|Any CPU
		{588595A3-48D5-4A2C-930A-59C5123A07CD}.Debug|ARM.ActiveCfg = Debug|ARM
		{588595A3-48D5-4A2C-930A-59C5123A07CD}.Debug|ARM.Build.0 = Debug|ARM
		{588595A3-48D5-4A2C-930A-59C5123A07CD}.Debug|iPhone.ActiveCfg = Debug|Any CPU
		{588595A3-48D5-4A2C-930A-59C5123A07CD}.Debug|iPhone.Build.0 = Debug|Any CPU
		{588595A3-48D5-4A2C-930A-59C5123A07CD}.Debug|iPhoneSimulator.ActiveCfg = Debug|Any CPU
		{588595A3-48D5-4A2C-930A-59C5123A07CD}.Debug|iPhoneSimulator.Build.0 = Debug|Any CPU
		{588595A3-48D5-4A2C-930A-59C5123A07CD}.Debug|Mixed Platforms.ActiveCfg = Debug|x86
		{588595A3-48D5-4A2C-930A-59C5123A07CD}.Debug|Mixed Platforms.Build.0 = Debug|x86
		{588595A3-48D5-4A2C-930A-59C5123A07CD}.Debug|x64.ActiveCfg = Debug|Any CPU
		{588595A3-48D5-4A2C-930A-59C5123A07CD}.Debug|x86.ActiveCfg = Debug|x86
		{588595A3-48D5-4A2C-930A-59C5123A07CD}.Debug|x86.Build.0 = Debug|x86
		{588595A3-48D5-4A2C-930A-59C5123A07CD}.Release|Any CPU.ActiveCfg = Release|Any CPU
		{588595A3-48D5-4A2C-930A-59C5123A07CD}.Release|Any CPU.Build.0 = Release|Any CPU
		{588595A3-48D5-4A2C-930A-59C5123A07CD}.Release|ARM.ActiveCfg = Release|ARM
		{588595A3-48D5-4A2C-930A-59C5123A07CD}.Release|ARM.Build.0 = Release|ARM
		{588595A3-48D5-4A2C-930A-59C5123A07CD}.Release|iPhone.ActiveCfg = Release|Any CPU
		{588595A3-48D5-4A2C-930A-59C5123A07CD}.Release|iPhone.Build.0 = Release|Any CPU
		{588595A3-48D5-4A2C-930A-59C5123A07CD}.Release|iPhoneSimulator.ActiveCfg = Release|Any CPU
		{588595A3-48D5-4A2C-930A-59C5123A07CD}.Release|iPhoneSimulator.Build.0 = Release|Any CPU
		{588595A3-48D5-4A2C-930A-59C5123A07CD}.Release|Mixed Platforms.ActiveCfg = Release|Any CPU
		{588595A3-48D5-4A2C-930A-59C5123A07CD}.Release|Mixed Platforms.Build.0 = Release|Any CPU
		{588595A3-48D5-4A2C-930A-59C5123A07CD}.Release|x64.ActiveCfg = Release|Any CPU
		{588595A3-48D5-4A2C-930A-59C5123A07CD}.Release|x86.ActiveCfg = Release|x86
		{588595A3-48D5-4A2C-930A-59C5123A07CD}.Release|x86.Build.0 = Release|x86
		{29B2A5BA-2E0A-484A-866D-41CCE7144521}.Ad-Hoc|Any CPU.ActiveCfg = Release|ARM
		{29B2A5BA-2E0A-484A-866D-41CCE7144521}.Ad-Hoc|Any CPU.Build.0 = Release|ARM
		{29B2A5BA-2E0A-484A-866D-41CCE7144521}.Ad-Hoc|Any CPU.Deploy.0 = Release|ARM
		{29B2A5BA-2E0A-484A-866D-41CCE7144521}.Ad-Hoc|ARM.ActiveCfg = Release|ARM
		{29B2A5BA-2E0A-484A-866D-41CCE7144521}.Ad-Hoc|ARM.Build.0 = Release|ARM
		{29B2A5BA-2E0A-484A-866D-41CCE7144521}.Ad-Hoc|ARM.Deploy.0 = Release|ARM
		{29B2A5BA-2E0A-484A-866D-41CCE7144521}.Ad-Hoc|iPhone.ActiveCfg = Release|ARM
		{29B2A5BA-2E0A-484A-866D-41CCE7144521}.Ad-Hoc|iPhone.Build.0 = Release|ARM
		{29B2A5BA-2E0A-484A-866D-41CCE7144521}.Ad-Hoc|iPhone.Deploy.0 = Release|ARM
		{29B2A5BA-2E0A-484A-866D-41CCE7144521}.Ad-Hoc|iPhoneSimulator.ActiveCfg = Release|ARM
		{29B2A5BA-2E0A-484A-866D-41CCE7144521}.Ad-Hoc|iPhoneSimulator.Build.0 = Release|ARM
		{29B2A5BA-2E0A-484A-866D-41CCE7144521}.Ad-Hoc|iPhoneSimulator.Deploy.0 = Release|ARM
		{29B2A5BA-2E0A-484A-866D-41CCE7144521}.Ad-Hoc|Mixed Platforms.ActiveCfg = Release|x86
		{29B2A5BA-2E0A-484A-866D-41CCE7144521}.Ad-Hoc|Mixed Platforms.Build.0 = Release|x86
		{29B2A5BA-2E0A-484A-866D-41CCE7144521}.Ad-Hoc|Mixed Platforms.Deploy.0 = Release|x86
		{29B2A5BA-2E0A-484A-866D-41CCE7144521}.Ad-Hoc|x64.ActiveCfg = Release|ARM
		{29B2A5BA-2E0A-484A-866D-41CCE7144521}.Ad-Hoc|x64.Build.0 = Release|ARM
		{29B2A5BA-2E0A-484A-866D-41CCE7144521}.Ad-Hoc|x64.Deploy.0 = Release|ARM
		{29B2A5BA-2E0A-484A-866D-41CCE7144521}.Ad-Hoc|x86.ActiveCfg = Release|x86
		{29B2A5BA-2E0A-484A-866D-41CCE7144521}.Ad-Hoc|x86.Build.0 = Release|x86
		{29B2A5BA-2E0A-484A-866D-41CCE7144521}.Ad-Hoc|x86.Deploy.0 = Release|x86
		{29B2A5BA-2E0A-484A-866D-41CCE7144521}.AppStore|Any CPU.ActiveCfg = Release|ARM
		{29B2A5BA-2E0A-484A-866D-41CCE7144521}.AppStore|Any CPU.Build.0 = Release|ARM
		{29B2A5BA-2E0A-484A-866D-41CCE7144521}.AppStore|Any CPU.Deploy.0 = Release|ARM
		{29B2A5BA-2E0A-484A-866D-41CCE7144521}.AppStore|ARM.ActiveCfg = Release|ARM
		{29B2A5BA-2E0A-484A-866D-41CCE7144521}.AppStore|ARM.Build.0 = Release|ARM
		{29B2A5BA-2E0A-484A-866D-41CCE7144521}.AppStore|ARM.Deploy.0 = Release|ARM
		{29B2A5BA-2E0A-484A-866D-41CCE7144521}.AppStore|iPhone.ActiveCfg = Release|ARM
		{29B2A5BA-2E0A-484A-866D-41CCE7144521}.AppStore|iPhone.Build.0 = Release|ARM
		{29B2A5BA-2E0A-484A-866D-41CCE7144521}.AppStore|iPhone.Deploy.0 = Release|ARM
		{29B2A5BA-2E0A-484A-866D-41CCE7144521}.AppStore|iPhoneSimulator.ActiveCfg = Release|ARM
		{29B2A5BA-2E0A-484A-866D-41CCE7144521}.AppStore|iPhoneSimulator.Build.0 = Release|ARM
		{29B2A5BA-2E0A-484A-866D-41CCE7144521}.AppStore|iPhoneSimulator.Deploy.0 = Release|ARM
		{29B2A5BA-2E0A-484A-866D-41CCE7144521}.AppStore|Mixed Platforms.ActiveCfg = Release|x86
		{29B2A5BA-2E0A-484A-866D-41CCE7144521}.AppStore|Mixed Platforms.Build.0 = Release|x86
		{29B2A5BA-2E0A-484A-866D-41CCE7144521}.AppStore|Mixed Platforms.Deploy.0 = Release|x86
		{29B2A5BA-2E0A-484A-866D-41CCE7144521}.AppStore|x64.ActiveCfg = Release|ARM
		{29B2A5BA-2E0A-484A-866D-41CCE7144521}.AppStore|x64.Build.0 = Release|ARM
		{29B2A5BA-2E0A-484A-866D-41CCE7144521}.AppStore|x64.Deploy.0 = Release|ARM
		{29B2A5BA-2E0A-484A-866D-41CCE7144521}.AppStore|x86.ActiveCfg = Release|x86
		{29B2A5BA-2E0A-484A-866D-41CCE7144521}.AppStore|x86.Build.0 = Release|x86
		{29B2A5BA-2E0A-484A-866D-41CCE7144521}.AppStore|x86.Deploy.0 = Release|x86
		{29B2A5BA-2E0A-484A-866D-41CCE7144521}.Debug|Any CPU.ActiveCfg = Debug|x86
		{29B2A5BA-2E0A-484A-866D-41CCE7144521}.Debug|ARM.ActiveCfg = Debug|ARM
		{29B2A5BA-2E0A-484A-866D-41CCE7144521}.Debug|ARM.Build.0 = Debug|ARM
		{29B2A5BA-2E0A-484A-866D-41CCE7144521}.Debug|ARM.Deploy.0 = Debug|ARM
		{29B2A5BA-2E0A-484A-866D-41CCE7144521}.Debug|iPhone.ActiveCfg = Debug|x86
		{29B2A5BA-2E0A-484A-866D-41CCE7144521}.Debug|iPhoneSimulator.ActiveCfg = Debug|x86
		{29B2A5BA-2E0A-484A-866D-41CCE7144521}.Debug|Mixed Platforms.ActiveCfg = Debug|x86
		{29B2A5BA-2E0A-484A-866D-41CCE7144521}.Debug|Mixed Platforms.Build.0 = Debug|x86
		{29B2A5BA-2E0A-484A-866D-41CCE7144521}.Debug|Mixed Platforms.Deploy.0 = Debug|x86
		{29B2A5BA-2E0A-484A-866D-41CCE7144521}.Debug|x64.ActiveCfg = Debug|x86
		{29B2A5BA-2E0A-484A-866D-41CCE7144521}.Debug|x86.ActiveCfg = Debug|x86
		{29B2A5BA-2E0A-484A-866D-41CCE7144521}.Debug|x86.Build.0 = Debug|x86
		{29B2A5BA-2E0A-484A-866D-41CCE7144521}.Debug|x86.Deploy.0 = Debug|x86
		{29B2A5BA-2E0A-484A-866D-41CCE7144521}.Release|Any CPU.ActiveCfg = Release|x86
		{29B2A5BA-2E0A-484A-866D-41CCE7144521}.Release|ARM.ActiveCfg = Release|ARM
		{29B2A5BA-2E0A-484A-866D-41CCE7144521}.Release|ARM.Build.0 = Release|ARM
		{29B2A5BA-2E0A-484A-866D-41CCE7144521}.Release|ARM.Deploy.0 = Release|ARM
		{29B2A5BA-2E0A-484A-866D-41CCE7144521}.Release|iPhone.ActiveCfg = Release|x86
		{29B2A5BA-2E0A-484A-866D-41CCE7144521}.Release|iPhoneSimulator.ActiveCfg = Release|x86
		{29B2A5BA-2E0A-484A-866D-41CCE7144521}.Release|Mixed Platforms.ActiveCfg = Release|x86
		{29B2A5BA-2E0A-484A-866D-41CCE7144521}.Release|Mixed Platforms.Build.0 = Release|x86
		{29B2A5BA-2E0A-484A-866D-41CCE7144521}.Release|Mixed Platforms.Deploy.0 = Release|x86
		{29B2A5BA-2E0A-484A-866D-41CCE7144521}.Release|x64.ActiveCfg = Release|x86
		{29B2A5BA-2E0A-484A-866D-41CCE7144521}.Release|x86.ActiveCfg = Release|x86
		{29B2A5BA-2E0A-484A-866D-41CCE7144521}.Release|x86.Build.0 = Release|x86
		{29B2A5BA-2E0A-484A-866D-41CCE7144521}.Release|x86.Deploy.0 = Release|x86
		{B59BBF25-4D29-4B1F-AB02-588AC4032E9E}.Ad-Hoc|Any CPU.ActiveCfg = Release|ARM
		{B59BBF25-4D29-4B1F-AB02-588AC4032E9E}.Ad-Hoc|Any CPU.Build.0 = Release|ARM
		{B59BBF25-4D29-4B1F-AB02-588AC4032E9E}.Ad-Hoc|Any CPU.Deploy.0 = Release|ARM
		{B59BBF25-4D29-4B1F-AB02-588AC4032E9E}.Ad-Hoc|ARM.ActiveCfg = Release|ARM
		{B59BBF25-4D29-4B1F-AB02-588AC4032E9E}.Ad-Hoc|ARM.Build.0 = Release|ARM
		{B59BBF25-4D29-4B1F-AB02-588AC4032E9E}.Ad-Hoc|ARM.Deploy.0 = Release|ARM
		{B59BBF25-4D29-4B1F-AB02-588AC4032E9E}.Ad-Hoc|iPhone.ActiveCfg = Release|ARM
		{B59BBF25-4D29-4B1F-AB02-588AC4032E9E}.Ad-Hoc|iPhone.Build.0 = Release|ARM
		{B59BBF25-4D29-4B1F-AB02-588AC4032E9E}.Ad-Hoc|iPhone.Deploy.0 = Release|ARM
		{B59BBF25-4D29-4B1F-AB02-588AC4032E9E}.Ad-Hoc|iPhoneSimulator.ActiveCfg = Release|ARM
		{B59BBF25-4D29-4B1F-AB02-588AC4032E9E}.Ad-Hoc|iPhoneSimulator.Build.0 = Release|ARM
		{B59BBF25-4D29-4B1F-AB02-588AC4032E9E}.Ad-Hoc|iPhoneSimulator.Deploy.0 = Release|ARM
		{B59BBF25-4D29-4B1F-AB02-588AC4032E9E}.Ad-Hoc|Mixed Platforms.ActiveCfg = Release|x86
		{B59BBF25-4D29-4B1F-AB02-588AC4032E9E}.Ad-Hoc|Mixed Platforms.Build.0 = Release|x86
		{B59BBF25-4D29-4B1F-AB02-588AC4032E9E}.Ad-Hoc|Mixed Platforms.Deploy.0 = Release|x86
		{B59BBF25-4D29-4B1F-AB02-588AC4032E9E}.Ad-Hoc|x64.ActiveCfg = Release|ARM
		{B59BBF25-4D29-4B1F-AB02-588AC4032E9E}.Ad-Hoc|x64.Build.0 = Release|ARM
		{B59BBF25-4D29-4B1F-AB02-588AC4032E9E}.Ad-Hoc|x64.Deploy.0 = Release|ARM
		{B59BBF25-4D29-4B1F-AB02-588AC4032E9E}.Ad-Hoc|x86.ActiveCfg = Release|x86
		{B59BBF25-4D29-4B1F-AB02-588AC4032E9E}.Ad-Hoc|x86.Build.0 = Release|x86
		{B59BBF25-4D29-4B1F-AB02-588AC4032E9E}.Ad-Hoc|x86.Deploy.0 = Release|x86
		{B59BBF25-4D29-4B1F-AB02-588AC4032E9E}.AppStore|Any CPU.ActiveCfg = Release|ARM
		{B59BBF25-4D29-4B1F-AB02-588AC4032E9E}.AppStore|Any CPU.Build.0 = Release|ARM
		{B59BBF25-4D29-4B1F-AB02-588AC4032E9E}.AppStore|Any CPU.Deploy.0 = Release|ARM
		{B59BBF25-4D29-4B1F-AB02-588AC4032E9E}.AppStore|ARM.ActiveCfg = Release|ARM
		{B59BBF25-4D29-4B1F-AB02-588AC4032E9E}.AppStore|ARM.Build.0 = Release|ARM
		{B59BBF25-4D29-4B1F-AB02-588AC4032E9E}.AppStore|ARM.Deploy.0 = Release|ARM
		{B59BBF25-4D29-4B1F-AB02-588AC4032E9E}.AppStore|iPhone.ActiveCfg = Release|ARM
		{B59BBF25-4D29-4B1F-AB02-588AC4032E9E}.AppStore|iPhone.Build.0 = Release|ARM
		{B59BBF25-4D29-4B1F-AB02-588AC4032E9E}.AppStore|iPhone.Deploy.0 = Release|ARM
		{B59BBF25-4D29-4B1F-AB02-588AC4032E9E}.AppStore|iPhoneSimulator.ActiveCfg = Release|ARM
		{B59BBF25-4D29-4B1F-AB02-588AC4032E9E}.AppStore|iPhoneSimulator.Build.0 = Release|ARM
		{B59BBF25-4D29-4B1F-AB02-588AC4032E9E}.AppStore|iPhoneSimulator.Deploy.0 = Release|ARM
		{B59BBF25-4D29-4B1F-AB02-588AC4032E9E}.AppStore|Mixed Platforms.ActiveCfg = Release|x86
		{B59BBF25-4D29-4B1F-AB02-588AC4032E9E}.AppStore|Mixed Platforms.Build.0 = Release|x86
		{B59BBF25-4D29-4B1F-AB02-588AC4032E9E}.AppStore|Mixed Platforms.Deploy.0 = Release|x86
		{B59BBF25-4D29-4B1F-AB02-588AC4032E9E}.AppStore|x64.ActiveCfg = Release|ARM
		{B59BBF25-4D29-4B1F-AB02-588AC4032E9E}.AppStore|x64.Build.0 = Release|ARM
		{B59BBF25-4D29-4B1F-AB02-588AC4032E9E}.AppStore|x64.Deploy.0 = Release|ARM
		{B59BBF25-4D29-4B1F-AB02-588AC4032E9E}.AppStore|x86.ActiveCfg = Release|x86
		{B59BBF25-4D29-4B1F-AB02-588AC4032E9E}.AppStore|x86.Build.0 = Release|x86
		{B59BBF25-4D29-4B1F-AB02-588AC4032E9E}.AppStore|x86.Deploy.0 = Release|x86
		{B59BBF25-4D29-4B1F-AB02-588AC4032E9E}.Debug|Any CPU.ActiveCfg = Debug|x86
		{B59BBF25-4D29-4B1F-AB02-588AC4032E9E}.Debug|ARM.ActiveCfg = Debug|ARM
		{B59BBF25-4D29-4B1F-AB02-588AC4032E9E}.Debug|ARM.Build.0 = Debug|ARM
		{B59BBF25-4D29-4B1F-AB02-588AC4032E9E}.Debug|ARM.Deploy.0 = Debug|ARM
		{B59BBF25-4D29-4B1F-AB02-588AC4032E9E}.Debug|iPhone.ActiveCfg = Debug|x86
		{B59BBF25-4D29-4B1F-AB02-588AC4032E9E}.Debug|iPhoneSimulator.ActiveCfg = Debug|x86
		{B59BBF25-4D29-4B1F-AB02-588AC4032E9E}.Debug|Mixed Platforms.ActiveCfg = Debug|x86
		{B59BBF25-4D29-4B1F-AB02-588AC4032E9E}.Debug|Mixed Platforms.Build.0 = Debug|x86
		{B59BBF25-4D29-4B1F-AB02-588AC4032E9E}.Debug|Mixed Platforms.Deploy.0 = Debug|x86
		{B59BBF25-4D29-4B1F-AB02-588AC4032E9E}.Debug|x64.ActiveCfg = Debug|x86
		{B59BBF25-4D29-4B1F-AB02-588AC4032E9E}.Debug|x86.ActiveCfg = Debug|x86
		{B59BBF25-4D29-4B1F-AB02-588AC4032E9E}.Debug|x86.Build.0 = Debug|x86
		{B59BBF25-4D29-4B1F-AB02-588AC4032E9E}.Debug|x86.Deploy.0 = Debug|x86
		{B59BBF25-4D29-4B1F-AB02-588AC4032E9E}.Release|Any CPU.ActiveCfg = Release|x86
		{B59BBF25-4D29-4B1F-AB02-588AC4032E9E}.Release|ARM.ActiveCfg = Release|ARM
		{B59BBF25-4D29-4B1F-AB02-588AC4032E9E}.Release|ARM.Build.0 = Release|ARM
		{B59BBF25-4D29-4B1F-AB02-588AC4032E9E}.Release|ARM.Deploy.0 = Release|ARM
		{B59BBF25-4D29-4B1F-AB02-588AC4032E9E}.Release|iPhone.ActiveCfg = Release|x86
		{B59BBF25-4D29-4B1F-AB02-588AC4032E9E}.Release|iPhoneSimulator.ActiveCfg = Release|x86
		{B59BBF25-4D29-4B1F-AB02-588AC4032E9E}.Release|Mixed Platforms.ActiveCfg = Release|x86
		{B59BBF25-4D29-4B1F-AB02-588AC4032E9E}.Release|Mixed Platforms.Build.0 = Release|x86
		{B59BBF25-4D29-4B1F-AB02-588AC4032E9E}.Release|Mixed Platforms.Deploy.0 = Release|x86
		{B59BBF25-4D29-4B1F-AB02-588AC4032E9E}.Release|x64.ActiveCfg = Release|x86
		{B59BBF25-4D29-4B1F-AB02-588AC4032E9E}.Release|x86.ActiveCfg = Release|x86
		{B59BBF25-4D29-4B1F-AB02-588AC4032E9E}.Release|x86.Build.0 = Release|x86
		{B59BBF25-4D29-4B1F-AB02-588AC4032E9E}.Release|x86.Deploy.0 = Release|x86
		{0A0F720A-2A59-4276-93BC-B4BBEC2D187F}.Ad-Hoc|Any CPU.ActiveCfg = Release|Any CPU
		{0A0F720A-2A59-4276-93BC-B4BBEC2D187F}.Ad-Hoc|Any CPU.Build.0 = Release|Any CPU
		{0A0F720A-2A59-4276-93BC-B4BBEC2D187F}.Ad-Hoc|ARM.ActiveCfg = Release|ARM
		{0A0F720A-2A59-4276-93BC-B4BBEC2D187F}.Ad-Hoc|ARM.Build.0 = Release|ARM
		{0A0F720A-2A59-4276-93BC-B4BBEC2D187F}.Ad-Hoc|iPhone.ActiveCfg = Release|Any CPU
		{0A0F720A-2A59-4276-93BC-B4BBEC2D187F}.Ad-Hoc|iPhone.Build.0 = Release|Any CPU
		{0A0F720A-2A59-4276-93BC-B4BBEC2D187F}.Ad-Hoc|iPhoneSimulator.ActiveCfg = Release|Any CPU
		{0A0F720A-2A59-4276-93BC-B4BBEC2D187F}.Ad-Hoc|iPhoneSimulator.Build.0 = Release|Any CPU
		{0A0F720A-2A59-4276-93BC-B4BBEC2D187F}.Ad-Hoc|Mixed Platforms.ActiveCfg = Release|x86
		{0A0F720A-2A59-4276-93BC-B4BBEC2D187F}.Ad-Hoc|Mixed Platforms.Build.0 = Release|x86
		{0A0F720A-2A59-4276-93BC-B4BBEC2D187F}.Ad-Hoc|x64.ActiveCfg = Release|Any CPU
		{0A0F720A-2A59-4276-93BC-B4BBEC2D187F}.Ad-Hoc|x64.Build.0 = Release|Any CPU
		{0A0F720A-2A59-4276-93BC-B4BBEC2D187F}.Ad-Hoc|x86.ActiveCfg = Release|x86
		{0A0F720A-2A59-4276-93BC-B4BBEC2D187F}.Ad-Hoc|x86.Build.0 = Release|x86
		{0A0F720A-2A59-4276-93BC-B4BBEC2D187F}.AppStore|Any CPU.ActiveCfg = Release|Any CPU
		{0A0F720A-2A59-4276-93BC-B4BBEC2D187F}.AppStore|Any CPU.Build.0 = Release|Any CPU
		{0A0F720A-2A59-4276-93BC-B4BBEC2D187F}.AppStore|ARM.ActiveCfg = Release|ARM
		{0A0F720A-2A59-4276-93BC-B4BBEC2D187F}.AppStore|ARM.Build.0 = Release|ARM
		{0A0F720A-2A59-4276-93BC-B4BBEC2D187F}.AppStore|iPhone.ActiveCfg = Release|Any CPU
		{0A0F720A-2A59-4276-93BC-B4BBEC2D187F}.AppStore|iPhone.Build.0 = Release|Any CPU
		{0A0F720A-2A59-4276-93BC-B4BBEC2D187F}.AppStore|iPhoneSimulator.ActiveCfg = Release|Any CPU
		{0A0F720A-2A59-4276-93BC-B4BBEC2D187F}.AppStore|iPhoneSimulator.Build.0 = Release|Any CPU
		{0A0F720A-2A59-4276-93BC-B4BBEC2D187F}.AppStore|Mixed Platforms.ActiveCfg = Release|x86
		{0A0F720A-2A59-4276-93BC-B4BBEC2D187F}.AppStore|Mixed Platforms.Build.0 = Release|x86
		{0A0F720A-2A59-4276-93BC-B4BBEC2D187F}.AppStore|x64.ActiveCfg = Release|Any CPU
		{0A0F720A-2A59-4276-93BC-B4BBEC2D187F}.AppStore|x64.Build.0 = Release|Any CPU
		{0A0F720A-2A59-4276-93BC-B4BBEC2D187F}.AppStore|x86.ActiveCfg = Release|x86
		{0A0F720A-2A59-4276-93BC-B4BBEC2D187F}.AppStore|x86.Build.0 = Release|x86
		{0A0F720A-2A59-4276-93BC-B4BBEC2D187F}.Debug|Any CPU.ActiveCfg = Debug|Any CPU
		{0A0F720A-2A59-4276-93BC-B4BBEC2D187F}.Debug|Any CPU.Build.0 = Debug|Any CPU
		{0A0F720A-2A59-4276-93BC-B4BBEC2D187F}.Debug|ARM.ActiveCfg = Debug|ARM
		{0A0F720A-2A59-4276-93BC-B4BBEC2D187F}.Debug|ARM.Build.0 = Debug|ARM
		{0A0F720A-2A59-4276-93BC-B4BBEC2D187F}.Debug|iPhone.ActiveCfg = Debug|Any CPU
		{0A0F720A-2A59-4276-93BC-B4BBEC2D187F}.Debug|iPhone.Build.0 = Debug|Any CPU
		{0A0F720A-2A59-4276-93BC-B4BBEC2D187F}.Debug|iPhoneSimulator.ActiveCfg = Debug|Any CPU
		{0A0F720A-2A59-4276-93BC-B4BBEC2D187F}.Debug|iPhoneSimulator.Build.0 = Debug|Any CPU
		{0A0F720A-2A59-4276-93BC-B4BBEC2D187F}.Debug|Mixed Platforms.ActiveCfg = Debug|x86
		{0A0F720A-2A59-4276-93BC-B4BBEC2D187F}.Debug|Mixed Platforms.Build.0 = Debug|x86
		{0A0F720A-2A59-4276-93BC-B4BBEC2D187F}.Debug|x64.ActiveCfg = Debug|Any CPU
		{0A0F720A-2A59-4276-93BC-B4BBEC2D187F}.Debug|x86.ActiveCfg = Debug|x86
		{0A0F720A-2A59-4276-93BC-B4BBEC2D187F}.Debug|x86.Build.0 = Debug|x86
		{0A0F720A-2A59-4276-93BC-B4BBEC2D187F}.Release|Any CPU.ActiveCfg = Release|Any CPU
		{0A0F720A-2A59-4276-93BC-B4BBEC2D187F}.Release|Any CPU.Build.0 = Release|Any CPU
		{0A0F720A-2A59-4276-93BC-B4BBEC2D187F}.Release|ARM.ActiveCfg = Release|ARM
		{0A0F720A-2A59-4276-93BC-B4BBEC2D187F}.Release|ARM.Build.0 = Release|ARM
		{0A0F720A-2A59-4276-93BC-B4BBEC2D187F}.Release|iPhone.ActiveCfg = Release|Any CPU
		{0A0F720A-2A59-4276-93BC-B4BBEC2D187F}.Release|iPhone.Build.0 = Release|Any CPU
		{0A0F720A-2A59-4276-93BC-B4BBEC2D187F}.Release|iPhoneSimulator.ActiveCfg = Release|Any CPU
		{0A0F720A-2A59-4276-93BC-B4BBEC2D187F}.Release|iPhoneSimulator.Build.0 = Release|Any CPU
		{0A0F720A-2A59-4276-93BC-B4BBEC2D187F}.Release|Mixed Platforms.ActiveCfg = Release|Any CPU
		{0A0F720A-2A59-4276-93BC-B4BBEC2D187F}.Release|Mixed Platforms.Build.0 = Release|Any CPU
		{0A0F720A-2A59-4276-93BC-B4BBEC2D187F}.Release|x64.ActiveCfg = Release|Any CPU
		{0A0F720A-2A59-4276-93BC-B4BBEC2D187F}.Release|x86.ActiveCfg = Release|x86
		{0A0F720A-2A59-4276-93BC-B4BBEC2D187F}.Release|x86.Build.0 = Release|x86
		{DB6CF16F-315E-4BBD-8348-369905645838}.Ad-Hoc|Any CPU.ActiveCfg = Release|Any CPU
		{DB6CF16F-315E-4BBD-8348-369905645838}.Ad-Hoc|Any CPU.Build.0 = Release|Any CPU
		{DB6CF16F-315E-4BBD-8348-369905645838}.Ad-Hoc|Any CPU.Deploy.0 = Release|Any CPU
		{DB6CF16F-315E-4BBD-8348-369905645838}.Ad-Hoc|ARM.ActiveCfg = Release|ARM
		{DB6CF16F-315E-4BBD-8348-369905645838}.Ad-Hoc|ARM.Build.0 = Release|ARM
		{DB6CF16F-315E-4BBD-8348-369905645838}.Ad-Hoc|ARM.Deploy.0 = Release|ARM
		{DB6CF16F-315E-4BBD-8348-369905645838}.Ad-Hoc|iPhone.ActiveCfg = Release|Any CPU
		{DB6CF16F-315E-4BBD-8348-369905645838}.Ad-Hoc|iPhone.Build.0 = Release|Any CPU
		{DB6CF16F-315E-4BBD-8348-369905645838}.Ad-Hoc|iPhone.Deploy.0 = Release|Any CPU
		{DB6CF16F-315E-4BBD-8348-369905645838}.Ad-Hoc|iPhoneSimulator.ActiveCfg = Release|Any CPU
		{DB6CF16F-315E-4BBD-8348-369905645838}.Ad-Hoc|iPhoneSimulator.Build.0 = Release|Any CPU
		{DB6CF16F-315E-4BBD-8348-369905645838}.Ad-Hoc|iPhoneSimulator.Deploy.0 = Release|Any CPU
		{DB6CF16F-315E-4BBD-8348-369905645838}.Ad-Hoc|Mixed Platforms.ActiveCfg = Release|x86
		{DB6CF16F-315E-4BBD-8348-369905645838}.Ad-Hoc|Mixed Platforms.Build.0 = Release|x86
		{DB6CF16F-315E-4BBD-8348-369905645838}.Ad-Hoc|Mixed Platforms.Deploy.0 = Release|x86
		{DB6CF16F-315E-4BBD-8348-369905645838}.Ad-Hoc|x64.ActiveCfg = Release|x64
		{DB6CF16F-315E-4BBD-8348-369905645838}.Ad-Hoc|x64.Build.0 = Release|x64
		{DB6CF16F-315E-4BBD-8348-369905645838}.Ad-Hoc|x64.Deploy.0 = Release|x64
		{DB6CF16F-315E-4BBD-8348-369905645838}.Ad-Hoc|x86.ActiveCfg = Release|x86
		{DB6CF16F-315E-4BBD-8348-369905645838}.Ad-Hoc|x86.Build.0 = Release|x86
		{DB6CF16F-315E-4BBD-8348-369905645838}.Ad-Hoc|x86.Deploy.0 = Release|x86
		{DB6CF16F-315E-4BBD-8348-369905645838}.AppStore|Any CPU.ActiveCfg = Release|Any CPU
		{DB6CF16F-315E-4BBD-8348-369905645838}.AppStore|Any CPU.Build.0 = Release|Any CPU
		{DB6CF16F-315E-4BBD-8348-369905645838}.AppStore|Any CPU.Deploy.0 = Release|Any CPU
		{DB6CF16F-315E-4BBD-8348-369905645838}.AppStore|ARM.ActiveCfg = Release|ARM
		{DB6CF16F-315E-4BBD-8348-369905645838}.AppStore|ARM.Build.0 = Release|ARM
		{DB6CF16F-315E-4BBD-8348-369905645838}.AppStore|ARM.Deploy.0 = Release|ARM
		{DB6CF16F-315E-4BBD-8348-369905645838}.AppStore|iPhone.ActiveCfg = Release|Any CPU
		{DB6CF16F-315E-4BBD-8348-369905645838}.AppStore|iPhone.Build.0 = Release|Any CPU
		{DB6CF16F-315E-4BBD-8348-369905645838}.AppStore|iPhone.Deploy.0 = Release|Any CPU
		{DB6CF16F-315E-4BBD-8348-369905645838}.AppStore|iPhoneSimulator.ActiveCfg = Release|Any CPU
		{DB6CF16F-315E-4BBD-8348-369905645838}.AppStore|iPhoneSimulator.Build.0 = Release|Any CPU
		{DB6CF16F-315E-4BBD-8348-369905645838}.AppStore|iPhoneSimulator.Deploy.0 = Release|Any CPU
		{DB6CF16F-315E-4BBD-8348-369905645838}.AppStore|Mixed Platforms.ActiveCfg = Release|x86
		{DB6CF16F-315E-4BBD-8348-369905645838}.AppStore|Mixed Platforms.Build.0 = Release|x86
		{DB6CF16F-315E-4BBD-8348-369905645838}.AppStore|Mixed Platforms.Deploy.0 = Release|x86
		{DB6CF16F-315E-4BBD-8348-369905645838}.AppStore|x64.ActiveCfg = Release|x64
		{DB6CF16F-315E-4BBD-8348-369905645838}.AppStore|x64.Build.0 = Release|x64
		{DB6CF16F-315E-4BBD-8348-369905645838}.AppStore|x64.Deploy.0 = Release|x64
		{DB6CF16F-315E-4BBD-8348-369905645838}.AppStore|x86.ActiveCfg = Release|x86
		{DB6CF16F-315E-4BBD-8348-369905645838}.AppStore|x86.Build.0 = Release|x86
		{DB6CF16F-315E-4BBD-8348-369905645838}.AppStore|x86.Deploy.0 = Release|x86
		{DB6CF16F-315E-4BBD-8348-369905645838}.Debug|Any CPU.ActiveCfg = Debug|Any CPU
		{DB6CF16F-315E-4BBD-8348-369905645838}.Debug|Any CPU.Build.0 = Debug|Any CPU
		{DB6CF16F-315E-4BBD-8348-369905645838}.Debug|Any CPU.Deploy.0 = Debug|Any CPU
		{DB6CF16F-315E-4BBD-8348-369905645838}.Debug|ARM.ActiveCfg = Debug|ARM
		{DB6CF16F-315E-4BBD-8348-369905645838}.Debug|ARM.Build.0 = Debug|ARM
		{DB6CF16F-315E-4BBD-8348-369905645838}.Debug|ARM.Deploy.0 = Debug|ARM
		{DB6CF16F-315E-4BBD-8348-369905645838}.Debug|iPhone.ActiveCfg = Debug|Any CPU
		{DB6CF16F-315E-4BBD-8348-369905645838}.Debug|iPhone.Build.0 = Debug|Any CPU
		{DB6CF16F-315E-4BBD-8348-369905645838}.Debug|iPhone.Deploy.0 = Debug|Any CPU
		{DB6CF16F-315E-4BBD-8348-369905645838}.Debug|iPhoneSimulator.ActiveCfg = Debug|Any CPU
		{DB6CF16F-315E-4BBD-8348-369905645838}.Debug|iPhoneSimulator.Build.0 = Debug|Any CPU
		{DB6CF16F-315E-4BBD-8348-369905645838}.Debug|iPhoneSimulator.Deploy.0 = Debug|Any CPU
		{DB6CF16F-315E-4BBD-8348-369905645838}.Debug|Mixed Platforms.ActiveCfg = Debug|x86
		{DB6CF16F-315E-4BBD-8348-369905645838}.Debug|Mixed Platforms.Build.0 = Debug|x86
		{DB6CF16F-315E-4BBD-8348-369905645838}.Debug|Mixed Platforms.Deploy.0 = Debug|x86
		{DB6CF16F-315E-4BBD-8348-369905645838}.Debug|x64.ActiveCfg = Debug|x64
		{DB6CF16F-315E-4BBD-8348-369905645838}.Debug|x64.Build.0 = Debug|x64
		{DB6CF16F-315E-4BBD-8348-369905645838}.Debug|x64.Deploy.0 = Debug|x64
		{DB6CF16F-315E-4BBD-8348-369905645838}.Debug|x86.ActiveCfg = Debug|x86
		{DB6CF16F-315E-4BBD-8348-369905645838}.Debug|x86.Build.0 = Debug|x86
		{DB6CF16F-315E-4BBD-8348-369905645838}.Debug|x86.Deploy.0 = Debug|x86
		{DB6CF16F-315E-4BBD-8348-369905645838}.Release|Any CPU.ActiveCfg = Release|Any CPU
		{DB6CF16F-315E-4BBD-8348-369905645838}.Release|Any CPU.Build.0 = Release|Any CPU
		{DB6CF16F-315E-4BBD-8348-369905645838}.Release|Any CPU.Deploy.0 = Release|Any CPU
		{DB6CF16F-315E-4BBD-8348-369905645838}.Release|ARM.ActiveCfg = Release|ARM
		{DB6CF16F-315E-4BBD-8348-369905645838}.Release|ARM.Build.0 = Release|ARM
		{DB6CF16F-315E-4BBD-8348-369905645838}.Release|ARM.Deploy.0 = Release|ARM
		{DB6CF16F-315E-4BBD-8348-369905645838}.Release|iPhone.ActiveCfg = Release|Any CPU
		{DB6CF16F-315E-4BBD-8348-369905645838}.Release|iPhone.Build.0 = Release|Any CPU
		{DB6CF16F-315E-4BBD-8348-369905645838}.Release|iPhone.Deploy.0 = Release|Any CPU
		{DB6CF16F-315E-4BBD-8348-369905645838}.Release|iPhoneSimulator.ActiveCfg = Release|Any CPU
		{DB6CF16F-315E-4BBD-8348-369905645838}.Release|iPhoneSimulator.Build.0 = Release|Any CPU
		{DB6CF16F-315E-4BBD-8348-369905645838}.Release|iPhoneSimulator.Deploy.0 = Release|Any CPU
		{DB6CF16F-315E-4BBD-8348-369905645838}.Release|Mixed Platforms.ActiveCfg = Release|x86
		{DB6CF16F-315E-4BBD-8348-369905645838}.Release|Mixed Platforms.Build.0 = Release|x86
		{DB6CF16F-315E-4BBD-8348-369905645838}.Release|Mixed Platforms.Deploy.0 = Release|x86
		{DB6CF16F-315E-4BBD-8348-369905645838}.Release|x64.ActiveCfg = Release|x64
		{DB6CF16F-315E-4BBD-8348-369905645838}.Release|x64.Build.0 = Release|x64
		{DB6CF16F-315E-4BBD-8348-369905645838}.Release|x64.Deploy.0 = Release|x64
		{DB6CF16F-315E-4BBD-8348-369905645838}.Release|x86.ActiveCfg = Release|x86
		{DB6CF16F-315E-4BBD-8348-369905645838}.Release|x86.Build.0 = Release|x86
		{DB6CF16F-315E-4BBD-8348-369905645838}.Release|x86.Deploy.0 = Release|x86
		{5E668BEC-ADF7-4F85-AC28-685863160494}.Ad-Hoc|Any CPU.ActiveCfg = Release|Any CPU
		{5E668BEC-ADF7-4F85-AC28-685863160494}.Ad-Hoc|Any CPU.Build.0 = Release|Any CPU
		{5E668BEC-ADF7-4F85-AC28-685863160494}.Ad-Hoc|ARM.ActiveCfg = Release|ARM
		{5E668BEC-ADF7-4F85-AC28-685863160494}.Ad-Hoc|ARM.Build.0 = Release|ARM
		{5E668BEC-ADF7-4F85-AC28-685863160494}.Ad-Hoc|iPhone.ActiveCfg = Release|Any CPU
		{5E668BEC-ADF7-4F85-AC28-685863160494}.Ad-Hoc|iPhone.Build.0 = Release|Any CPU
		{5E668BEC-ADF7-4F85-AC28-685863160494}.Ad-Hoc|iPhoneSimulator.ActiveCfg = Release|Any CPU
		{5E668BEC-ADF7-4F85-AC28-685863160494}.Ad-Hoc|iPhoneSimulator.Build.0 = Release|Any CPU
		{5E668BEC-ADF7-4F85-AC28-685863160494}.Ad-Hoc|Mixed Platforms.ActiveCfg = Release|x86
		{5E668BEC-ADF7-4F85-AC28-685863160494}.Ad-Hoc|Mixed Platforms.Build.0 = Release|x86
		{5E668BEC-ADF7-4F85-AC28-685863160494}.Ad-Hoc|x64.ActiveCfg = Release|Any CPU
		{5E668BEC-ADF7-4F85-AC28-685863160494}.Ad-Hoc|x64.Build.0 = Release|Any CPU
		{5E668BEC-ADF7-4F85-AC28-685863160494}.Ad-Hoc|x86.ActiveCfg = Release|x86
		{5E668BEC-ADF7-4F85-AC28-685863160494}.Ad-Hoc|x86.Build.0 = Release|x86
		{5E668BEC-ADF7-4F85-AC28-685863160494}.AppStore|Any CPU.ActiveCfg = Release|Any CPU
		{5E668BEC-ADF7-4F85-AC28-685863160494}.AppStore|Any CPU.Build.0 = Release|Any CPU
		{5E668BEC-ADF7-4F85-AC28-685863160494}.AppStore|ARM.ActiveCfg = Release|ARM
		{5E668BEC-ADF7-4F85-AC28-685863160494}.AppStore|ARM.Build.0 = Release|ARM
		{5E668BEC-ADF7-4F85-AC28-685863160494}.AppStore|iPhone.ActiveCfg = Release|Any CPU
		{5E668BEC-ADF7-4F85-AC28-685863160494}.AppStore|iPhone.Build.0 = Release|Any CPU
		{5E668BEC-ADF7-4F85-AC28-685863160494}.AppStore|iPhoneSimulator.ActiveCfg = Release|Any CPU
		{5E668BEC-ADF7-4F85-AC28-685863160494}.AppStore|iPhoneSimulator.Build.0 = Release|Any CPU
		{5E668BEC-ADF7-4F85-AC28-685863160494}.AppStore|Mixed Platforms.ActiveCfg = Release|x86
		{5E668BEC-ADF7-4F85-AC28-685863160494}.AppStore|Mixed Platforms.Build.0 = Release|x86
		{5E668BEC-ADF7-4F85-AC28-685863160494}.AppStore|x64.ActiveCfg = Release|Any CPU
		{5E668BEC-ADF7-4F85-AC28-685863160494}.AppStore|x64.Build.0 = Release|Any CPU
		{5E668BEC-ADF7-4F85-AC28-685863160494}.AppStore|x86.ActiveCfg = Release|x86
		{5E668BEC-ADF7-4F85-AC28-685863160494}.AppStore|x86.Build.0 = Release|x86
		{5E668BEC-ADF7-4F85-AC28-685863160494}.Debug|Any CPU.ActiveCfg = Debug|Any CPU
		{5E668BEC-ADF7-4F85-AC28-685863160494}.Debug|Any CPU.Build.0 = Debug|Any CPU
		{5E668BEC-ADF7-4F85-AC28-685863160494}.Debug|ARM.ActiveCfg = Debug|ARM
		{5E668BEC-ADF7-4F85-AC28-685863160494}.Debug|ARM.Build.0 = Debug|ARM
		{5E668BEC-ADF7-4F85-AC28-685863160494}.Debug|iPhone.ActiveCfg = Debug|Any CPU
		{5E668BEC-ADF7-4F85-AC28-685863160494}.Debug|iPhone.Build.0 = Debug|Any CPU
		{5E668BEC-ADF7-4F85-AC28-685863160494}.Debug|iPhoneSimulator.ActiveCfg = Debug|Any CPU
		{5E668BEC-ADF7-4F85-AC28-685863160494}.Debug|iPhoneSimulator.Build.0 = Debug|Any CPU
		{5E668BEC-ADF7-4F85-AC28-685863160494}.Debug|Mixed Platforms.ActiveCfg = Debug|x86
		{5E668BEC-ADF7-4F85-AC28-685863160494}.Debug|Mixed Platforms.Build.0 = Debug|x86
		{5E668BEC-ADF7-4F85-AC28-685863160494}.Debug|x64.ActiveCfg = Debug|Any CPU
		{5E668BEC-ADF7-4F85-AC28-685863160494}.Debug|x86.ActiveCfg = Debug|x86
		{5E668BEC-ADF7-4F85-AC28-685863160494}.Debug|x86.Build.0 = Debug|x86
		{5E668BEC-ADF7-4F85-AC28-685863160494}.Release|Any CPU.ActiveCfg = Release|Any CPU
		{5E668BEC-ADF7-4F85-AC28-685863160494}.Release|Any CPU.Build.0 = Release|Any CPU
		{5E668BEC-ADF7-4F85-AC28-685863160494}.Release|ARM.ActiveCfg = Release|ARM
		{5E668BEC-ADF7-4F85-AC28-685863160494}.Release|ARM.Build.0 = Release|ARM
		{5E668BEC-ADF7-4F85-AC28-685863160494}.Release|iPhone.ActiveCfg = Release|Any CPU
		{5E668BEC-ADF7-4F85-AC28-685863160494}.Release|iPhone.Build.0 = Release|Any CPU
		{5E668BEC-ADF7-4F85-AC28-685863160494}.Release|iPhoneSimulator.ActiveCfg = Release|Any CPU
		{5E668BEC-ADF7-4F85-AC28-685863160494}.Release|iPhoneSimulator.Build.0 = Release|Any CPU
		{5E668BEC-ADF7-4F85-AC28-685863160494}.Release|Mixed Platforms.ActiveCfg = Release|Any CPU
		{5E668BEC-ADF7-4F85-AC28-685863160494}.Release|Mixed Platforms.Build.0 = Release|Any CPU
		{5E668BEC-ADF7-4F85-AC28-685863160494}.Release|x64.ActiveCfg = Release|Any CPU
		{5E668BEC-ADF7-4F85-AC28-685863160494}.Release|x86.ActiveCfg = Release|x86
		{5E668BEC-ADF7-4F85-AC28-685863160494}.Release|x86.Build.0 = Release|x86
		{3620804D-B56B-4C22-B987-AAD7B7F40FC8}.Ad-Hoc|Any CPU.ActiveCfg = Release|ARM
		{3620804D-B56B-4C22-B987-AAD7B7F40FC8}.Ad-Hoc|Any CPU.Build.0 = Release|ARM
		{3620804D-B56B-4C22-B987-AAD7B7F40FC8}.Ad-Hoc|Any CPU.Deploy.0 = Release|ARM
		{3620804D-B56B-4C22-B987-AAD7B7F40FC8}.Ad-Hoc|ARM.ActiveCfg = Release|ARM
		{3620804D-B56B-4C22-B987-AAD7B7F40FC8}.Ad-Hoc|ARM.Build.0 = Release|ARM
		{3620804D-B56B-4C22-B987-AAD7B7F40FC8}.Ad-Hoc|ARM.Deploy.0 = Release|ARM
		{3620804D-B56B-4C22-B987-AAD7B7F40FC8}.Ad-Hoc|iPhone.ActiveCfg = Release|ARM
		{3620804D-B56B-4C22-B987-AAD7B7F40FC8}.Ad-Hoc|iPhone.Build.0 = Release|ARM
		{3620804D-B56B-4C22-B987-AAD7B7F40FC8}.Ad-Hoc|iPhone.Deploy.0 = Release|ARM
		{3620804D-B56B-4C22-B987-AAD7B7F40FC8}.Ad-Hoc|iPhoneSimulator.ActiveCfg = Release|ARM
		{3620804D-B56B-4C22-B987-AAD7B7F40FC8}.Ad-Hoc|iPhoneSimulator.Build.0 = Release|ARM
		{3620804D-B56B-4C22-B987-AAD7B7F40FC8}.Ad-Hoc|iPhoneSimulator.Deploy.0 = Release|ARM
		{3620804D-B56B-4C22-B987-AAD7B7F40FC8}.Ad-Hoc|Mixed Platforms.ActiveCfg = Release|x86
		{3620804D-B56B-4C22-B987-AAD7B7F40FC8}.Ad-Hoc|Mixed Platforms.Build.0 = Release|x86
		{3620804D-B56B-4C22-B987-AAD7B7F40FC8}.Ad-Hoc|Mixed Platforms.Deploy.0 = Release|x86
		{3620804D-B56B-4C22-B987-AAD7B7F40FC8}.Ad-Hoc|x64.ActiveCfg = Release|ARM
		{3620804D-B56B-4C22-B987-AAD7B7F40FC8}.Ad-Hoc|x64.Build.0 = Release|ARM
		{3620804D-B56B-4C22-B987-AAD7B7F40FC8}.Ad-Hoc|x64.Deploy.0 = Release|ARM
		{3620804D-B56B-4C22-B987-AAD7B7F40FC8}.Ad-Hoc|x86.ActiveCfg = Release|x86
		{3620804D-B56B-4C22-B987-AAD7B7F40FC8}.Ad-Hoc|x86.Build.0 = Release|x86
		{3620804D-B56B-4C22-B987-AAD7B7F40FC8}.Ad-Hoc|x86.Deploy.0 = Release|x86
		{3620804D-B56B-4C22-B987-AAD7B7F40FC8}.AppStore|Any CPU.ActiveCfg = Release|ARM
		{3620804D-B56B-4C22-B987-AAD7B7F40FC8}.AppStore|Any CPU.Build.0 = Release|ARM
		{3620804D-B56B-4C22-B987-AAD7B7F40FC8}.AppStore|Any CPU.Deploy.0 = Release|ARM
		{3620804D-B56B-4C22-B987-AAD7B7F40FC8}.AppStore|ARM.ActiveCfg = Release|ARM
		{3620804D-B56B-4C22-B987-AAD7B7F40FC8}.AppStore|ARM.Build.0 = Release|ARM
		{3620804D-B56B-4C22-B987-AAD7B7F40FC8}.AppStore|ARM.Deploy.0 = Release|ARM
		{3620804D-B56B-4C22-B987-AAD7B7F40FC8}.AppStore|iPhone.ActiveCfg = Release|ARM
		{3620804D-B56B-4C22-B987-AAD7B7F40FC8}.AppStore|iPhone.Build.0 = Release|ARM
		{3620804D-B56B-4C22-B987-AAD7B7F40FC8}.AppStore|iPhone.Deploy.0 = Release|ARM
		{3620804D-B56B-4C22-B987-AAD7B7F40FC8}.AppStore|iPhoneSimulator.ActiveCfg = Release|ARM
		{3620804D-B56B-4C22-B987-AAD7B7F40FC8}.AppStore|iPhoneSimulator.Build.0 = Release|ARM
		{3620804D-B56B-4C22-B987-AAD7B7F40FC8}.AppStore|iPhoneSimulator.Deploy.0 = Release|ARM
		{3620804D-B56B-4C22-B987-AAD7B7F40FC8}.AppStore|Mixed Platforms.ActiveCfg = Release|x86
		{3620804D-B56B-4C22-B987-AAD7B7F40FC8}.AppStore|Mixed Platforms.Build.0 = Release|x86
		{3620804D-B56B-4C22-B987-AAD7B7F40FC8}.AppStore|Mixed Platforms.Deploy.0 = Release|x86
		{3620804D-B56B-4C22-B987-AAD7B7F40FC8}.AppStore|x64.ActiveCfg = Release|ARM
		{3620804D-B56B-4C22-B987-AAD7B7F40FC8}.AppStore|x64.Build.0 = Release|ARM
		{3620804D-B56B-4C22-B987-AAD7B7F40FC8}.AppStore|x64.Deploy.0 = Release|ARM
		{3620804D-B56B-4C22-B987-AAD7B7F40FC8}.AppStore|x86.ActiveCfg = Release|x86
		{3620804D-B56B-4C22-B987-AAD7B7F40FC8}.AppStore|x86.Build.0 = Release|x86
		{3620804D-B56B-4C22-B987-AAD7B7F40FC8}.AppStore|x86.Deploy.0 = Release|x86
		{3620804D-B56B-4C22-B987-AAD7B7F40FC8}.Debug|Any CPU.ActiveCfg = Debug|x86
		{3620804D-B56B-4C22-B987-AAD7B7F40FC8}.Debug|ARM.ActiveCfg = Debug|ARM
		{3620804D-B56B-4C22-B987-AAD7B7F40FC8}.Debug|ARM.Build.0 = Debug|ARM
		{3620804D-B56B-4C22-B987-AAD7B7F40FC8}.Debug|ARM.Deploy.0 = Debug|ARM
		{3620804D-B56B-4C22-B987-AAD7B7F40FC8}.Debug|iPhone.ActiveCfg = Debug|x86
		{3620804D-B56B-4C22-B987-AAD7B7F40FC8}.Debug|iPhoneSimulator.ActiveCfg = Debug|x86
		{3620804D-B56B-4C22-B987-AAD7B7F40FC8}.Debug|Mixed Platforms.ActiveCfg = Debug|x86
		{3620804D-B56B-4C22-B987-AAD7B7F40FC8}.Debug|Mixed Platforms.Build.0 = Debug|x86
		{3620804D-B56B-4C22-B987-AAD7B7F40FC8}.Debug|Mixed Platforms.Deploy.0 = Debug|x86
		{3620804D-B56B-4C22-B987-AAD7B7F40FC8}.Debug|x64.ActiveCfg = Debug|x86
		{3620804D-B56B-4C22-B987-AAD7B7F40FC8}.Debug|x86.ActiveCfg = Debug|x86
		{3620804D-B56B-4C22-B987-AAD7B7F40FC8}.Debug|x86.Build.0 = Debug|x86
		{3620804D-B56B-4C22-B987-AAD7B7F40FC8}.Debug|x86.Deploy.0 = Debug|x86
		{3620804D-B56B-4C22-B987-AAD7B7F40FC8}.Release|Any CPU.ActiveCfg = Release|x86
		{3620804D-B56B-4C22-B987-AAD7B7F40FC8}.Release|ARM.ActiveCfg = Release|ARM
		{3620804D-B56B-4C22-B987-AAD7B7F40FC8}.Release|ARM.Build.0 = Release|ARM
		{3620804D-B56B-4C22-B987-AAD7B7F40FC8}.Release|ARM.Deploy.0 = Release|ARM
		{3620804D-B56B-4C22-B987-AAD7B7F40FC8}.Release|iPhone.ActiveCfg = Release|x86
		{3620804D-B56B-4C22-B987-AAD7B7F40FC8}.Release|iPhoneSimulator.ActiveCfg = Release|x86
		{3620804D-B56B-4C22-B987-AAD7B7F40FC8}.Release|Mixed Platforms.ActiveCfg = Release|x86
		{3620804D-B56B-4C22-B987-AAD7B7F40FC8}.Release|Mixed Platforms.Build.0 = Release|x86
		{3620804D-B56B-4C22-B987-AAD7B7F40FC8}.Release|Mixed Platforms.Deploy.0 = Release|x86
		{3620804D-B56B-4C22-B987-AAD7B7F40FC8}.Release|x64.ActiveCfg = Release|x86
		{3620804D-B56B-4C22-B987-AAD7B7F40FC8}.Release|x86.ActiveCfg = Release|x86
		{3620804D-B56B-4C22-B987-AAD7B7F40FC8}.Release|x86.Build.0 = Release|x86
		{3620804D-B56B-4C22-B987-AAD7B7F40FC8}.Release|x86.Deploy.0 = Release|x86
		{4A3E7910-7169-4462-B9E4-E7DF8BE6B09E}.Ad-Hoc|Any CPU.ActiveCfg = Release|Any CPU
		{4A3E7910-7169-4462-B9E4-E7DF8BE6B09E}.Ad-Hoc|Any CPU.Build.0 = Release|Any CPU
		{4A3E7910-7169-4462-B9E4-E7DF8BE6B09E}.Ad-Hoc|ARM.ActiveCfg = Release|Any CPU
		{4A3E7910-7169-4462-B9E4-E7DF8BE6B09E}.Ad-Hoc|ARM.Build.0 = Release|Any CPU
		{4A3E7910-7169-4462-B9E4-E7DF8BE6B09E}.Ad-Hoc|iPhone.ActiveCfg = Release|Any CPU
		{4A3E7910-7169-4462-B9E4-E7DF8BE6B09E}.Ad-Hoc|iPhone.Build.0 = Release|Any CPU
		{4A3E7910-7169-4462-B9E4-E7DF8BE6B09E}.Ad-Hoc|iPhoneSimulator.ActiveCfg = Release|Any CPU
		{4A3E7910-7169-4462-B9E4-E7DF8BE6B09E}.Ad-Hoc|iPhoneSimulator.Build.0 = Release|Any CPU
		{4A3E7910-7169-4462-B9E4-E7DF8BE6B09E}.Ad-Hoc|Mixed Platforms.ActiveCfg = Release|Any CPU
		{4A3E7910-7169-4462-B9E4-E7DF8BE6B09E}.Ad-Hoc|Mixed Platforms.Build.0 = Release|Any CPU
		{4A3E7910-7169-4462-B9E4-E7DF8BE6B09E}.Ad-Hoc|x64.ActiveCfg = Release|Any CPU
		{4A3E7910-7169-4462-B9E4-E7DF8BE6B09E}.Ad-Hoc|x64.Build.0 = Release|Any CPU
		{4A3E7910-7169-4462-B9E4-E7DF8BE6B09E}.Ad-Hoc|x86.ActiveCfg = Release|Any CPU
		{4A3E7910-7169-4462-B9E4-E7DF8BE6B09E}.Ad-Hoc|x86.Build.0 = Release|Any CPU
		{4A3E7910-7169-4462-B9E4-E7DF8BE6B09E}.AppStore|Any CPU.ActiveCfg = Release|Any CPU
		{4A3E7910-7169-4462-B9E4-E7DF8BE6B09E}.AppStore|Any CPU.Build.0 = Release|Any CPU
		{4A3E7910-7169-4462-B9E4-E7DF8BE6B09E}.AppStore|ARM.ActiveCfg = Release|Any CPU
		{4A3E7910-7169-4462-B9E4-E7DF8BE6B09E}.AppStore|ARM.Build.0 = Release|Any CPU
		{4A3E7910-7169-4462-B9E4-E7DF8BE6B09E}.AppStore|iPhone.ActiveCfg = Release|Any CPU
		{4A3E7910-7169-4462-B9E4-E7DF8BE6B09E}.AppStore|iPhone.Build.0 = Release|Any CPU
		{4A3E7910-7169-4462-B9E4-E7DF8BE6B09E}.AppStore|iPhoneSimulator.ActiveCfg = Release|Any CPU
		{4A3E7910-7169-4462-B9E4-E7DF8BE6B09E}.AppStore|iPhoneSimulator.Build.0 = Release|Any CPU
		{4A3E7910-7169-4462-B9E4-E7DF8BE6B09E}.AppStore|Mixed Platforms.ActiveCfg = Release|Any CPU
		{4A3E7910-7169-4462-B9E4-E7DF8BE6B09E}.AppStore|Mixed Platforms.Build.0 = Release|Any CPU
		{4A3E7910-7169-4462-B9E4-E7DF8BE6B09E}.AppStore|x64.ActiveCfg = Release|Any CPU
		{4A3E7910-7169-4462-B9E4-E7DF8BE6B09E}.AppStore|x64.Build.0 = Release|Any CPU
		{4A3E7910-7169-4462-B9E4-E7DF8BE6B09E}.AppStore|x86.ActiveCfg = Release|Any CPU
		{4A3E7910-7169-4462-B9E4-E7DF8BE6B09E}.AppStore|x86.Build.0 = Release|Any CPU
		{4A3E7910-7169-4462-B9E4-E7DF8BE6B09E}.Debug|Any CPU.ActiveCfg = Debug|Any CPU
		{4A3E7910-7169-4462-B9E4-E7DF8BE6B09E}.Debug|Any CPU.Build.0 = Debug|Any CPU
		{4A3E7910-7169-4462-B9E4-E7DF8BE6B09E}.Debug|ARM.ActiveCfg = Debug|Any CPU
		{4A3E7910-7169-4462-B9E4-E7DF8BE6B09E}.Debug|iPhone.ActiveCfg = Debug|Any CPU
		{4A3E7910-7169-4462-B9E4-E7DF8BE6B09E}.Debug|iPhone.Build.0 = Debug|Any CPU
		{4A3E7910-7169-4462-B9E4-E7DF8BE6B09E}.Debug|iPhoneSimulator.ActiveCfg = Debug|Any CPU
		{4A3E7910-7169-4462-B9E4-E7DF8BE6B09E}.Debug|iPhoneSimulator.Build.0 = Debug|Any CPU
		{4A3E7910-7169-4462-B9E4-E7DF8BE6B09E}.Debug|Mixed Platforms.ActiveCfg = Debug|Any CPU
		{4A3E7910-7169-4462-B9E4-E7DF8BE6B09E}.Debug|Mixed Platforms.Build.0 = Debug|Any CPU
		{4A3E7910-7169-4462-B9E4-E7DF8BE6B09E}.Debug|x64.ActiveCfg = Debug|Any CPU
		{4A3E7910-7169-4462-B9E4-E7DF8BE6B09E}.Debug|x86.ActiveCfg = Debug|Any CPU
		{4A3E7910-7169-4462-B9E4-E7DF8BE6B09E}.Release|Any CPU.ActiveCfg = Release|Any CPU
		{4A3E7910-7169-4462-B9E4-E7DF8BE6B09E}.Release|Any CPU.Build.0 = Release|Any CPU
		{4A3E7910-7169-4462-B9E4-E7DF8BE6B09E}.Release|ARM.ActiveCfg = Release|Any CPU
		{4A3E7910-7169-4462-B9E4-E7DF8BE6B09E}.Release|iPhone.ActiveCfg = Release|Any CPU
		{4A3E7910-7169-4462-B9E4-E7DF8BE6B09E}.Release|iPhone.Build.0 = Release|Any CPU
		{4A3E7910-7169-4462-B9E4-E7DF8BE6B09E}.Release|iPhoneSimulator.ActiveCfg = Release|Any CPU
		{4A3E7910-7169-4462-B9E4-E7DF8BE6B09E}.Release|iPhoneSimulator.Build.0 = Release|Any CPU
		{4A3E7910-7169-4462-B9E4-E7DF8BE6B09E}.Release|Mixed Platforms.ActiveCfg = Release|Any CPU
		{4A3E7910-7169-4462-B9E4-E7DF8BE6B09E}.Release|Mixed Platforms.Build.0 = Release|Any CPU
		{4A3E7910-7169-4462-B9E4-E7DF8BE6B09E}.Release|x64.ActiveCfg = Release|Any CPU
		{4A3E7910-7169-4462-B9E4-E7DF8BE6B09E}.Release|x86.ActiveCfg = Release|Any CPU
		{F0428C63-C7AD-4563-AC05-81EAA4D76D28}.Ad-Hoc|Any CPU.ActiveCfg = Release|Any CPU
		{F0428C63-C7AD-4563-AC05-81EAA4D76D28}.Ad-Hoc|Any CPU.Build.0 = Release|Any CPU
		{F0428C63-C7AD-4563-AC05-81EAA4D76D28}.Ad-Hoc|ARM.ActiveCfg = Release|Any CPU
		{F0428C63-C7AD-4563-AC05-81EAA4D76D28}.Ad-Hoc|ARM.Build.0 = Release|Any CPU
		{F0428C63-C7AD-4563-AC05-81EAA4D76D28}.Ad-Hoc|iPhone.ActiveCfg = Release|Any CPU
		{F0428C63-C7AD-4563-AC05-81EAA4D76D28}.Ad-Hoc|iPhone.Build.0 = Release|Any CPU
		{F0428C63-C7AD-4563-AC05-81EAA4D76D28}.Ad-Hoc|iPhoneSimulator.ActiveCfg = Release|Any CPU
		{F0428C63-C7AD-4563-AC05-81EAA4D76D28}.Ad-Hoc|iPhoneSimulator.Build.0 = Release|Any CPU
		{F0428C63-C7AD-4563-AC05-81EAA4D76D28}.Ad-Hoc|Mixed Platforms.ActiveCfg = Release|Any CPU
		{F0428C63-C7AD-4563-AC05-81EAA4D76D28}.Ad-Hoc|Mixed Platforms.Build.0 = Release|Any CPU
		{F0428C63-C7AD-4563-AC05-81EAA4D76D28}.Ad-Hoc|x64.ActiveCfg = Release|Any CPU
		{F0428C63-C7AD-4563-AC05-81EAA4D76D28}.Ad-Hoc|x64.Build.0 = Release|Any CPU
		{F0428C63-C7AD-4563-AC05-81EAA4D76D28}.Ad-Hoc|x86.ActiveCfg = Release|Any CPU
		{F0428C63-C7AD-4563-AC05-81EAA4D76D28}.Ad-Hoc|x86.Build.0 = Release|Any CPU
		{F0428C63-C7AD-4563-AC05-81EAA4D76D28}.AppStore|Any CPU.ActiveCfg = Release|Any CPU
		{F0428C63-C7AD-4563-AC05-81EAA4D76D28}.AppStore|Any CPU.Build.0 = Release|Any CPU
		{F0428C63-C7AD-4563-AC05-81EAA4D76D28}.AppStore|ARM.ActiveCfg = Release|Any CPU
		{F0428C63-C7AD-4563-AC05-81EAA4D76D28}.AppStore|ARM.Build.0 = Release|Any CPU
		{F0428C63-C7AD-4563-AC05-81EAA4D76D28}.AppStore|iPhone.ActiveCfg = Release|Any CPU
		{F0428C63-C7AD-4563-AC05-81EAA4D76D28}.AppStore|iPhone.Build.0 = Release|Any CPU
		{F0428C63-C7AD-4563-AC05-81EAA4D76D28}.AppStore|iPhoneSimulator.ActiveCfg = Release|Any CPU
		{F0428C63-C7AD-4563-AC05-81EAA4D76D28}.AppStore|iPhoneSimulator.Build.0 = Release|Any CPU
		{F0428C63-C7AD-4563-AC05-81EAA4D76D28}.AppStore|Mixed Platforms.ActiveCfg = Release|Any CPU
		{F0428C63-C7AD-4563-AC05-81EAA4D76D28}.AppStore|Mixed Platforms.Build.0 = Release|Any CPU
		{F0428C63-C7AD-4563-AC05-81EAA4D76D28}.AppStore|x64.ActiveCfg = Release|Any CPU
		{F0428C63-C7AD-4563-AC05-81EAA4D76D28}.AppStore|x64.Build.0 = Release|Any CPU
		{F0428C63-C7AD-4563-AC05-81EAA4D76D28}.AppStore|x86.ActiveCfg = Release|Any CPU
		{F0428C63-C7AD-4563-AC05-81EAA4D76D28}.AppStore|x86.Build.0 = Release|Any CPU
		{F0428C63-C7AD-4563-AC05-81EAA4D76D28}.Debug|Any CPU.ActiveCfg = Debug|Any CPU
		{F0428C63-C7AD-4563-AC05-81EAA4D76D28}.Debug|Any CPU.Build.0 = Debug|Any CPU
		{F0428C63-C7AD-4563-AC05-81EAA4D76D28}.Debug|ARM.ActiveCfg = Debug|Any CPU
		{F0428C63-C7AD-4563-AC05-81EAA4D76D28}.Debug|iPhone.ActiveCfg = Debug|Any CPU
		{F0428C63-C7AD-4563-AC05-81EAA4D76D28}.Debug|iPhone.Build.0 = Debug|Any CPU
		{F0428C63-C7AD-4563-AC05-81EAA4D76D28}.Debug|iPhoneSimulator.ActiveCfg = Debug|Any CPU
		{F0428C63-C7AD-4563-AC05-81EAA4D76D28}.Debug|iPhoneSimulator.Build.0 = Debug|Any CPU
		{F0428C63-C7AD-4563-AC05-81EAA4D76D28}.Debug|Mixed Platforms.ActiveCfg = Debug|Any CPU
		{F0428C63-C7AD-4563-AC05-81EAA4D76D28}.Debug|Mixed Platforms.Build.0 = Debug|Any CPU
		{F0428C63-C7AD-4563-AC05-81EAA4D76D28}.Debug|x64.ActiveCfg = Debug|Any CPU
		{F0428C63-C7AD-4563-AC05-81EAA4D76D28}.Debug|x86.ActiveCfg = Debug|Any CPU
		{F0428C63-C7AD-4563-AC05-81EAA4D76D28}.Release|Any CPU.ActiveCfg = Release|Any CPU
		{F0428C63-C7AD-4563-AC05-81EAA4D76D28}.Release|Any CPU.Build.0 = Release|Any CPU
		{F0428C63-C7AD-4563-AC05-81EAA4D76D28}.Release|ARM.ActiveCfg = Release|Any CPU
		{F0428C63-C7AD-4563-AC05-81EAA4D76D28}.Release|iPhone.ActiveCfg = Release|Any CPU
		{F0428C63-C7AD-4563-AC05-81EAA4D76D28}.Release|iPhone.Build.0 = Release|Any CPU
		{F0428C63-C7AD-4563-AC05-81EAA4D76D28}.Release|iPhoneSimulator.ActiveCfg = Release|Any CPU
		{F0428C63-C7AD-4563-AC05-81EAA4D76D28}.Release|iPhoneSimulator.Build.0 = Release|Any CPU
		{F0428C63-C7AD-4563-AC05-81EAA4D76D28}.Release|Mixed Platforms.ActiveCfg = Release|Any CPU
		{F0428C63-C7AD-4563-AC05-81EAA4D76D28}.Release|Mixed Platforms.Build.0 = Release|Any CPU
		{F0428C63-C7AD-4563-AC05-81EAA4D76D28}.Release|x64.ActiveCfg = Release|Any CPU
		{F0428C63-C7AD-4563-AC05-81EAA4D76D28}.Release|x86.ActiveCfg = Release|Any CPU
		{0E24C663-BDCB-4702-864B-A850A9C68F03}.Ad-Hoc|Any CPU.ActiveCfg = Release|Any CPU
		{0E24C663-BDCB-4702-864B-A850A9C68F03}.Ad-Hoc|Any CPU.Build.0 = Release|Any CPU
		{0E24C663-BDCB-4702-864B-A850A9C68F03}.Ad-Hoc|ARM.ActiveCfg = Release|Any CPU
		{0E24C663-BDCB-4702-864B-A850A9C68F03}.Ad-Hoc|ARM.Build.0 = Release|Any CPU
		{0E24C663-BDCB-4702-864B-A850A9C68F03}.Ad-Hoc|iPhone.ActiveCfg = Release|Any CPU
		{0E24C663-BDCB-4702-864B-A850A9C68F03}.Ad-Hoc|iPhone.Build.0 = Release|Any CPU
		{0E24C663-BDCB-4702-864B-A850A9C68F03}.Ad-Hoc|iPhoneSimulator.ActiveCfg = Release|Any CPU
		{0E24C663-BDCB-4702-864B-A850A9C68F03}.Ad-Hoc|iPhoneSimulator.Build.0 = Release|Any CPU
		{0E24C663-BDCB-4702-864B-A850A9C68F03}.Ad-Hoc|Mixed Platforms.ActiveCfg = Release|Any CPU
		{0E24C663-BDCB-4702-864B-A850A9C68F03}.Ad-Hoc|Mixed Platforms.Build.0 = Release|Any CPU
		{0E24C663-BDCB-4702-864B-A850A9C68F03}.Ad-Hoc|x64.ActiveCfg = Release|Any CPU
		{0E24C663-BDCB-4702-864B-A850A9C68F03}.Ad-Hoc|x64.Build.0 = Release|Any CPU
		{0E24C663-BDCB-4702-864B-A850A9C68F03}.Ad-Hoc|x86.ActiveCfg = Release|Any CPU
		{0E24C663-BDCB-4702-864B-A850A9C68F03}.Ad-Hoc|x86.Build.0 = Release|Any CPU
		{0E24C663-BDCB-4702-864B-A850A9C68F03}.AppStore|Any CPU.ActiveCfg = Release|Any CPU
		{0E24C663-BDCB-4702-864B-A850A9C68F03}.AppStore|Any CPU.Build.0 = Release|Any CPU
		{0E24C663-BDCB-4702-864B-A850A9C68F03}.AppStore|ARM.ActiveCfg = Release|Any CPU
		{0E24C663-BDCB-4702-864B-A850A9C68F03}.AppStore|ARM.Build.0 = Release|Any CPU
		{0E24C663-BDCB-4702-864B-A850A9C68F03}.AppStore|iPhone.ActiveCfg = Release|Any CPU
		{0E24C663-BDCB-4702-864B-A850A9C68F03}.AppStore|iPhone.Build.0 = Release|Any CPU
		{0E24C663-BDCB-4702-864B-A850A9C68F03}.AppStore|iPhoneSimulator.ActiveCfg = Release|Any CPU
		{0E24C663-BDCB-4702-864B-A850A9C68F03}.AppStore|iPhoneSimulator.Build.0 = Release|Any CPU
		{0E24C663-BDCB-4702-864B-A850A9C68F03}.AppStore|Mixed Platforms.ActiveCfg = Release|Any CPU
		{0E24C663-BDCB-4702-864B-A850A9C68F03}.AppStore|Mixed Platforms.Build.0 = Release|Any CPU
		{0E24C663-BDCB-4702-864B-A850A9C68F03}.AppStore|x64.ActiveCfg = Release|Any CPU
		{0E24C663-BDCB-4702-864B-A850A9C68F03}.AppStore|x64.Build.0 = Release|Any CPU
		{0E24C663-BDCB-4702-864B-A850A9C68F03}.AppStore|x86.ActiveCfg = Release|Any CPU
		{0E24C663-BDCB-4702-864B-A850A9C68F03}.AppStore|x86.Build.0 = Release|Any CPU
		{0E24C663-BDCB-4702-864B-A850A9C68F03}.Debug|Any CPU.ActiveCfg = Debug|Any CPU
		{0E24C663-BDCB-4702-864B-A850A9C68F03}.Debug|Any CPU.Build.0 = Debug|Any CPU
		{0E24C663-BDCB-4702-864B-A850A9C68F03}.Debug|ARM.ActiveCfg = Debug|Any CPU
		{0E24C663-BDCB-4702-864B-A850A9C68F03}.Debug|iPhone.ActiveCfg = Debug|Any CPU
		{0E24C663-BDCB-4702-864B-A850A9C68F03}.Debug|iPhone.Build.0 = Debug|Any CPU
		{0E24C663-BDCB-4702-864B-A850A9C68F03}.Debug|iPhoneSimulator.ActiveCfg = Debug|Any CPU
		{0E24C663-BDCB-4702-864B-A850A9C68F03}.Debug|iPhoneSimulator.Build.0 = Debug|Any CPU
		{0E24C663-BDCB-4702-864B-A850A9C68F03}.Debug|Mixed Platforms.ActiveCfg = Debug|Any CPU
		{0E24C663-BDCB-4702-864B-A850A9C68F03}.Debug|Mixed Platforms.Build.0 = Debug|Any CPU
		{0E24C663-BDCB-4702-864B-A850A9C68F03}.Debug|x64.ActiveCfg = Debug|Any CPU
		{0E24C663-BDCB-4702-864B-A850A9C68F03}.Debug|x86.ActiveCfg = Debug|Any CPU
		{0E24C663-BDCB-4702-864B-A850A9C68F03}.Release|Any CPU.ActiveCfg = Release|Any CPU
		{0E24C663-BDCB-4702-864B-A850A9C68F03}.Release|Any CPU.Build.0 = Release|Any CPU
		{0E24C663-BDCB-4702-864B-A850A9C68F03}.Release|ARM.ActiveCfg = Release|Any CPU
		{0E24C663-BDCB-4702-864B-A850A9C68F03}.Release|iPhone.ActiveCfg = Release|Any CPU
		{0E24C663-BDCB-4702-864B-A850A9C68F03}.Release|iPhone.Build.0 = Release|Any CPU
		{0E24C663-BDCB-4702-864B-A850A9C68F03}.Release|iPhoneSimulator.ActiveCfg = Release|Any CPU
		{0E24C663-BDCB-4702-864B-A850A9C68F03}.Release|iPhoneSimulator.Build.0 = Release|Any CPU
		{0E24C663-BDCB-4702-864B-A850A9C68F03}.Release|Mixed Platforms.ActiveCfg = Release|Any CPU
		{0E24C663-BDCB-4702-864B-A850A9C68F03}.Release|Mixed Platforms.Build.0 = Release|Any CPU
		{0E24C663-BDCB-4702-864B-A850A9C68F03}.Release|x64.ActiveCfg = Release|Any CPU
		{0E24C663-BDCB-4702-864B-A850A9C68F03}.Release|x86.ActiveCfg = Release|Any CPU
		{39C71A69-4ACE-4B45-9A2C-C274FADA78EF}.Ad-Hoc|Any CPU.ActiveCfg = Release|Any CPU
		{39C71A69-4ACE-4B45-9A2C-C274FADA78EF}.Ad-Hoc|Any CPU.Build.0 = Release|Any CPU
		{39C71A69-4ACE-4B45-9A2C-C274FADA78EF}.Ad-Hoc|ARM.ActiveCfg = Release|Any CPU
		{39C71A69-4ACE-4B45-9A2C-C274FADA78EF}.Ad-Hoc|ARM.Build.0 = Release|Any CPU
		{39C71A69-4ACE-4B45-9A2C-C274FADA78EF}.Ad-Hoc|iPhone.ActiveCfg = Release|Any CPU
		{39C71A69-4ACE-4B45-9A2C-C274FADA78EF}.Ad-Hoc|iPhone.Build.0 = Release|Any CPU
		{39C71A69-4ACE-4B45-9A2C-C274FADA78EF}.Ad-Hoc|iPhoneSimulator.ActiveCfg = Release|Any CPU
		{39C71A69-4ACE-4B45-9A2C-C274FADA78EF}.Ad-Hoc|iPhoneSimulator.Build.0 = Release|Any CPU
		{39C71A69-4ACE-4B45-9A2C-C274FADA78EF}.Ad-Hoc|Mixed Platforms.ActiveCfg = Release|Any CPU
		{39C71A69-4ACE-4B45-9A2C-C274FADA78EF}.Ad-Hoc|Mixed Platforms.Build.0 = Release|Any CPU
		{39C71A69-4ACE-4B45-9A2C-C274FADA78EF}.Ad-Hoc|x64.ActiveCfg = Release|Any CPU
		{39C71A69-4ACE-4B45-9A2C-C274FADA78EF}.Ad-Hoc|x64.Build.0 = Release|Any CPU
		{39C71A69-4ACE-4B45-9A2C-C274FADA78EF}.Ad-Hoc|x86.ActiveCfg = Release|Any CPU
		{39C71A69-4ACE-4B45-9A2C-C274FADA78EF}.Ad-Hoc|x86.Build.0 = Release|Any CPU
		{39C71A69-4ACE-4B45-9A2C-C274FADA78EF}.AppStore|Any CPU.ActiveCfg = Release|Any CPU
		{39C71A69-4ACE-4B45-9A2C-C274FADA78EF}.AppStore|Any CPU.Build.0 = Release|Any CPU
		{39C71A69-4ACE-4B45-9A2C-C274FADA78EF}.AppStore|ARM.ActiveCfg = Release|Any CPU
		{39C71A69-4ACE-4B45-9A2C-C274FADA78EF}.AppStore|ARM.Build.0 = Release|Any CPU
		{39C71A69-4ACE-4B45-9A2C-C274FADA78EF}.AppStore|iPhone.ActiveCfg = Release|Any CPU
		{39C71A69-4ACE-4B45-9A2C-C274FADA78EF}.AppStore|iPhone.Build.0 = Release|Any CPU
		{39C71A69-4ACE-4B45-9A2C-C274FADA78EF}.AppStore|iPhoneSimulator.ActiveCfg = Release|Any CPU
		{39C71A69-4ACE-4B45-9A2C-C274FADA78EF}.AppStore|iPhoneSimulator.Build.0 = Release|Any CPU
		{39C71A69-4ACE-4B45-9A2C-C274FADA78EF}.AppStore|Mixed Platforms.ActiveCfg = Release|Any CPU
		{39C71A69-4ACE-4B45-9A2C-C274FADA78EF}.AppStore|Mixed Platforms.Build.0 = Release|Any CPU
		{39C71A69-4ACE-4B45-9A2C-C274FADA78EF}.AppStore|x64.ActiveCfg = Release|Any CPU
		{39C71A69-4ACE-4B45-9A2C-C274FADA78EF}.AppStore|x64.Build.0 = Release|Any CPU
		{39C71A69-4ACE-4B45-9A2C-C274FADA78EF}.AppStore|x86.ActiveCfg = Release|Any CPU
		{39C71A69-4ACE-4B45-9A2C-C274FADA78EF}.AppStore|x86.Build.0 = Release|Any CPU
		{39C71A69-4ACE-4B45-9A2C-C274FADA78EF}.Debug|Any CPU.ActiveCfg = Debug|Any CPU
		{39C71A69-4ACE-4B45-9A2C-C274FADA78EF}.Debug|Any CPU.Build.0 = Debug|Any CPU
		{39C71A69-4ACE-4B45-9A2C-C274FADA78EF}.Debug|ARM.ActiveCfg = Debug|Any CPU
		{39C71A69-4ACE-4B45-9A2C-C274FADA78EF}.Debug|ARM.Build.0 = Debug|Any CPU
		{39C71A69-4ACE-4B45-9A2C-C274FADA78EF}.Debug|iPhone.ActiveCfg = Debug|Any CPU
		{39C71A69-4ACE-4B45-9A2C-C274FADA78EF}.Debug|iPhone.Build.0 = Debug|Any CPU
		{39C71A69-4ACE-4B45-9A2C-C274FADA78EF}.Debug|iPhoneSimulator.ActiveCfg = Debug|Any CPU
		{39C71A69-4ACE-4B45-9A2C-C274FADA78EF}.Debug|iPhoneSimulator.Build.0 = Debug|Any CPU
		{39C71A69-4ACE-4B45-9A2C-C274FADA78EF}.Debug|Mixed Platforms.ActiveCfg = Debug|Any CPU
		{39C71A69-4ACE-4B45-9A2C-C274FADA78EF}.Debug|Mixed Platforms.Build.0 = Debug|Any CPU
		{39C71A69-4ACE-4B45-9A2C-C274FADA78EF}.Debug|x64.ActiveCfg = Debug|Any CPU
		{39C71A69-4ACE-4B45-9A2C-C274FADA78EF}.Debug|x64.Build.0 = Debug|Any CPU
		{39C71A69-4ACE-4B45-9A2C-C274FADA78EF}.Debug|x86.ActiveCfg = Debug|Any CPU
		{39C71A69-4ACE-4B45-9A2C-C274FADA78EF}.Debug|x86.Build.0 = Debug|Any CPU
		{39C71A69-4ACE-4B45-9A2C-C274FADA78EF}.Release|Any CPU.ActiveCfg = Release|Any CPU
		{39C71A69-4ACE-4B45-9A2C-C274FADA78EF}.Release|Any CPU.Build.0 = Release|Any CPU
		{39C71A69-4ACE-4B45-9A2C-C274FADA78EF}.Release|ARM.ActiveCfg = Release|Any CPU
		{39C71A69-4ACE-4B45-9A2C-C274FADA78EF}.Release|ARM.Build.0 = Release|Any CPU
		{39C71A69-4ACE-4B45-9A2C-C274FADA78EF}.Release|iPhone.ActiveCfg = Release|Any CPU
		{39C71A69-4ACE-4B45-9A2C-C274FADA78EF}.Release|iPhone.Build.0 = Release|Any CPU
		{39C71A69-4ACE-4B45-9A2C-C274FADA78EF}.Release|iPhoneSimulator.ActiveCfg = Release|Any CPU
		{39C71A69-4ACE-4B45-9A2C-C274FADA78EF}.Release|iPhoneSimulator.Build.0 = Release|Any CPU
		{39C71A69-4ACE-4B45-9A2C-C274FADA78EF}.Release|Mixed Platforms.ActiveCfg = Release|Any CPU
		{39C71A69-4ACE-4B45-9A2C-C274FADA78EF}.Release|Mixed Platforms.Build.0 = Release|Any CPU
		{39C71A69-4ACE-4B45-9A2C-C274FADA78EF}.Release|x64.ActiveCfg = Release|Any CPU
		{39C71A69-4ACE-4B45-9A2C-C274FADA78EF}.Release|x64.Build.0 = Release|Any CPU
		{39C71A69-4ACE-4B45-9A2C-C274FADA78EF}.Release|x86.ActiveCfg = Release|Any CPU
		{39C71A69-4ACE-4B45-9A2C-C274FADA78EF}.Release|x86.Build.0 = Release|Any CPU
	EndGlobalSection
	GlobalSection(SolutionProperties) = preSolution
		HideSolutionNode = FALSE
	EndGlobalSection
	GlobalSection(NestedProjects) = preSolution
		{29B2A5BA-2E0A-484A-866D-41CCE7144521} = {99D5856E-95ED-49B6-9F0C-0A5878A87009}
		{B59BBF25-4D29-4B1F-AB02-588AC4032E9E} = {99D5856E-95ED-49B6-9F0C-0A5878A87009}
		{DB6CF16F-315E-4BBD-8348-369905645838} = {99D5856E-95ED-49B6-9F0C-0A5878A87009}
		{3620804D-B56B-4C22-B987-AAD7B7F40FC8} = {99D5856E-95ED-49B6-9F0C-0A5878A87009}
		{0E24C663-BDCB-4702-864B-A850A9C68F03} = {99D5856E-95ED-49B6-9F0C-0A5878A87009}
	EndGlobalSection
EndGlobal
