
Microsoft Visual Studio Solution File, Format Version 10.00
# Visual Studio 2008
Project("{FAE04EC0-301F-11D3-BF4B-00C04F79EFBC}") = "GalaSoft.MvvmLight", "GalaSoft.MvvmLight\GalaSoft.MvvmLight.csproj", "{ADB28C09-8DE9-4006-80D5-74856EB4A48B}"
EndProject
Project("{2150E333-8FDC-42A3-9474-1A3956D46DE8}") = "Solution Items", "Solution Items", "{B1E1F2CD-D999-4223-8F7F-80469E0B3875}"
	ProjectSection(SolutionItems) = preProject
		GalaSoft.MvvmLight.vsmdi = GalaSoft.MvvmLight.vsmdi
		LocalTestRun.testrunconfig = LocalTestRun.testrunconfig
	EndProjectSection
EndProject
Project("{FAE04EC0-301F-11D3-BF4B-00C04F79EFBC}") = "GalaSoft.MvvmLight (SL)", "GalaSoft.MvvmLight (SL)\GalaSoft.MvvmLight (SL).csproj", "{74712BA6-83BE-470C-9ED0-879DD1B08D9E}"
EndProject
Project("{FAE04EC0-301F-11D3-BF4B-00C04F79EFBC}") = "GalaSoft.MvvmLight.Test (SL)", "GalaSoft.MvvmLight.Test (SL)\GalaSoft.MvvmLight.Test (SL).csproj", "{3A385A3C-0569-4F3B-8D3C-EDAEFB6AA6D3}"
EndProject
Project("{FAE04EC0-301F-11D3-BF4B-00C04F79EFBC}") = "GalaSoft.MvvmLight.Test", "GalaSoft.MvvmLight.Test\GalaSoft.MvvmLight.Test.csproj", "{BD7821F7-C24B-4445-B612-8F18CE16ACF9}"
EndProject
Project("{FAE04EC0-301F-11D3-BF4B-00C04F79EFBC}") = "GalaSoft.MvvmLight.Extras", "GalaSoft.MvvmLight.Extras\GalaSoft.MvvmLight.Extras.csproj", "{78EECC01-BAE7-4914-BE2D-6BAB1059F29B}"
EndProject
Project("{FAE04EC0-301F-11D3-BF4B-00C04F79EFBC}") = "GalaSoft.MvvmLight.Extras (SL)", "GalaSoft.MvvmLight.Extras (SL)\GalaSoft.MvvmLight.Extras (SL).csproj", "{8ABB3CDF-47C4-468E-9C8A-56491C5F1C7D}"
EndProject
Global
	GlobalSection(TeamFoundationVersionControl) = preSolution
		SccNumberOfProjects = 5
		SccEnterpriseProvider = {4CA58AB2-18FA-4F8D-95D4-32DDF27D184C}
		SccTeamFoundationServer = https://tfs08.codeplex.com/
		SccLocalPath0 = .
		SccProjectUniqueName1 = GalaSoft.MvvmLight\\GalaSoft.MvvmLight.csproj
		SccProjectName1 = GalaSoft.MvvmLight
		SccLocalPath1 = GalaSoft.MvvmLight
		SccProjectUniqueName2 = GalaSoft.MvvmLight\u0020(SL)\\GalaSoft.MvvmLight\u0020(SL).csproj
		SccProjectName2 = GalaSoft.MvvmLight\u0020(SL)
		SccLocalPath2 = GalaSoft.MvvmLight\u0020(SL)
		SccProjectUniqueName3 = GalaSoft.MvvmLight.Test\u0020(SL)\\GalaSoft.MvvmLight.Test\u0020(SL).csproj
		SccProjectName3 = GalaSoft.MvvmLight.Test\u0020(SL)
		SccLocalPath3 = GalaSoft.MvvmLight.Test\u0020(SL)
		SccProjectUniqueName4 = GalaSoft.MvvmLight.Test\\GalaSoft.MvvmLight.Test.csproj
		SccProjectName4 = GalaSoft.MvvmLight.Test
		SccLocalPath4 = GalaSoft.MvvmLight.Test
	EndGlobalSection
	GlobalSection(TestCaseManagementSettings) = postSolution
		CategoryFile = GalaSoft.MvvmLight.vsmdi
	EndGlobalSection
	GlobalSection(SolutionConfigurationPlatforms) = preSolution
		Debug|Any CPU = Debug|Any CPU
		Release|Any CPU = Release|Any CPU
	EndGlobalSection
	GlobalSection(ProjectConfigurationPlatforms) = postSolution
		{ADB28C09-8DE9-4006-80D5-74856EB4A48B}.Debug|Any CPU.ActiveCfg = Debug|Any CPU
		{ADB28C09-8DE9-4006-80D5-74856EB4A48B}.Debug|Any CPU.Build.0 = Debug|Any CPU
		{ADB28C09-8DE9-4006-80D5-74856EB4A48B}.Release|Any CPU.ActiveCfg = Release|Any CPU
		{ADB28C09-8DE9-4006-80D5-74856EB4A48B}.Release|Any CPU.Build.0 = Release|Any CPU
		{74712BA6-83BE-470C-9ED0-879DD1B08D9E}.Debug|Any CPU.ActiveCfg = Debug|Any CPU
		{74712BA6-83BE-470C-9ED0-879DD1B08D9E}.Debug|Any CPU.Build.0 = Debug|Any CPU
		{74712BA6-83BE-470C-9ED0-879DD1B08D9E}.Release|Any CPU.ActiveCfg = Release|Any CPU
		{74712BA6-83BE-470C-9ED0-879DD1B08D9E}.Release|Any CPU.Build.0 = Release|Any CPU
		{3A385A3C-0569-4F3B-8D3C-EDAEFB6AA6D3}.Debug|Any CPU.ActiveCfg = Debug|Any CPU
		{3A385A3C-0569-4F3B-8D3C-EDAEFB6AA6D3}.Debug|Any CPU.Build.0 = Debug|Any CPU
		{3A385A3C-0569-4F3B-8D3C-EDAEFB6AA6D3}.Release|Any CPU.ActiveCfg = Release|Any CPU
		{3A385A3C-0569-4F3B-8D3C-EDAEFB6AA6D3}.Release|Any CPU.Build.0 = Release|Any CPU
		{BD7821F7-C24B-4445-B612-8F18CE16ACF9}.Debug|Any CPU.ActiveCfg = Debug|Any CPU
		{BD7821F7-C24B-4445-B612-8F18CE16ACF9}.Debug|Any CPU.Build.0 = Debug|Any CPU
		{BD7821F7-C24B-4445-B612-8F18CE16ACF9}.Release|Any CPU.ActiveCfg = Release|Any CPU
		{BD7821F7-C24B-4445-B612-8F18CE16ACF9}.Release|Any CPU.Build.0 = Release|Any CPU
		{78EECC01-BAE7-4914-BE2D-6BAB1059F29B}.Debug|Any CPU.ActiveCfg = Debug|Any CPU
		{78EECC01-BAE7-4914-BE2D-6BAB1059F29B}.Debug|Any CPU.Build.0 = Debug|Any CPU
		{78EECC01-BAE7-4914-BE2D-6BAB1059F29B}.Release|Any CPU.ActiveCfg = Release|Any CPU
		{78EECC01-BAE7-4914-BE2D-6BAB1059F29B}.Release|Any CPU.Build.0 = Release|Any CPU
	EndGlobalSection
	GlobalSection(SolutionProperties) = preSolution
		HideSolutionNode = FALSE
	EndGlobalSection
EndGlobal
