
Microsoft Visual Studio Solution File, Format Version 12.00
# Visual Studio 11
Project("{FAE04EC0-301F-11D3-BF4B-00C04F79EFBC}") = "GalaSoft.MvvmLight.Extras.Win8", "GalaSoft.MvvmLight.Extras.Win8\GalaSoft.MvvmLight.Extras.Win8.csproj", "{267461BC-EB9D-46F2-9269-86304F21337F}"
EndProject
Project("{FAE04EC0-301F-11D3-BF4B-00C04F79EFBC}") = "GalaSoft.MvvmLight.Win8", "GalaSoft.MvvmLight.Win8\GalaSoft.MvvmLight.Win8.csproj", "{943012F3-8FD2-435D-A3DC-230BD03F5D27}"
EndProject
Project("{FAE04EC0-301F-11D3-BF4B-00C04F79EFBC}") = "GalaSoft.MvvmLight.Test.Win8", "GalaSoft.MvvmLight.Test.Win8\GalaSoft.MvvmLight.Test.Win8.csproj", "{02F1CA60-3BF2-49D6-A310-19F0C4606E73}"
EndProject
Global
	GlobalSection(SolutionConfigurationPlatforms) = preSolution
		Debug|ARM = Debug|ARM
		Debug|Any CPU = Debug|Any CPU
		Debug|x64 = Debug|x64
		Debug|x86 = Debug|x86
		Release|ARM = Release|ARM
		Release|Any CPU = Release|Any CPU
		Release|x64 = Release|x64
		Release|x86 = Release|x86
	EndGlobalSection
	GlobalSection(ProjectConfigurationPlatforms) = postSolution
		{02F1CA60-3BF2-49D6-A310-19F0C4606E73}.Debug|ARM.ActiveCfg = Debug|ARM
		{02F1CA60-3BF2-49D6-A310-19F0C4606E73}.Debug|ARM.Build.0 = Debug|ARM
		{02F1CA60-3BF2-49D6-A310-19F0C4606E73}.Debug|ARM.Deploy.0 = Debug|ARM
		{02F1CA60-3BF2-49D6-A310-19F0C4606E73}.Debug|Any CPU.ActiveCfg = Debug|Any CPU
		{02F1CA60-3BF2-49D6-A310-19F0C4606E73}.Debug|Any CPU.Build.0 = Debug|Any CPU
		{02F1CA60-3BF2-49D6-A310-19F0C4606E73}.Debug|Any CPU.Deploy.0 = Debug|Any CPU
		{02F1CA60-3BF2-49D6-A310-19F0C4606E73}.Debug|x64.ActiveCfg = Debug|x64
		{02F1CA60-3BF2-49D6-A310-19F0C4606E73}.Debug|x64.Build.0 = Debug|x64
		{02F1CA60-3BF2-49D6-A310-19F0C4606E73}.Debug|x64.Deploy.0 = Debug|x64
		{02F1CA60-3BF2-49D6-A310-19F0C4606E73}.Debug|x86.ActiveCfg = Debug|x86
		{02F1CA60-3BF2-49D6-A310-19F0C4606E73}.Debug|x86.Build.0 = Debug|x86
		{02F1CA60-3BF2-49D6-A310-19F0C4606E73}.Debug|x86.Deploy.0 = Debug|x86
		{02F1CA60-3BF2-49D6-A310-19F0C4606E73}.Release|ARM.ActiveCfg = Release|ARM
		{02F1CA60-3BF2-49D6-A310-19F0C4606E73}.Release|ARM.Build.0 = Release|ARM
		{02F1CA60-3BF2-49D6-A310-19F0C4606E73}.Release|ARM.Deploy.0 = Release|ARM
		{02F1CA60-3BF2-49D6-A310-19F0C4606E73}.Release|Any CPU.ActiveCfg = Release|Any CPU
		{02F1CA60-3BF2-49D6-A310-19F0C4606E73}.Release|Any CPU.Build.0 = Release|Any CPU
		{02F1CA60-3BF2-49D6-A310-19F0C4606E73}.Release|Any CPU.Deploy.0 = Release|Any CPU
		{02F1CA60-3BF2-49D6-A310-19F0C4606E73}.Release|x64.ActiveCfg = Release|x64
		{02F1CA60-3BF2-49D6-A310-19F0C4606E73}.Release|x64.Build.0 = Release|x64
		{02F1CA60-3BF2-49D6-A310-19F0C4606E73}.Release|x64.Deploy.0 = Release|x64
		{02F1CA60-3BF2-49D6-A310-19F0C4606E73}.Release|x86.ActiveCfg = Release|x86
		{02F1CA60-3BF2-49D6-A310-19F0C4606E73}.Release|x86.Build.0 = Release|x86
		{02F1CA60-3BF2-49D6-A310-19F0C4606E73}.Release|x86.Deploy.0 = Release|x86
		{267461BC-EB9D-46F2-9269-86304F21337F}.Debug|ARM.ActiveCfg = Debug|ARM
		{267461BC-EB9D-46F2-9269-86304F21337F}.Debug|ARM.Build.0 = Debug|ARM
		{267461BC-EB9D-46F2-9269-86304F21337F}.Debug|Any CPU.ActiveCfg = Debug|Any CPU
		{267461BC-EB9D-46F2-9269-86304F21337F}.Debug|Any CPU.Build.0 = Debug|Any CPU
		{267461BC-EB9D-46F2-9269-86304F21337F}.Debug|x64.ActiveCfg = Debug|x64
		{267461BC-EB9D-46F2-9269-86304F21337F}.Debug|x64.Build.0 = Debug|x64
		{267461BC-EB9D-46F2-9269-86304F21337F}.Debug|x86.ActiveCfg = Debug|x86
		{267461BC-EB9D-46F2-9269-86304F21337F}.Debug|x86.Build.0 = Debug|x86
		{267461BC-EB9D-46F2-9269-86304F21337F}.Release|ARM.ActiveCfg = Release|ARM
		{267461BC-EB9D-46F2-9269-86304F21337F}.Release|ARM.Build.0 = Release|ARM
		{267461BC-EB9D-46F2-9269-86304F21337F}.Release|Any CPU.ActiveCfg = Release|Any CPU
		{267461BC-EB9D-46F2-9269-86304F21337F}.Release|Any CPU.Build.0 = Release|Any CPU
		{267461BC-EB9D-46F2-9269-86304F21337F}.Release|x64.ActiveCfg = Release|x64
		{267461BC-EB9D-46F2-9269-86304F21337F}.Release|x64.Build.0 = Release|x64
		{267461BC-EB9D-46F2-9269-86304F21337F}.Release|x86.ActiveCfg = Release|x86
		{267461BC-EB9D-46F2-9269-86304F21337F}.Release|x86.Build.0 = Release|x86
		{943012F3-8FD2-435D-A3DC-230BD03F5D27}.Debug|ARM.ActiveCfg = Debug|ARM
		{943012F3-8FD2-435D-A3DC-230BD03F5D27}.Debug|ARM.Build.0 = Debug|ARM
		{943012F3-8FD2-435D-A3DC-230BD03F5D27}.Debug|Any CPU.ActiveCfg = Debug|Any CPU
		{943012F3-8FD2-435D-A3DC-230BD03F5D27}.Debug|Any CPU.Build.0 = Debug|Any CPU
		{943012F3-8FD2-435D-A3DC-230BD03F5D27}.Debug|x64.ActiveCfg = Debug|x64
		{943012F3-8FD2-435D-A3DC-230BD03F5D27}.Debug|x64.Build.0 = Debug|x64
		{943012F3-8FD2-435D-A3DC-230BD03F5D27}.Debug|x86.ActiveCfg = Debug|x86
		{943012F3-8FD2-435D-A3DC-230BD03F5D27}.Debug|x86.Build.0 = Debug|x86
		{943012F3-8FD2-435D-A3DC-230BD03F5D27}.Release|ARM.ActiveCfg = Release|ARM
		{943012F3-8FD2-435D-A3DC-230BD03F5D27}.Release|ARM.Build.0 = Release|ARM
		{943012F3-8FD2-435D-A3DC-230BD03F5D27}.Release|Any CPU.ActiveCfg = Release|Any CPU
		{943012F3-8FD2-435D-A3DC-230BD03F5D27}.Release|Any CPU.Build.0 = Release|Any CPU
		{943012F3-8FD2-435D-A3DC-230BD03F5D27}.Release|x64.ActiveCfg = Release|x64
		{943012F3-8FD2-435D-A3DC-230BD03F5D27}.Release|x64.Build.0 = Release|x64
		{943012F3-8FD2-435D-A3DC-230BD03F5D27}.Release|x86.ActiveCfg = Release|x86
		{943012F3-8FD2-435D-A3DC-230BD03F5D27}.Release|x86.Build.0 = Release|x86
	EndGlobalSection
	GlobalSection(SolutionProperties) = preSolution
		HideSolutionNode = FALSE
	EndGlobalSection
EndGlobal
