
Microsoft Visual Studio Solution File, Format Version 12.00
# Visual Studio 11
Project("{FAE04EC0-301F-11D3-BF4B-00C04F79EFBC}") = "GalaSoft.MvvmLight.Win8", "GalaSoft.MvvmLight.Win8\GalaSoft.MvvmLight.Win8.csproj", "{001A9DCB-FC1C-47FF-9371-A19DF085A847}"
EndProject
Project("{FAE04EC0-301F-11D3-BF4B-00C04F79EFBC}") = "GalaSoft.MvvmLight.Extras.Win8", "GalaSoft.MvvmLight.Extras.Win8\GalaSoft.MvvmLight.Extras.Win8.csproj", "{4A373BE8-FFF8-4B76-86A1-5BD06B0BCA1E}"
EndProject
Project("{FAE04EC0-301F-11D3-BF4B-00C04F79EFBC}") = "GalaSoft.MvvmLight.Test.Win8", "GalaSoft.MvvmLight.Test.Win8\GalaSoft.MvvmLight.Test.Win8.csproj", "{3AD0ED75-F579-49AE-A693-B1ED8E8BFF75}"
EndProject
Global
	GlobalSection(SolutionConfigurationPlatforms) = preSolution
		Debug|ARM = Debug|ARM
		Debug|Any CPU = Debug|Any CPU
		Debug|x64 = Debug|x64
		Debug|x86 = Debug|x86
		Release|ARM = Release|ARM
		Release|Any CPU = Release|Any CPU
		Release|x64 = Release|x64
		Release|x86 = Release|x86
	EndGlobalSection
	GlobalSection(ProjectConfigurationPlatforms) = postSolution
		{001A9DCB-FC1C-47FF-9371-A19DF085A847}.Debug|ARM.ActiveCfg = Debug|ARM
		{001A9DCB-FC1C-47FF-9371-A19DF085A847}.Debug|ARM.Build.0 = Debug|ARM
		{001A9DCB-FC1C-47FF-9371-A19DF085A847}.Debug|Any CPU.ActiveCfg = Debug|Any CPU
		{001A9DCB-FC1C-47FF-9371-A19DF085A847}.Debug|Any CPU.Build.0 = Debug|Any CPU
		{001A9DCB-FC1C-47FF-9371-A19DF085A847}.Debug|x64.ActiveCfg = Debug|x64
		{001A9DCB-FC1C-47FF-9371-A19DF085A847}.Debug|x64.Build.0 = Debug|x64
		{001A9DCB-FC1C-47FF-9371-A19DF085A847}.Debug|x86.ActiveCfg = Debug|x86
		{001A9DCB-FC1C-47FF-9371-A19DF085A847}.Debug|x86.Build.0 = Debug|x86
		{001A9DCB-FC1C-47FF-9371-A19DF085A847}.Release|ARM.ActiveCfg = Release|ARM
		{001A9DCB-FC1C-47FF-9371-A19DF085A847}.Release|ARM.Build.0 = Release|ARM
		{001A9DCB-FC1C-47FF-9371-A19DF085A847}.Release|Any CPU.ActiveCfg = Release|Any CPU
		{001A9DCB-FC1C-47FF-9371-A19DF085A847}.Release|Any CPU.Build.0 = Release|Any CPU
		{001A9DCB-FC1C-47FF-9371-A19DF085A847}.Release|x64.ActiveCfg = Release|x64
		{001A9DCB-FC1C-47FF-9371-A19DF085A847}.Release|x64.Build.0 = Release|x64
		{001A9DCB-FC1C-47FF-9371-A19DF085A847}.Release|x86.ActiveCfg = Release|x86
		{001A9DCB-FC1C-47FF-9371-A19DF085A847}.Release|x86.Build.0 = Release|x86
		{3AD0ED75-F579-49AE-A693-B1ED8E8BFF75}.Debug|ARM.ActiveCfg = Debug|ARM
		{3AD0ED75-F579-49AE-A693-B1ED8E8BFF75}.Debug|ARM.Build.0 = Debug|ARM
		{3AD0ED75-F579-49AE-A693-B1ED8E8BFF75}.Debug|ARM.Deploy.0 = Debug|ARM
		{3AD0ED75-F579-49AE-A693-B1ED8E8BFF75}.Debug|Any CPU.ActiveCfg = Debug|Any CPU
		{3AD0ED75-F579-49AE-A693-B1ED8E8BFF75}.Debug|Any CPU.Build.0 = Debug|Any CPU
		{3AD0ED75-F579-49AE-A693-B1ED8E8BFF75}.Debug|Any CPU.Deploy.0 = Debug|Any CPU
		{3AD0ED75-F579-49AE-A693-B1ED8E8BFF75}.Debug|x64.ActiveCfg = Debug|x64
		{3AD0ED75-F579-49AE-A693-B1ED8E8BFF75}.Debug|x64.Build.0 = Debug|x64
		{3AD0ED75-F579-49AE-A693-B1ED8E8BFF75}.Debug|x64.Deploy.0 = Debug|x64
		{3AD0ED75-F579-49AE-A693-B1ED8E8BFF75}.Debug|x86.ActiveCfg = Debug|x86
		{3AD0ED75-F579-49AE-A693-B1ED8E8BFF75}.Debug|x86.Build.0 = Debug|x86
		{3AD0ED75-F579-49AE-A693-B1ED8E8BFF75}.Debug|x86.Deploy.0 = Debug|x86
		{3AD0ED75-F579-49AE-A693-B1ED8E8BFF75}.Release|ARM.ActiveCfg = Release|ARM
		{3AD0ED75-F579-49AE-A693-B1ED8E8BFF75}.Release|ARM.Build.0 = Release|ARM
		{3AD0ED75-F579-49AE-A693-B1ED8E8BFF75}.Release|ARM.Deploy.0 = Release|ARM
		{3AD0ED75-F579-49AE-A693-B1ED8E8BFF75}.Release|Any CPU.ActiveCfg = Release|Any CPU
		{3AD0ED75-F579-49AE-A693-B1ED8E8BFF75}.Release|Any CPU.Build.0 = Release|Any CPU
		{3AD0ED75-F579-49AE-A693-B1ED8E8BFF75}.Release|Any CPU.Deploy.0 = Release|Any CPU
		{3AD0ED75-F579-49AE-A693-B1ED8E8BFF75}.Release|x64.ActiveCfg = Release|x64
		{3AD0ED75-F579-49AE-A693-B1ED8E8BFF75}.Release|x64.Build.0 = Release|x64
		{3AD0ED75-F579-49AE-A693-B1ED8E8BFF75}.Release|x64.Deploy.0 = Release|x64
		{3AD0ED75-F579-49AE-A693-B1ED8E8BFF75}.Release|x86.ActiveCfg = Release|x86
		{3AD0ED75-F579-49AE-A693-B1ED8E8BFF75}.Release|x86.Build.0 = Release|x86
		{3AD0ED75-F579-49AE-A693-B1ED8E8BFF75}.Release|x86.Deploy.0 = Release|x86
		{4A373BE8-FFF8-4B76-86A1-5BD06B0BCA1E}.Debug|ARM.ActiveCfg = Debug|ARM
		{4A373BE8-FFF8-4B76-86A1-5BD06B0BCA1E}.Debug|ARM.Build.0 = Debug|ARM
		{4A373BE8-FFF8-4B76-86A1-5BD06B0BCA1E}.Debug|Any CPU.ActiveCfg = Debug|Any CPU
		{4A373BE8-FFF8-4B76-86A1-5BD06B0BCA1E}.Debug|Any CPU.Build.0 = Debug|Any CPU
		{4A373BE8-FFF8-4B76-86A1-5BD06B0BCA1E}.Debug|x64.ActiveCfg = Debug|x64
		{4A373BE8-FFF8-4B76-86A1-5BD06B0BCA1E}.Debug|x64.Build.0 = Debug|x64
		{4A373BE8-FFF8-4B76-86A1-5BD06B0BCA1E}.Debug|x86.ActiveCfg = Debug|x86
		{4A373BE8-FFF8-4B76-86A1-5BD06B0BCA1E}.Debug|x86.Build.0 = Debug|x86
		{4A373BE8-FFF8-4B76-86A1-5BD06B0BCA1E}.Release|ARM.ActiveCfg = Release|ARM
		{4A373BE8-FFF8-4B76-86A1-5BD06B0BCA1E}.Release|ARM.Build.0 = Release|ARM
		{4A373BE8-FFF8-4B76-86A1-5BD06B0BCA1E}.Release|Any CPU.ActiveCfg = Release|Any CPU
		{4A373BE8-FFF8-4B76-86A1-5BD06B0BCA1E}.Release|Any CPU.Build.0 = Release|Any CPU
		{4A373BE8-FFF8-4B76-86A1-5BD06B0BCA1E}.Release|x64.ActiveCfg = Release|x64
		{4A373BE8-FFF8-4B76-86A1-5BD06B0BCA1E}.Release|x64.Build.0 = Release|x64
		{4A373BE8-FFF8-4B76-86A1-5BD06B0BCA1E}.Release|x86.ActiveCfg = Release|x86
		{4A373BE8-FFF8-4B76-86A1-5BD06B0BCA1E}.Release|x86.Build.0 = Release|x86
	EndGlobalSection
	GlobalSection(SolutionProperties) = preSolution
		HideSolutionNode = FALSE
	EndGlobalSection
EndGlobal
