
Microsoft Visual Studio Solution File, Format Version 10.00
# Visual Studio 2008
Project("{2150E333-8FDC-42A3-9474-1A3956D46DE8}") = "Misc", "Misc", "{798D3E34-DB23-49F8-A363-84025CB83DB6}"
	ProjectSection(SolutionItems) = preProject
		Descriptions.txt = Descriptions.txt
		..\TODO.txt = ..\TODO.txt
	EndProjectSection
EndProject
Project("{54435603-DBB4-11D2-8724-00A0C9A8B90C}") = "MvvmLightToolkit.Setup", "MvvmLightToolkit.Setup\MvvmLightToolkit.Setup.vdproj", "{B9184168-0CAB-4230-9468-302F254484D5}"
EndProject
Project("{FAE04EC0-301F-11D3-BF4B-00C04F79EFBC}") = "MvvmLightToolkit.Setup.Custom", "MvvmLightToolkit.Setup.Custom\MvvmLightToolkit.Setup.Custom.csproj", "{82FE0A86-4493-4544-911E-94E809AB520A}"
EndProject
Project("{2150E333-8FDC-42A3-9474-1A3956D46DE8}") = "Snippets", "Snippets", "{11D5AB65-5A62-485C-9E9C-BAB09665086C}"
	ProjectSection(SolutionItems) = preProject
		Resources\Snippets\mvvmInpcProperty.snippet = Resources\Snippets\mvvmInpcProperty.snippet
		Resources\Snippets\mvvmViewModelLocatorProperty.snippet = Resources\Snippets\mvvmViewModelLocatorProperty.snippet
	EndProjectSection
EndProject
Project("{2150E333-8FDC-42A3-9474-1A3956D46DE8}") = "Links", "Links", "{42181363-CD15-44D0-B35F-A08B0D1A28B7}"
	ProjectSection(SolutionItems) = preProject
		Resources\Links\Get Started.url = Resources\Links\Get Started.url
	EndProjectSection
EndProject
Project("{2150E333-8FDC-42A3-9474-1A3956D46DE8}") = "Source", "Source", "{07489448-3F96-4655-B67C-C632D6DAE552}"
	ProjectSection(SolutionItems) = preProject
		Resources\Source\GalaSoft.MvvmLight.Source.zip = Resources\Source\GalaSoft.MvvmLight.Source.zip
		Resources\Source\GalaSoft.MvvmLight.SourceNoTests.zip = Resources\Source\GalaSoft.MvvmLight.SourceNoTests.zip
	EndProjectSection
EndProject
Project("{2150E333-8FDC-42A3-9474-1A3956D46DE8}") = "Models", "Models", "{A4F0C7F5-8EB3-4617-92D7-B23706BE85E2}"
	ProjectSection(SolutionItems) = preProject
		Resources\Models\MvvmLight.SL.vstemplate = Resources\Models\MvvmLight.SL.vstemplate
		Resources\Models\MvvmLight.WPF.vstemplate = Resources\Models\MvvmLight.WPF.vstemplate
		Resources\Models\MvvmView.SL.vstemplate = Resources\Models\MvvmView.SL.vstemplate
		Resources\Models\MvvmView.WPF.vstemplate = Resources\Models\MvvmView.WPF.vstemplate
		Resources\Models\MvvmViewModel.SL.vstemplate = Resources\Models\MvvmViewModel.SL.vstemplate
		Resources\Models\MvvmViewModel.WPF.vstemplate = Resources\Models\MvvmViewModel.WPF.vstemplate
		Resources\Models\MvvmViewModelLocator.SL.vstemplate = Resources\Models\MvvmViewModelLocator.SL.vstemplate
		Resources\Models\MvvmViewModelLocator.WPF.vstemplate = Resources\Models\MvvmViewModelLocator.WPF.vstemplate
		Resources\Models\ProjectFile.csproj.sl.txt = Resources\Models\ProjectFile.csproj.sl.txt
		Resources\Models\ProjectFile.csproj.wpf.txt = Resources\Models\ProjectFile.csproj.wpf.txt
	EndProjectSection
EndProject
Project("{2150E333-8FDC-42A3-9474-1A3956D46DE8}") = "Templates", "Templates", "{914E1686-CE4B-427C-B34F-7604630A9F91}"
EndProject
Project("{2150E333-8FDC-42A3-9474-1A3956D46DE8}") = "ItemTemplates", "ItemTemplates", "{7E2E1932-1705-46FB-B226-8C3010283F2E}"
EndProject
Project("{2150E333-8FDC-42A3-9474-1A3956D46DE8}") = "Mvvm", "Mvvm", "{9742B7F7-4170-433C-A9EF-71A659964078}"
	ProjectSection(SolutionItems) = preProject
		Resources\Templates\ItemTemplates\WPF\Mvvm\MvvmView.zip = Resources\Templates\ItemTemplates\WPF\Mvvm\MvvmView.zip
		Resources\Templates\ItemTemplates\WPF\Mvvm\MvvmViewModel.zip = Resources\Templates\ItemTemplates\WPF\Mvvm\MvvmViewModel.zip
		Resources\Templates\ItemTemplates\WPF\Mvvm\MvvmViewModelLocator.zip = Resources\Templates\ItemTemplates\WPF\Mvvm\MvvmViewModelLocator.zip
	EndProjectSection
EndProject
Project("{2150E333-8FDC-42A3-9474-1A3956D46DE8}") = "Silverlight", "Silverlight", "{543F7A6A-6BC5-4C29-AF73-65862C24CBF0}"
EndProject
Project("{2150E333-8FDC-42A3-9474-1A3956D46DE8}") = "Mvvm", "Mvvm", "{0BB9C556-3B40-496B-9300-C59609AF3C45}"
	ProjectSection(SolutionItems) = preProject
		Resources\Templates\ItemTemplates\Silverlight\Mvvm\MvvmView.zip = Resources\Templates\ItemTemplates\Silverlight\Mvvm\MvvmView.zip
		Resources\Templates\ItemTemplates\Silverlight\Mvvm\MvvmViewModel.zip = Resources\Templates\ItemTemplates\Silverlight\Mvvm\MvvmViewModel.zip
		Resources\Templates\ItemTemplates\Silverlight\Mvvm\MvvmViewModelLocator.zip = Resources\Templates\ItemTemplates\Silverlight\Mvvm\MvvmViewModelLocator.zip
	EndProjectSection
EndProject
Project("{2150E333-8FDC-42A3-9474-1A3956D46DE8}") = "ProjectTemplates", "ProjectTemplates", "{AB48E615-1CF0-481E-9520-CD5F60EBA86B}"
EndProject
Project("{2150E333-8FDC-42A3-9474-1A3956D46DE8}") = "Mvvm", "Mvvm", "{B9EDDE3F-37BB-4B9A-9AE7-1E3693BE065C}"
	ProjectSection(SolutionItems) = preProject
		Resources\Templates\ProjectTemplates\WPF\Mvvm\MvvmLight.zip = Resources\Templates\ProjectTemplates\WPF\Mvvm\MvvmLight.zip
	EndProjectSection
EndProject
Project("{2150E333-8FDC-42A3-9474-1A3956D46DE8}") = "Silverlight", "Silverlight", "{A2B32437-E325-46F3-936C-58F625B51BBD}"
EndProject
Project("{2150E333-8FDC-42A3-9474-1A3956D46DE8}") = "Mvvm", "Mvvm", "{4C6016C3-1861-4A34-80A8-6EE2C2327330}"
	ProjectSection(SolutionItems) = preProject
		Resources\Templates\ProjectTemplates\Silverlight\Mvvm\MvvmLight.zip = Resources\Templates\ProjectTemplates\Silverlight\Mvvm\MvvmLight.zip
	EndProjectSection
EndProject
Project("{2150E333-8FDC-42A3-9474-1A3956D46DE8}") = "WPF", "WPF", "{41C2CEC3-D3A1-4D13-9F2E-E0A1F3EDCE96}"
	ProjectSection(SolutionItems) = preProject
		Resources\Snippets\WPF\mvvmPropA.snippet = Resources\Snippets\WPF\mvvmPropA.snippet
		Resources\Snippets\WPF\mvvmPropDP.snippet = Resources\Snippets\WPF\mvvmPropDP.snippet
	EndProjectSection
EndProject
Project("{2150E333-8FDC-42A3-9474-1A3956D46DE8}") = "SL", "SL", "{2E3BA9C1-A715-4533-AA44-974023F30ECA}"
	ProjectSection(SolutionItems) = preProject
		Resources\Snippets\SL\mvvmSLPropA.snippet = Resources\Snippets\SL\mvvmSLPropA.snippet
		Resources\Snippets\SL\mvvmSLPropDP.snippet = Resources\Snippets\SL\mvvmSLPropDP.snippet
	EndProjectSection
EndProject
Project("{FAE04EC0-301F-11D3-BF4B-00C04F79EFBC}") = "GalaSoft.MvvmLight.CheckVersion", "GalaSoft.MvvmLight.CheckVersion\GalaSoft.MvvmLight.CheckVersion.csproj", "{B7EB5A15-61AE-4BE3-ACE3-80CA75441028}"
EndProject
Project("{2150E333-8FDC-42A3-9474-1A3956D46DE8}") = "WPF", "WPF", "{EB01B57A-E575-4846-A532-D31871525CAD}"
EndProject
Project("{2150E333-8FDC-42A3-9474-1A3956D46DE8}") = "WPF", "WPF", "{786B8DFC-B34B-4B30-8E6A-F549CA21914E}"
EndProject
Project("{2150E333-8FDC-42A3-9474-1A3956D46DE8}") = "Binaries", "Binaries", "{A8A211D3-A4A0-404C-94C0-9F268E74785E}"
	ProjectSection(SolutionItems) = preProject
		Resources\Binaries\GalaSoft.MvvmLight.dll = Resources\Binaries\GalaSoft.MvvmLight.dll
	EndProjectSection
EndProject
Project("{2150E333-8FDC-42A3-9474-1A3956D46DE8}") = "Silverlight", "Silverlight", "{C627D5B3-2B98-4CF2-9BC0-80675E2308A6}"
	ProjectSection(SolutionItems) = preProject
		Resources\Binaries\Silverlight\GalaSoft.MvvmLight.dll = Resources\Binaries\Silverlight\GalaSoft.MvvmLight.dll
	EndProjectSection
EndProject
Project("{2150E333-8FDC-42A3-9474-1A3956D46DE8}") = "Documents", "Documents", "{7EAD7FFA-6B77-4636-B7BC-3D2C71B87D57}"
	ProjectSection(SolutionItems) = preProject
		Resources\Documents\GalaSoft.ico = Resources\Documents\GalaSoft.ico
		Resources\Documents\License.txt = Resources\Documents\License.txt
	EndProjectSection
EndProject
Project("{FAE04EC0-301F-11D3-BF4B-00C04F79EFBC}") = "MvvmLightToolkit.Setup.Configure", "MvvmLightToolkit.Setup.Configure\MvvmLightToolkit.Setup.Configure.csproj", "{0DCB8E16-0315-4E6F-8D05-6A146A2FAE6E}"
EndProject
Global
	GlobalSection(SolutionConfigurationPlatforms) = preSolution
		Debug|Any CPU = Debug|Any CPU
		Release|Any CPU = Release|Any CPU
	EndGlobalSection
	GlobalSection(ProjectConfigurationPlatforms) = postSolution
		{B9184168-0CAB-4230-9468-302F254484D5}.Debug|Any CPU.ActiveCfg = Debug
		{B9184168-0CAB-4230-9468-302F254484D5}.Release|Any CPU.ActiveCfg = Release
		{82FE0A86-4493-4544-911E-94E809AB520A}.Debug|Any CPU.ActiveCfg = Debug|Any CPU
		{82FE0A86-4493-4544-911E-94E809AB520A}.Debug|Any CPU.Build.0 = Debug|Any CPU
		{82FE0A86-4493-4544-911E-94E809AB520A}.Release|Any CPU.ActiveCfg = Release|Any CPU
		{82FE0A86-4493-4544-911E-94E809AB520A}.Release|Any CPU.Build.0 = Release|Any CPU
		{B7EB5A15-61AE-4BE3-ACE3-80CA75441028}.Debug|Any CPU.ActiveCfg = Debug|Any CPU
		{B7EB5A15-61AE-4BE3-ACE3-80CA75441028}.Debug|Any CPU.Build.0 = Debug|Any CPU
		{B7EB5A15-61AE-4BE3-ACE3-80CA75441028}.Release|Any CPU.ActiveCfg = Release|Any CPU
		{B7EB5A15-61AE-4BE3-ACE3-80CA75441028}.Release|Any CPU.Build.0 = Release|Any CPU
		{0DCB8E16-0315-4E6F-8D05-6A146A2FAE6E}.Debug|Any CPU.ActiveCfg = Debug|Any CPU
		{0DCB8E16-0315-4E6F-8D05-6A146A2FAE6E}.Debug|Any CPU.Build.0 = Debug|Any CPU
		{0DCB8E16-0315-4E6F-8D05-6A146A2FAE6E}.Release|Any CPU.ActiveCfg = Release|Any CPU
		{0DCB8E16-0315-4E6F-8D05-6A146A2FAE6E}.Release|Any CPU.Build.0 = Release|Any CPU
	EndGlobalSection
	GlobalSection(SolutionProperties) = preSolution
		HideSolutionNode = FALSE
	EndGlobalSection
	GlobalSection(NestedProjects) = preSolution
		{11D5AB65-5A62-485C-9E9C-BAB09665086C} = {798D3E34-DB23-49F8-A363-84025CB83DB6}
		{42181363-CD15-44D0-B35F-A08B0D1A28B7} = {798D3E34-DB23-49F8-A363-84025CB83DB6}
		{07489448-3F96-4655-B67C-C632D6DAE552} = {798D3E34-DB23-49F8-A363-84025CB83DB6}
		{A4F0C7F5-8EB3-4617-92D7-B23706BE85E2} = {798D3E34-DB23-49F8-A363-84025CB83DB6}
		{914E1686-CE4B-427C-B34F-7604630A9F91} = {798D3E34-DB23-49F8-A363-84025CB83DB6}
		{A8A211D3-A4A0-404C-94C0-9F268E74785E} = {798D3E34-DB23-49F8-A363-84025CB83DB6}
		{7EAD7FFA-6B77-4636-B7BC-3D2C71B87D57} = {798D3E34-DB23-49F8-A363-84025CB83DB6}
		{41C2CEC3-D3A1-4D13-9F2E-E0A1F3EDCE96} = {11D5AB65-5A62-485C-9E9C-BAB09665086C}
		{2E3BA9C1-A715-4533-AA44-974023F30ECA} = {11D5AB65-5A62-485C-9E9C-BAB09665086C}
		{7E2E1932-1705-46FB-B226-8C3010283F2E} = {914E1686-CE4B-427C-B34F-7604630A9F91}
		{AB48E615-1CF0-481E-9520-CD5F60EBA86B} = {914E1686-CE4B-427C-B34F-7604630A9F91}
		{EB01B57A-E575-4846-A532-D31871525CAD} = {7E2E1932-1705-46FB-B226-8C3010283F2E}
		{543F7A6A-6BC5-4C29-AF73-65862C24CBF0} = {7E2E1932-1705-46FB-B226-8C3010283F2E}
		{9742B7F7-4170-433C-A9EF-71A659964078} = {EB01B57A-E575-4846-A532-D31871525CAD}
		{0BB9C556-3B40-496B-9300-C59609AF3C45} = {543F7A6A-6BC5-4C29-AF73-65862C24CBF0}
		{786B8DFC-B34B-4B30-8E6A-F549CA21914E} = {AB48E615-1CF0-481E-9520-CD5F60EBA86B}
		{A2B32437-E325-46F3-936C-58F625B51BBD} = {AB48E615-1CF0-481E-9520-CD5F60EBA86B}
		{B9EDDE3F-37BB-4B9A-9AE7-1E3693BE065C} = {786B8DFC-B34B-4B30-8E6A-F549CA21914E}
		{4C6016C3-1861-4A34-80A8-6EE2C2327330} = {A2B32437-E325-46F3-936C-58F625B51BBD}
		{C627D5B3-2B98-4CF2-9BC0-80675E2308A6} = {A8A211D3-A4A0-404C-94C0-9F268E74785E}
	EndGlobalSection
EndGlobal
