
Microsoft Visual Studio Solution File, Format Version 10.00
# Visual Studio 2008
Project("{FAE04EC0-301F-11D3-BF4B-00C04F79EFBC}") = "ProjectForTemplate", "ProjectForTemplate\ProjectForTemplate.csproj", "{577563AE-A660-4C6A-ACAF-E827CB258F2E}"
EndProject
Project("{FAE04EC0-301F-11D3-BF4B-00C04F79EFBC}") = "ProjectForTemplateSL", "ProjectForTemplate (SL)\ProjectForTemplateSL.csproj", "{7B1C46B4-75F3-492B-BA69-854EECDAB588}"
EndProject
Global
	GlobalSection(TeamFoundationVersionControl) = preSolution
		SccNumberOfProjects = 3
		SccEnterpriseProvider = {4CA58AB2-18FA-4F8D-95D4-32DDF27D184C}
		SccTeamFoundationServer = https://tfs08.codeplex.com/
		SccLocalPath0 = .
		SccProjectUniqueName1 = ProjectForTemplate\\ProjectForTemplate.csproj
		SccProjectName1 = ProjectForTemplate
		SccLocalPath1 = ProjectForTemplate
		SccProjectUniqueName2 = ProjectForTemplate\u0020(SL)\\ProjectForTemplateSL.csproj
		SccProjectName2 = ProjectForTemplate\u0020(SL)
		SccLocalPath2 = ProjectForTemplate\u0020(SL)
	EndGlobalSection
	GlobalSection(SolutionConfigurationPlatforms) = preSolution
		Debug|Any CPU = Debug|Any CPU
		Release|Any CPU = Release|Any CPU
	EndGlobalSection
	GlobalSection(ProjectConfigurationPlatforms) = postSolution
		{577563AE-A660-4C6A-ACAF-E827CB258F2E}.Debug|Any CPU.ActiveCfg = Debug|Any CPU
		{577563AE-A660-4C6A-ACAF-E827CB258F2E}.Debug|Any CPU.Build.0 = Debug|Any CPU
		{577563AE-A660-4C6A-ACAF-E827CB258F2E}.Release|Any CPU.ActiveCfg = Release|Any CPU
		{577563AE-A660-4C6A-ACAF-E827CB258F2E}.Release|Any CPU.Build.0 = Release|Any CPU
		{7B1C46B4-75F3-492B-BA69-854EECDAB588}.Debug|Any CPU.ActiveCfg = Debug|Any CPU
		{7B1C46B4-75F3-492B-BA69-854EECDAB588}.Debug|Any CPU.Build.0 = Debug|Any CPU
		{7B1C46B4-75F3-492B-BA69-854EECDAB588}.Release|Any CPU.ActiveCfg = Release|Any CPU
		{7B1C46B4-75F3-492B-BA69-854EECDAB588}.Release|Any CPU.Build.0 = Release|Any CPU
	EndGlobalSection
	GlobalSection(SolutionProperties) = preSolution
		HideSolutionNode = FALSE
	EndGlobalSection
EndGlobal
