
Microsoft Visual Studio Solution File, Format Version 12.00
# Visual Studio 15
VisualStudioVersion = 15.0.26730.10
MinimumVisualStudioVersion = 10.0.40219.1
Project("{FAE04EC0-301F-11D3-BF4B-00C04F79EFBC}") = "DispatcherHelperSampleStd.WPF", "DispatcherHelperSampleStd\DispatcherHelperSampleStd.WPF.csproj", "{9F2B12D3-A9D0-4808-97EA-DDC00E45CC2E}"
EndProject
Project("{9A19103F-16F7-4668-BE54-9A1E7A4F7556}") = "DispatcherHelperSampleStd.Data", "DispatcherHelperSampleStd.Data\DispatcherHelperSampleStd.Data.csproj", "{DBC15D6C-8DA1-40A3-81C2-1215C1793906}"
EndProject
Project("{FAE04EC0-301F-11D3-BF4B-00C04F79EFBC}") = "DispatcherHelperSampleStd.Uwp", "DispatcherHelperSampleStd.Uwp\DispatcherHelperSampleStd.Uwp.csproj", "{54A2F279-DDE0-4899-80A2-F1494E881ED2}"
EndProject
Global
	GlobalSection(SolutionConfigurationPlatforms) = preSolution
		Debug|Any CPU = Debug|Any CPU
		Debug|ARM = Debug|ARM
		Debug|x64 = Debug|x64
		Debug|x86 = Debug|x86
		Release|Any CPU = Release|Any CPU
		Release|ARM = Release|ARM
		Release|x64 = Release|x64
		Release|x86 = Release|x86
	EndGlobalSection
	GlobalSection(ProjectConfigurationPlatforms) = postSolution
		{9F2B12D3-A9D0-4808-97EA-DDC00E45CC2E}.Debug|Any CPU.ActiveCfg = Debug|Any CPU
		{9F2B12D3-A9D0-4808-97EA-DDC00E45CC2E}.Debug|Any CPU.Build.0 = Debug|Any CPU
		{9F2B12D3-A9D0-4808-97EA-DDC00E45CC2E}.Debug|ARM.ActiveCfg = Debug|Any CPU
		{9F2B12D3-A9D0-4808-97EA-DDC00E45CC2E}.Debug|ARM.Build.0 = Debug|Any CPU
		{9F2B12D3-A9D0-4808-97EA-DDC00E45CC2E}.Debug|x64.ActiveCfg = Debug|Any CPU
		{9F2B12D3-A9D0-4808-97EA-DDC00E45CC2E}.Debug|x64.Build.0 = Debug|Any CPU
		{9F2B12D3-A9D0-4808-97EA-DDC00E45CC2E}.Debug|x86.ActiveCfg = Debug|Any CPU
		{9F2B12D3-A9D0-4808-97EA-DDC00E45CC2E}.Debug|x86.Build.0 = Debug|Any CPU
		{9F2B12D3-A9D0-4808-97EA-DDC00E45CC2E}.Release|Any CPU.ActiveCfg = Release|Any CPU
		{9F2B12D3-A9D0-4808-97EA-DDC00E45CC2E}.Release|Any CPU.Build.0 = Release|Any CPU
		{9F2B12D3-A9D0-4808-97EA-DDC00E45CC2E}.Release|ARM.ActiveCfg = Release|Any CPU
		{9F2B12D3-A9D0-4808-97EA-DDC00E45CC2E}.Release|ARM.Build.0 = Release|Any CPU
		{9F2B12D3-A9D0-4808-97EA-DDC00E45CC2E}.Release|x64.ActiveCfg = Release|Any CPU
		{9F2B12D3-A9D0-4808-97EA-DDC00E45CC2E}.Release|x64.Build.0 = Release|Any CPU
		{9F2B12D3-A9D0-4808-97EA-DDC00E45CC2E}.Release|x86.ActiveCfg = Release|Any CPU
		{9F2B12D3-A9D0-4808-97EA-DDC00E45CC2E}.Release|x86.Build.0 = Release|Any CPU
		{DBC15D6C-8DA1-40A3-81C2-1215C1793906}.Debug|Any CPU.ActiveCfg = Debug|Any CPU
		{DBC15D6C-8DA1-40A3-81C2-1215C1793906}.Debug|Any CPU.Build.0 = Debug|Any CPU
		{DBC15D6C-8DA1-40A3-81C2-1215C1793906}.Debug|ARM.ActiveCfg = Debug|Any CPU
		{DBC15D6C-8DA1-40A3-81C2-1215C1793906}.Debug|ARM.Build.0 = Debug|Any CPU
		{DBC15D6C-8DA1-40A3-81C2-1215C1793906}.Debug|x64.ActiveCfg = Debug|Any CPU
		{DBC15D6C-8DA1-40A3-81C2-1215C1793906}.Debug|x64.Build.0 = Debug|Any CPU
		{DBC15D6C-8DA1-40A3-81C2-1215C1793906}.Debug|x86.ActiveCfg = Debug|Any CPU
		{DBC15D6C-8DA1-40A3-81C2-1215C1793906}.Debug|x86.Build.0 = Debug|Any CPU
		{DBC15D6C-8DA1-40A3-81C2-1215C1793906}.Release|Any CPU.ActiveCfg = Release|Any CPU
		{DBC15D6C-8DA1-40A3-81C2-1215C1793906}.Release|Any CPU.Build.0 = Release|Any CPU
		{DBC15D6C-8DA1-40A3-81C2-1215C1793906}.Release|ARM.ActiveCfg = Release|Any CPU
		{DBC15D6C-8DA1-40A3-81C2-1215C1793906}.Release|ARM.Build.0 = Release|Any CPU
		{DBC15D6C-8DA1-40A3-81C2-1215C1793906}.Release|x64.ActiveCfg = Release|Any CPU
		{DBC15D6C-8DA1-40A3-81C2-1215C1793906}.Release|x64.Build.0 = Release|Any CPU
		{DBC15D6C-8DA1-40A3-81C2-1215C1793906}.Release|x86.ActiveCfg = Release|Any CPU
		{DBC15D6C-8DA1-40A3-81C2-1215C1793906}.Release|x86.Build.0 = Release|Any CPU
		{54A2F279-DDE0-4899-80A2-F1494E881ED2}.Debug|Any CPU.ActiveCfg = Debug|x86
		{54A2F279-DDE0-4899-80A2-F1494E881ED2}.Debug|Any CPU.Build.0 = Debug|x86
		{54A2F279-DDE0-4899-80A2-F1494E881ED2}.Debug|Any CPU.Deploy.0 = Debug|x86
		{54A2F279-DDE0-4899-80A2-F1494E881ED2}.Debug|ARM.ActiveCfg = Debug|ARM
		{54A2F279-DDE0-4899-80A2-F1494E881ED2}.Debug|ARM.Build.0 = Debug|ARM
		{54A2F279-DDE0-4899-80A2-F1494E881ED2}.Debug|ARM.Deploy.0 = Debug|ARM
		{54A2F279-DDE0-4899-80A2-F1494E881ED2}.Debug|x64.ActiveCfg = Debug|x64
		{54A2F279-DDE0-4899-80A2-F1494E881ED2}.Debug|x64.Build.0 = Debug|x64
		{54A2F279-DDE0-4899-80A2-F1494E881ED2}.Debug|x64.Deploy.0 = Debug|x64
		{54A2F279-DDE0-4899-80A2-F1494E881ED2}.Debug|x86.ActiveCfg = Debug|x86
		{54A2F279-DDE0-4899-80A2-F1494E881ED2}.Debug|x86.Build.0 = Debug|x86
		{54A2F279-DDE0-4899-80A2-F1494E881ED2}.Debug|x86.Deploy.0 = Debug|x86
		{54A2F279-DDE0-4899-80A2-F1494E881ED2}.Release|Any CPU.ActiveCfg = Release|x86
		{54A2F279-DDE0-4899-80A2-F1494E881ED2}.Release|ARM.ActiveCfg = Release|ARM
		{54A2F279-DDE0-4899-80A2-F1494E881ED2}.Release|ARM.Build.0 = Release|ARM
		{54A2F279-DDE0-4899-80A2-F1494E881ED2}.Release|ARM.Deploy.0 = Release|ARM
		{54A2F279-DDE0-4899-80A2-F1494E881ED2}.Release|x64.ActiveCfg = Release|x64
		{54A2F279-DDE0-4899-80A2-F1494E881ED2}.Release|x64.Build.0 = Release|x64
		{54A2F279-DDE0-4899-80A2-F1494E881ED2}.Release|x64.Deploy.0 = Release|x64
		{54A2F279-DDE0-4899-80A2-F1494E881ED2}.Release|x86.ActiveCfg = Release|x86
		{54A2F279-DDE0-4899-80A2-F1494E881ED2}.Release|x86.Build.0 = Release|x86
		{54A2F279-DDE0-4899-80A2-F1494E881ED2}.Release|x86.Deploy.0 = Release|x86
	EndGlobalSection
	GlobalSection(SolutionProperties) = preSolution
		HideSolutionNode = FALSE
	EndGlobalSection
	GlobalSection(ExtensibilityGlobals) = postSolution
		SolutionGuid = {BD48AD54-3F15-4857-9BC6-2BAA8BEEBFE3}
	EndGlobalSection
EndGlobal
