
Microsoft Visual Studio Solution File, Format Version 12.00
# Visual Studio 2013
VisualStudioVersion = 12.0.31101.0
MinimumVisualStudioVersion = 10.0.40219.1
Project("{FAE04EC0-301F-11D3-BF4B-00C04F79EFBC}") = "Flowers.Forms", "Flowers.Forms\Flowers.Forms\Flowers.Forms.csproj", "{7DC44198-9395-42F8-80EE-09E33ADDF2E0}"
EndProject
Project("{FAE04EC0-301F-11D3-BF4B-00C04F79EFBC}") = "Flowers.Forms.iOS", "Flowers.Forms\Flowers.Forms.iOS\Flowers.Forms.iOS.csproj", "{FA9C15ED-AEF6-428E-9150-BBBCF8BADF06}"
EndProject
Project("{FAE04EC0-301F-11D3-BF4B-00C04F79EFBC}") = "Flowers.Forms.Droid", "Flowers.Forms\Flowers.Forms.Droid\Flowers.Forms.Droid.csproj", "{B4D4B7A6-6C17-42A8-9308-8DC203C13835}"
EndProject
Project("{FAE04EC0-301F-11D3-BF4B-00C04F79EFBC}") = "Flowers.Forms.WinPhone", "Flowers.Forms\Flowers.Forms.WinPhone\Flowers.Forms.WinPhone.csproj", "{DE6C6A7E-0626-4F67-8564-DFF4290BEBD7}"
EndProject
Project("{FAE04EC0-301F-11D3-BF4B-00C04F79EFBC}") = "Flowers.Data", "..\..\..\..\..\..\MvvmLight\Source\Samples\Flowers\Flowers.Data\Flowers.Data.csproj", "{B18D0858-91E0-4DC3-B711-0435818DB286}"
EndProject
Global
	GlobalSection(SolutionConfigurationPlatforms) = preSolution
		Ad-Hoc|Any CPU = Ad-Hoc|Any CPU
		Ad-Hoc|ARM = Ad-Hoc|ARM
		Ad-Hoc|iPhone = Ad-Hoc|iPhone
		Ad-Hoc|iPhoneSimulator = Ad-Hoc|iPhoneSimulator
		Ad-Hoc|Mixed Platforms = Ad-Hoc|Mixed Platforms
		Ad-Hoc|x86 = Ad-Hoc|x86
		AppStore|Any CPU = AppStore|Any CPU
		AppStore|ARM = AppStore|ARM
		AppStore|iPhone = AppStore|iPhone
		AppStore|iPhoneSimulator = AppStore|iPhoneSimulator
		AppStore|Mixed Platforms = AppStore|Mixed Platforms
		AppStore|x86 = AppStore|x86
		Debug|Any CPU = Debug|Any CPU
		Debug|ARM = Debug|ARM
		Debug|iPhone = Debug|iPhone
		Debug|iPhoneSimulator = Debug|iPhoneSimulator
		Debug|Mixed Platforms = Debug|Mixed Platforms
		Debug|x86 = Debug|x86
		Release|Any CPU = Release|Any CPU
		Release|ARM = Release|ARM
		Release|iPhone = Release|iPhone
		Release|iPhoneSimulator = Release|iPhoneSimulator
		Release|Mixed Platforms = Release|Mixed Platforms
		Release|x86 = Release|x86
	EndGlobalSection
	GlobalSection(ProjectConfigurationPlatforms) = postSolution
		{7DC44198-9395-42F8-80EE-09E33ADDF2E0}.Ad-Hoc|Any CPU.ActiveCfg = Release|Any CPU
		{7DC44198-9395-42F8-80EE-09E33ADDF2E0}.Ad-Hoc|Any CPU.Build.0 = Release|Any CPU
		{7DC44198-9395-42F8-80EE-09E33ADDF2E0}.Ad-Hoc|ARM.ActiveCfg = Release|Any CPU
		{7DC44198-9395-42F8-80EE-09E33ADDF2E0}.Ad-Hoc|iPhone.ActiveCfg = Release|Any CPU
		{7DC44198-9395-42F8-80EE-09E33ADDF2E0}.Ad-Hoc|iPhoneSimulator.ActiveCfg = Release|Any CPU
		{7DC44198-9395-42F8-80EE-09E33ADDF2E0}.Ad-Hoc|Mixed Platforms.ActiveCfg = Release|Any CPU
		{7DC44198-9395-42F8-80EE-09E33ADDF2E0}.Ad-Hoc|Mixed Platforms.Build.0 = Release|Any CPU
		{7DC44198-9395-42F8-80EE-09E33ADDF2E0}.Ad-Hoc|x86.ActiveCfg = Release|Any CPU
		{7DC44198-9395-42F8-80EE-09E33ADDF2E0}.AppStore|Any CPU.ActiveCfg = Release|Any CPU
		{7DC44198-9395-42F8-80EE-09E33ADDF2E0}.AppStore|Any CPU.Build.0 = Release|Any CPU
		{7DC44198-9395-42F8-80EE-09E33ADDF2E0}.AppStore|ARM.ActiveCfg = Release|Any CPU
		{7DC44198-9395-42F8-80EE-09E33ADDF2E0}.AppStore|iPhone.ActiveCfg = Release|Any CPU
		{7DC44198-9395-42F8-80EE-09E33ADDF2E0}.AppStore|iPhoneSimulator.ActiveCfg = Release|Any CPU
		{7DC44198-9395-42F8-80EE-09E33ADDF2E0}.AppStore|Mixed Platforms.ActiveCfg = Release|Any CPU
		{7DC44198-9395-42F8-80EE-09E33ADDF2E0}.AppStore|Mixed Platforms.Build.0 = Release|Any CPU
		{7DC44198-9395-42F8-80EE-09E33ADDF2E0}.AppStore|x86.ActiveCfg = Release|Any CPU
		{7DC44198-9395-42F8-80EE-09E33ADDF2E0}.Debug|Any CPU.ActiveCfg = Debug|Any CPU
		{7DC44198-9395-42F8-80EE-09E33ADDF2E0}.Debug|Any CPU.Build.0 = Debug|Any CPU
		{7DC44198-9395-42F8-80EE-09E33ADDF2E0}.Debug|ARM.ActiveCfg = Debug|Any CPU
		{7DC44198-9395-42F8-80EE-09E33ADDF2E0}.Debug|iPhone.ActiveCfg = Debug|Any CPU
		{7DC44198-9395-42F8-80EE-09E33ADDF2E0}.Debug|iPhoneSimulator.ActiveCfg = Debug|Any CPU
		{7DC44198-9395-42F8-80EE-09E33ADDF2E0}.Debug|iPhoneSimulator.Build.0 = Debug|Any CPU
		{7DC44198-9395-42F8-80EE-09E33ADDF2E0}.Debug|Mixed Platforms.ActiveCfg = Debug|Any CPU
		{7DC44198-9395-42F8-80EE-09E33ADDF2E0}.Debug|Mixed Platforms.Build.0 = Debug|Any CPU
		{7DC44198-9395-42F8-80EE-09E33ADDF2E0}.Debug|x86.ActiveCfg = Debug|Any CPU
		{7DC44198-9395-42F8-80EE-09E33ADDF2E0}.Release|Any CPU.ActiveCfg = Release|Any CPU
		{7DC44198-9395-42F8-80EE-09E33ADDF2E0}.Release|Any CPU.Build.0 = Release|Any CPU
		{7DC44198-9395-42F8-80EE-09E33ADDF2E0}.Release|ARM.ActiveCfg = Release|Any CPU
		{7DC44198-9395-42F8-80EE-09E33ADDF2E0}.Release|iPhone.ActiveCfg = Release|Any CPU
		{7DC44198-9395-42F8-80EE-09E33ADDF2E0}.Release|iPhoneSimulator.ActiveCfg = Release|Any CPU
		{7DC44198-9395-42F8-80EE-09E33ADDF2E0}.Release|Mixed Platforms.ActiveCfg = Release|Any CPU
		{7DC44198-9395-42F8-80EE-09E33ADDF2E0}.Release|Mixed Platforms.Build.0 = Release|Any CPU
		{7DC44198-9395-42F8-80EE-09E33ADDF2E0}.Release|x86.ActiveCfg = Release|Any CPU
		{FA9C15ED-AEF6-428E-9150-BBBCF8BADF06}.Ad-Hoc|Any CPU.ActiveCfg = Ad-Hoc|iPhone
		{FA9C15ED-AEF6-428E-9150-BBBCF8BADF06}.Ad-Hoc|ARM.ActiveCfg = Ad-Hoc|iPhone
		{FA9C15ED-AEF6-428E-9150-BBBCF8BADF06}.Ad-Hoc|iPhone.ActiveCfg = Ad-Hoc|iPhone
		{FA9C15ED-AEF6-428E-9150-BBBCF8BADF06}.Ad-Hoc|iPhone.Build.0 = Ad-Hoc|iPhone
		{FA9C15ED-AEF6-428E-9150-BBBCF8BADF06}.Ad-Hoc|iPhoneSimulator.ActiveCfg = Ad-Hoc|iPhoneSimulator
		{FA9C15ED-AEF6-428E-9150-BBBCF8BADF06}.Ad-Hoc|iPhoneSimulator.Build.0 = Ad-Hoc|iPhoneSimulator
		{FA9C15ED-AEF6-428E-9150-BBBCF8BADF06}.Ad-Hoc|Mixed Platforms.ActiveCfg = Ad-Hoc|iPhone
		{FA9C15ED-AEF6-428E-9150-BBBCF8BADF06}.Ad-Hoc|Mixed Platforms.Build.0 = Ad-Hoc|iPhone
		{FA9C15ED-AEF6-428E-9150-BBBCF8BADF06}.Ad-Hoc|x86.ActiveCfg = Ad-Hoc|iPhone
		{FA9C15ED-AEF6-428E-9150-BBBCF8BADF06}.AppStore|Any CPU.ActiveCfg = AppStore|iPhone
		{FA9C15ED-AEF6-428E-9150-BBBCF8BADF06}.AppStore|ARM.ActiveCfg = AppStore|iPhone
		{FA9C15ED-AEF6-428E-9150-BBBCF8BADF06}.AppStore|iPhone.ActiveCfg = AppStore|iPhone
		{FA9C15ED-AEF6-428E-9150-BBBCF8BADF06}.AppStore|iPhone.Build.0 = AppStore|iPhone
		{FA9C15ED-AEF6-428E-9150-BBBCF8BADF06}.AppStore|iPhoneSimulator.ActiveCfg = AppStore|iPhoneSimulator
		{FA9C15ED-AEF6-428E-9150-BBBCF8BADF06}.AppStore|iPhoneSimulator.Build.0 = AppStore|iPhoneSimulator
		{FA9C15ED-AEF6-428E-9150-BBBCF8BADF06}.AppStore|Mixed Platforms.ActiveCfg = AppStore|iPhone
		{FA9C15ED-AEF6-428E-9150-BBBCF8BADF06}.AppStore|Mixed Platforms.Build.0 = AppStore|iPhone
		{FA9C15ED-AEF6-428E-9150-BBBCF8BADF06}.AppStore|x86.ActiveCfg = AppStore|iPhone
		{FA9C15ED-AEF6-428E-9150-BBBCF8BADF06}.Debug|Any CPU.ActiveCfg = Debug|iPhone
		{FA9C15ED-AEF6-428E-9150-BBBCF8BADF06}.Debug|ARM.ActiveCfg = Debug|iPhone
		{FA9C15ED-AEF6-428E-9150-BBBCF8BADF06}.Debug|iPhone.ActiveCfg = Debug|iPhone
		{FA9C15ED-AEF6-428E-9150-BBBCF8BADF06}.Debug|iPhone.Build.0 = Debug|iPhone
		{FA9C15ED-AEF6-428E-9150-BBBCF8BADF06}.Debug|iPhoneSimulator.ActiveCfg = Debug|iPhoneSimulator
		{FA9C15ED-AEF6-428E-9150-BBBCF8BADF06}.Debug|iPhoneSimulator.Build.0 = Debug|iPhoneSimulator
		{FA9C15ED-AEF6-428E-9150-BBBCF8BADF06}.Debug|Mixed Platforms.ActiveCfg = Debug|iPhone
		{FA9C15ED-AEF6-428E-9150-BBBCF8BADF06}.Debug|Mixed Platforms.Build.0 = Debug|iPhone
		{FA9C15ED-AEF6-428E-9150-BBBCF8BADF06}.Debug|x86.ActiveCfg = Debug|iPhone
		{FA9C15ED-AEF6-428E-9150-BBBCF8BADF06}.Release|Any CPU.ActiveCfg = Release|iPhone
		{FA9C15ED-AEF6-428E-9150-BBBCF8BADF06}.Release|ARM.ActiveCfg = Release|iPhone
		{FA9C15ED-AEF6-428E-9150-BBBCF8BADF06}.Release|iPhone.ActiveCfg = Release|iPhone
		{FA9C15ED-AEF6-428E-9150-BBBCF8BADF06}.Release|iPhone.Build.0 = Release|iPhone
		{FA9C15ED-AEF6-428E-9150-BBBCF8BADF06}.Release|iPhoneSimulator.ActiveCfg = Release|iPhoneSimulator
		{FA9C15ED-AEF6-428E-9150-BBBCF8BADF06}.Release|iPhoneSimulator.Build.0 = Release|iPhoneSimulator
		{FA9C15ED-AEF6-428E-9150-BBBCF8BADF06}.Release|Mixed Platforms.ActiveCfg = Release|iPhone
		{FA9C15ED-AEF6-428E-9150-BBBCF8BADF06}.Release|Mixed Platforms.Build.0 = Release|iPhone
		{FA9C15ED-AEF6-428E-9150-BBBCF8BADF06}.Release|x86.ActiveCfg = Release|iPhone
		{B4D4B7A6-6C17-42A8-9308-8DC203C13835}.Ad-Hoc|Any CPU.ActiveCfg = Release|Any CPU
		{B4D4B7A6-6C17-42A8-9308-8DC203C13835}.Ad-Hoc|Any CPU.Build.0 = Release|Any CPU
		{B4D4B7A6-6C17-42A8-9308-8DC203C13835}.Ad-Hoc|Any CPU.Deploy.0 = Release|Any CPU
		{B4D4B7A6-6C17-42A8-9308-8DC203C13835}.Ad-Hoc|ARM.ActiveCfg = Release|Any CPU
		{B4D4B7A6-6C17-42A8-9308-8DC203C13835}.Ad-Hoc|iPhone.ActiveCfg = Release|Any CPU
		{B4D4B7A6-6C17-42A8-9308-8DC203C13835}.Ad-Hoc|iPhoneSimulator.ActiveCfg = Release|Any CPU
		{B4D4B7A6-6C17-42A8-9308-8DC203C13835}.Ad-Hoc|Mixed Platforms.ActiveCfg = Release|Any CPU
		{B4D4B7A6-6C17-42A8-9308-8DC203C13835}.Ad-Hoc|Mixed Platforms.Build.0 = Release|Any CPU
		{B4D4B7A6-6C17-42A8-9308-8DC203C13835}.Ad-Hoc|Mixed Platforms.Deploy.0 = Release|Any CPU
		{B4D4B7A6-6C17-42A8-9308-8DC203C13835}.Ad-Hoc|x86.ActiveCfg = Release|Any CPU
		{B4D4B7A6-6C17-42A8-9308-8DC203C13835}.AppStore|Any CPU.ActiveCfg = Release|Any CPU
		{B4D4B7A6-6C17-42A8-9308-8DC203C13835}.AppStore|Any CPU.Build.0 = Release|Any CPU
		{B4D4B7A6-6C17-42A8-9308-8DC203C13835}.AppStore|Any CPU.Deploy.0 = Release|Any CPU
		{B4D4B7A6-6C17-42A8-9308-8DC203C13835}.AppStore|ARM.ActiveCfg = Release|Any CPU
		{B4D4B7A6-6C17-42A8-9308-8DC203C13835}.AppStore|iPhone.ActiveCfg = Release|Any CPU
		{B4D4B7A6-6C17-42A8-9308-8DC203C13835}.AppStore|iPhoneSimulator.ActiveCfg = Release|Any CPU
		{B4D4B7A6-6C17-42A8-9308-8DC203C13835}.AppStore|Mixed Platforms.ActiveCfg = Release|Any CPU
		{B4D4B7A6-6C17-42A8-9308-8DC203C13835}.AppStore|Mixed Platforms.Build.0 = Release|Any CPU
		{B4D4B7A6-6C17-42A8-9308-8DC203C13835}.AppStore|Mixed Platforms.Deploy.0 = Release|Any CPU
		{B4D4B7A6-6C17-42A8-9308-8DC203C13835}.AppStore|x86.ActiveCfg = Release|Any CPU
		{B4D4B7A6-6C17-42A8-9308-8DC203C13835}.Debug|Any CPU.ActiveCfg = Debug|Any CPU
		{B4D4B7A6-6C17-42A8-9308-8DC203C13835}.Debug|Any CPU.Build.0 = Debug|Any CPU
		{B4D4B7A6-6C17-42A8-9308-8DC203C13835}.Debug|Any CPU.Deploy.0 = Debug|Any CPU
		{B4D4B7A6-6C17-42A8-9308-8DC203C13835}.Debug|ARM.ActiveCfg = Debug|Any CPU
		{B4D4B7A6-6C17-42A8-9308-8DC203C13835}.Debug|iPhone.ActiveCfg = Debug|Any CPU
		{B4D4B7A6-6C17-42A8-9308-8DC203C13835}.Debug|iPhoneSimulator.ActiveCfg = Debug|Any CPU
		{B4D4B7A6-6C17-42A8-9308-8DC203C13835}.Debug|Mixed Platforms.ActiveCfg = Debug|Any CPU
		{B4D4B7A6-6C17-42A8-9308-8DC203C13835}.Debug|Mixed Platforms.Build.0 = Debug|Any CPU
		{B4D4B7A6-6C17-42A8-9308-8DC203C13835}.Debug|Mixed Platforms.Deploy.0 = Debug|Any CPU
		{B4D4B7A6-6C17-42A8-9308-8DC203C13835}.Debug|x86.ActiveCfg = Debug|Any CPU
		{B4D4B7A6-6C17-42A8-9308-8DC203C13835}.Release|Any CPU.ActiveCfg = Release|Any CPU
		{B4D4B7A6-6C17-42A8-9308-8DC203C13835}.Release|Any CPU.Build.0 = Release|Any CPU
		{B4D4B7A6-6C17-42A8-9308-8DC203C13835}.Release|Any CPU.Deploy.0 = Release|Any CPU
		{B4D4B7A6-6C17-42A8-9308-8DC203C13835}.Release|ARM.ActiveCfg = Release|Any CPU
		{B4D4B7A6-6C17-42A8-9308-8DC203C13835}.Release|iPhone.ActiveCfg = Release|Any CPU
		{B4D4B7A6-6C17-42A8-9308-8DC203C13835}.Release|iPhoneSimulator.ActiveCfg = Release|Any CPU
		{B4D4B7A6-6C17-42A8-9308-8DC203C13835}.Release|Mixed Platforms.ActiveCfg = Release|Any CPU
		{B4D4B7A6-6C17-42A8-9308-8DC203C13835}.Release|Mixed Platforms.Build.0 = Release|Any CPU
		{B4D4B7A6-6C17-42A8-9308-8DC203C13835}.Release|Mixed Platforms.Deploy.0 = Release|Any CPU
		{B4D4B7A6-6C17-42A8-9308-8DC203C13835}.Release|x86.ActiveCfg = Release|Any CPU
		{DE6C6A7E-0626-4F67-8564-DFF4290BEBD7}.Ad-Hoc|Any CPU.ActiveCfg = Release|Any CPU
		{DE6C6A7E-0626-4F67-8564-DFF4290BEBD7}.Ad-Hoc|Any CPU.Build.0 = Release|Any CPU
		{DE6C6A7E-0626-4F67-8564-DFF4290BEBD7}.Ad-Hoc|Any CPU.Deploy.0 = Release|Any CPU
		{DE6C6A7E-0626-4F67-8564-DFF4290BEBD7}.Ad-Hoc|ARM.ActiveCfg = Release|ARM
		{DE6C6A7E-0626-4F67-8564-DFF4290BEBD7}.Ad-Hoc|ARM.Build.0 = Release|ARM
		{DE6C6A7E-0626-4F67-8564-DFF4290BEBD7}.Ad-Hoc|ARM.Deploy.0 = Release|ARM
		{DE6C6A7E-0626-4F67-8564-DFF4290BEBD7}.Ad-Hoc|iPhone.ActiveCfg = Release|Any CPU
		{DE6C6A7E-0626-4F67-8564-DFF4290BEBD7}.Ad-Hoc|iPhoneSimulator.ActiveCfg = Release|Any CPU
		{DE6C6A7E-0626-4F67-8564-DFF4290BEBD7}.Ad-Hoc|Mixed Platforms.ActiveCfg = Release|x86
		{DE6C6A7E-0626-4F67-8564-DFF4290BEBD7}.Ad-Hoc|Mixed Platforms.Build.0 = Release|x86
		{DE6C6A7E-0626-4F67-8564-DFF4290BEBD7}.Ad-Hoc|Mixed Platforms.Deploy.0 = Release|x86
		{DE6C6A7E-0626-4F67-8564-DFF4290BEBD7}.Ad-Hoc|x86.ActiveCfg = Release|x86
		{DE6C6A7E-0626-4F67-8564-DFF4290BEBD7}.Ad-Hoc|x86.Build.0 = Release|x86
		{DE6C6A7E-0626-4F67-8564-DFF4290BEBD7}.Ad-Hoc|x86.Deploy.0 = Release|x86
		{DE6C6A7E-0626-4F67-8564-DFF4290BEBD7}.AppStore|Any CPU.ActiveCfg = Release|Any CPU
		{DE6C6A7E-0626-4F67-8564-DFF4290BEBD7}.AppStore|Any CPU.Build.0 = Release|Any CPU
		{DE6C6A7E-0626-4F67-8564-DFF4290BEBD7}.AppStore|Any CPU.Deploy.0 = Release|Any CPU
		{DE6C6A7E-0626-4F67-8564-DFF4290BEBD7}.AppStore|ARM.ActiveCfg = Release|ARM
		{DE6C6A7E-0626-4F67-8564-DFF4290BEBD7}.AppStore|ARM.Build.0 = Release|ARM
		{DE6C6A7E-0626-4F67-8564-DFF4290BEBD7}.AppStore|ARM.Deploy.0 = Release|ARM
		{DE6C6A7E-0626-4F67-8564-DFF4290BEBD7}.AppStore|iPhone.ActiveCfg = Release|Any CPU
		{DE6C6A7E-0626-4F67-8564-DFF4290BEBD7}.AppStore|iPhoneSimulator.ActiveCfg = Release|Any CPU
		{DE6C6A7E-0626-4F67-8564-DFF4290BEBD7}.AppStore|Mixed Platforms.ActiveCfg = Release|x86
		{DE6C6A7E-0626-4F67-8564-DFF4290BEBD7}.AppStore|Mixed Platforms.Build.0 = Release|x86
		{DE6C6A7E-0626-4F67-8564-DFF4290BEBD7}.AppStore|Mixed Platforms.Deploy.0 = Release|x86
		{DE6C6A7E-0626-4F67-8564-DFF4290BEBD7}.AppStore|x86.ActiveCfg = Release|x86
		{DE6C6A7E-0626-4F67-8564-DFF4290BEBD7}.AppStore|x86.Build.0 = Release|x86
		{DE6C6A7E-0626-4F67-8564-DFF4290BEBD7}.AppStore|x86.Deploy.0 = Release|x86
		{DE6C6A7E-0626-4F67-8564-DFF4290BEBD7}.Debug|Any CPU.ActiveCfg = Debug|Any CPU
		{DE6C6A7E-0626-4F67-8564-DFF4290BEBD7}.Debug|Any CPU.Build.0 = Debug|Any CPU
		{DE6C6A7E-0626-4F67-8564-DFF4290BEBD7}.Debug|Any CPU.Deploy.0 = Debug|Any CPU
		{DE6C6A7E-0626-4F67-8564-DFF4290BEBD7}.Debug|ARM.ActiveCfg = Debug|ARM
		{DE6C6A7E-0626-4F67-8564-DFF4290BEBD7}.Debug|ARM.Build.0 = Debug|ARM
		{DE6C6A7E-0626-4F67-8564-DFF4290BEBD7}.Debug|ARM.Deploy.0 = Debug|ARM
		{DE6C6A7E-0626-4F67-8564-DFF4290BEBD7}.Debug|iPhone.ActiveCfg = Debug|Any CPU
		{DE6C6A7E-0626-4F67-8564-DFF4290BEBD7}.Debug|iPhoneSimulator.ActiveCfg = Debug|Any CPU
		{DE6C6A7E-0626-4F67-8564-DFF4290BEBD7}.Debug|Mixed Platforms.ActiveCfg = Debug|x86
		{DE6C6A7E-0626-4F67-8564-DFF4290BEBD7}.Debug|Mixed Platforms.Build.0 = Debug|x86
		{DE6C6A7E-0626-4F67-8564-DFF4290BEBD7}.Debug|Mixed Platforms.Deploy.0 = Debug|x86
		{DE6C6A7E-0626-4F67-8564-DFF4290BEBD7}.Debug|x86.ActiveCfg = Debug|x86
		{DE6C6A7E-0626-4F67-8564-DFF4290BEBD7}.Debug|x86.Build.0 = Debug|x86
		{DE6C6A7E-0626-4F67-8564-DFF4290BEBD7}.Debug|x86.Deploy.0 = Debug|x86
		{DE6C6A7E-0626-4F67-8564-DFF4290BEBD7}.Release|Any CPU.ActiveCfg = Release|Any CPU
		{DE6C6A7E-0626-4F67-8564-DFF4290BEBD7}.Release|Any CPU.Build.0 = Release|Any CPU
		{DE6C6A7E-0626-4F67-8564-DFF4290BEBD7}.Release|Any CPU.Deploy.0 = Release|Any CPU
		{DE6C6A7E-0626-4F67-8564-DFF4290BEBD7}.Release|ARM.ActiveCfg = Release|ARM
		{DE6C6A7E-0626-4F67-8564-DFF4290BEBD7}.Release|ARM.Build.0 = Release|ARM
		{DE6C6A7E-0626-4F67-8564-DFF4290BEBD7}.Release|ARM.Deploy.0 = Release|ARM
		{DE6C6A7E-0626-4F67-8564-DFF4290BEBD7}.Release|iPhone.ActiveCfg = Release|Any CPU
		{DE6C6A7E-0626-4F67-8564-DFF4290BEBD7}.Release|iPhoneSimulator.ActiveCfg = Release|Any CPU
		{DE6C6A7E-0626-4F67-8564-DFF4290BEBD7}.Release|Mixed Platforms.ActiveCfg = Release|x86
		{DE6C6A7E-0626-4F67-8564-DFF4290BEBD7}.Release|Mixed Platforms.Build.0 = Release|x86
		{DE6C6A7E-0626-4F67-8564-DFF4290BEBD7}.Release|Mixed Platforms.Deploy.0 = Release|x86
		{DE6C6A7E-0626-4F67-8564-DFF4290BEBD7}.Release|x86.ActiveCfg = Release|x86
		{DE6C6A7E-0626-4F67-8564-DFF4290BEBD7}.Release|x86.Build.0 = Release|x86
		{DE6C6A7E-0626-4F67-8564-DFF4290BEBD7}.Release|x86.Deploy.0 = Release|x86
		{B18D0858-91E0-4DC3-B711-0435818DB286}.Ad-Hoc|Any CPU.ActiveCfg = Release|Any CPU
		{B18D0858-91E0-4DC3-B711-0435818DB286}.Ad-Hoc|Any CPU.Build.0 = Release|Any CPU
		{B18D0858-91E0-4DC3-B711-0435818DB286}.Ad-Hoc|ARM.ActiveCfg = Release|Any CPU
		{B18D0858-91E0-4DC3-B711-0435818DB286}.Ad-Hoc|iPhone.ActiveCfg = Release|Any CPU
		{B18D0858-91E0-4DC3-B711-0435818DB286}.Ad-Hoc|iPhoneSimulator.ActiveCfg = Release|Any CPU
		{B18D0858-91E0-4DC3-B711-0435818DB286}.Ad-Hoc|Mixed Platforms.ActiveCfg = Release|Any CPU
		{B18D0858-91E0-4DC3-B711-0435818DB286}.Ad-Hoc|Mixed Platforms.Build.0 = Release|Any CPU
		{B18D0858-91E0-4DC3-B711-0435818DB286}.Ad-Hoc|x86.ActiveCfg = Release|Any CPU
		{B18D0858-91E0-4DC3-B711-0435818DB286}.AppStore|Any CPU.ActiveCfg = Release|Any CPU
		{B18D0858-91E0-4DC3-B711-0435818DB286}.AppStore|Any CPU.Build.0 = Release|Any CPU
		{B18D0858-91E0-4DC3-B711-0435818DB286}.AppStore|ARM.ActiveCfg = Release|Any CPU
		{B18D0858-91E0-4DC3-B711-0435818DB286}.AppStore|iPhone.ActiveCfg = Release|Any CPU
		{B18D0858-91E0-4DC3-B711-0435818DB286}.AppStore|iPhoneSimulator.ActiveCfg = Release|Any CPU
		{B18D0858-91E0-4DC3-B711-0435818DB286}.AppStore|Mixed Platforms.ActiveCfg = Release|Any CPU
		{B18D0858-91E0-4DC3-B711-0435818DB286}.AppStore|Mixed Platforms.Build.0 = Release|Any CPU
		{B18D0858-91E0-4DC3-B711-0435818DB286}.AppStore|x86.ActiveCfg = Release|Any CPU
		{B18D0858-91E0-4DC3-B711-0435818DB286}.Debug|Any CPU.ActiveCfg = Debug|Any CPU
		{B18D0858-91E0-4DC3-B711-0435818DB286}.Debug|Any CPU.Build.0 = Debug|Any CPU
		{B18D0858-91E0-4DC3-B711-0435818DB286}.Debug|ARM.ActiveCfg = Debug|Any CPU
		{B18D0858-91E0-4DC3-B711-0435818DB286}.Debug|iPhone.ActiveCfg = Debug|Any CPU
		{B18D0858-91E0-4DC3-B711-0435818DB286}.Debug|iPhoneSimulator.ActiveCfg = Debug|Any CPU
		{B18D0858-91E0-4DC3-B711-0435818DB286}.Debug|iPhoneSimulator.Build.0 = Debug|Any CPU
		{B18D0858-91E0-4DC3-B711-0435818DB286}.Debug|iPhoneSimulator.Deploy.0 = Debug|Any CPU
		{B18D0858-91E0-4DC3-B711-0435818DB286}.Debug|Mixed Platforms.ActiveCfg = Debug|Any CPU
		{B18D0858-91E0-4DC3-B711-0435818DB286}.Debug|Mixed Platforms.Build.0 = Debug|Any CPU
		{B18D0858-91E0-4DC3-B711-0435818DB286}.Debug|x86.ActiveCfg = Debug|Any CPU
		{B18D0858-91E0-4DC3-B711-0435818DB286}.Release|Any CPU.ActiveCfg = Release|Any CPU
		{B18D0858-91E0-4DC3-B711-0435818DB286}.Release|Any CPU.Build.0 = Release|Any CPU
		{B18D0858-91E0-4DC3-B711-0435818DB286}.Release|ARM.ActiveCfg = Release|Any CPU
		{B18D0858-91E0-4DC3-B711-0435818DB286}.Release|iPhone.ActiveCfg = Release|Any CPU
		{B18D0858-91E0-4DC3-B711-0435818DB286}.Release|iPhoneSimulator.ActiveCfg = Release|Any CPU
		{B18D0858-91E0-4DC3-B711-0435818DB286}.Release|Mixed Platforms.ActiveCfg = Release|Any CPU
		{B18D0858-91E0-4DC3-B711-0435818DB286}.Release|Mixed Platforms.Build.0 = Release|Any CPU
		{B18D0858-91E0-4DC3-B711-0435818DB286}.Release|x86.ActiveCfg = Release|Any CPU
	EndGlobalSection
	GlobalSection(SolutionProperties) = preSolution
		HideSolutionNode = FALSE
	EndGlobalSection
EndGlobal
