
Microsoft Visual Studio Solution File, Format Version 12.00
# Visual Studio 2013
VisualStudioVersion = 12.0.30723.0
MinimumVisualStudioVersion = 10.0.40219.1
Project("{FAE04EC0-301F-11D3-BF4B-00C04F79EFBC}") = "Flowers.Forms", "Flowers.Forms\Flowers.Forms\Flowers.Forms\Flowers.Forms.csproj", "{39DD9F1A-3C69-4E9F-8EB2-F70CDD11E640}"
EndProject
Project("{FAE04EC0-301F-11D3-BF4B-00C04F79EFBC}") = "Flowers.Forms.iOS", "Flowers.Forms\Flowers.Forms\Flowers.Forms.iOS\Flowers.Forms.iOS.csproj", "{33DC0A60-DE05-4471-9239-2C11D06F0A79}"
EndProject
Project("{FAE04EC0-301F-11D3-BF4B-00C04F79EFBC}") = "Flowers.Forms.Android", "Flowers.Forms\Flowers.Forms\Flowers.Forms.Android\Flowers.Forms.Android.csproj", "{B0806BEB-A8BC-4BCC-9A15-B7B0964258EE}"
EndProject
Project("{FAE04EC0-301F-11D3-BF4B-00C04F79EFBC}") = "Flowers.Forms.WinPhone", "Flowers.Forms\Flowers.Forms\Flowers.Forms.WinPhone\Flowers.Forms.WinPhone.csproj", "{7182F86D-68EA-4301-937D-A464586550CF}"
EndProject
Project("{FAE04EC0-301F-11D3-BF4B-00C04F79EFBC}") = "Flowers.Data", "Flowers.Data\Flowers.Data.csproj", "{B18D0858-91E0-4DC3-B711-0435818DB286}"
EndProject
Global
	GlobalSection(SolutionConfigurationPlatforms) = preSolution
		Ad-Hoc|Any CPU = Ad-Hoc|Any CPU
		Ad-Hoc|ARM = Ad-Hoc|ARM
		Ad-Hoc|iPhone = Ad-Hoc|iPhone
		Ad-Hoc|iPhoneSimulator = Ad-Hoc|iPhoneSimulator
		Ad-Hoc|Mixed Platforms = Ad-Hoc|Mixed Platforms
		Ad-Hoc|x86 = Ad-Hoc|x86
		AppStore|Any CPU = AppStore|Any CPU
		AppStore|ARM = AppStore|ARM
		AppStore|iPhone = AppStore|iPhone
		AppStore|iPhoneSimulator = AppStore|iPhoneSimulator
		AppStore|Mixed Platforms = AppStore|Mixed Platforms
		AppStore|x86 = AppStore|x86
		Debug|Any CPU = Debug|Any CPU
		Debug|ARM = Debug|ARM
		Debug|iPhone = Debug|iPhone
		Debug|iPhoneSimulator = Debug|iPhoneSimulator
		Debug|Mixed Platforms = Debug|Mixed Platforms
		Debug|x86 = Debug|x86
		Release|Any CPU = Release|Any CPU
		Release|ARM = Release|ARM
		Release|iPhone = Release|iPhone
		Release|iPhoneSimulator = Release|iPhoneSimulator
		Release|Mixed Platforms = Release|Mixed Platforms
		Release|x86 = Release|x86
	EndGlobalSection
	GlobalSection(ProjectConfigurationPlatforms) = postSolution
		{39DD9F1A-3C69-4E9F-8EB2-F70CDD11E640}.Ad-Hoc|Any CPU.ActiveCfg = Release|Any CPU
		{39DD9F1A-3C69-4E9F-8EB2-F70CDD11E640}.Ad-Hoc|Any CPU.Build.0 = Release|Any CPU
		{39DD9F1A-3C69-4E9F-8EB2-F70CDD11E640}.Ad-Hoc|ARM.ActiveCfg = Release|Any CPU
		{39DD9F1A-3C69-4E9F-8EB2-F70CDD11E640}.Ad-Hoc|iPhone.ActiveCfg = Release|Any CPU
		{39DD9F1A-3C69-4E9F-8EB2-F70CDD11E640}.Ad-Hoc|iPhoneSimulator.ActiveCfg = Release|Any CPU
		{39DD9F1A-3C69-4E9F-8EB2-F70CDD11E640}.Ad-Hoc|Mixed Platforms.ActiveCfg = Release|Any CPU
		{39DD9F1A-3C69-4E9F-8EB2-F70CDD11E640}.Ad-Hoc|Mixed Platforms.Build.0 = Release|Any CPU
		{39DD9F1A-3C69-4E9F-8EB2-F70CDD11E640}.Ad-Hoc|x86.ActiveCfg = Release|Any CPU
		{39DD9F1A-3C69-4E9F-8EB2-F70CDD11E640}.AppStore|Any CPU.ActiveCfg = Release|Any CPU
		{39DD9F1A-3C69-4E9F-8EB2-F70CDD11E640}.AppStore|Any CPU.Build.0 = Release|Any CPU
		{39DD9F1A-3C69-4E9F-8EB2-F70CDD11E640}.AppStore|ARM.ActiveCfg = Release|Any CPU
		{39DD9F1A-3C69-4E9F-8EB2-F70CDD11E640}.AppStore|iPhone.ActiveCfg = Release|Any CPU
		{39DD9F1A-3C69-4E9F-8EB2-F70CDD11E640}.AppStore|iPhoneSimulator.ActiveCfg = Release|Any CPU
		{39DD9F1A-3C69-4E9F-8EB2-F70CDD11E640}.AppStore|Mixed Platforms.ActiveCfg = Release|Any CPU
		{39DD9F1A-3C69-4E9F-8EB2-F70CDD11E640}.AppStore|Mixed Platforms.Build.0 = Release|Any CPU
		{39DD9F1A-3C69-4E9F-8EB2-F70CDD11E640}.AppStore|x86.ActiveCfg = Release|Any CPU
		{39DD9F1A-3C69-4E9F-8EB2-F70CDD11E640}.Debug|Any CPU.ActiveCfg = Debug|Any CPU
		{39DD9F1A-3C69-4E9F-8EB2-F70CDD11E640}.Debug|Any CPU.Build.0 = Debug|Any CPU
		{39DD9F1A-3C69-4E9F-8EB2-F70CDD11E640}.Debug|ARM.ActiveCfg = Debug|Any CPU
		{39DD9F1A-3C69-4E9F-8EB2-F70CDD11E640}.Debug|iPhone.ActiveCfg = Debug|Any CPU
		{39DD9F1A-3C69-4E9F-8EB2-F70CDD11E640}.Debug|iPhoneSimulator.ActiveCfg = Debug|Any CPU
		{39DD9F1A-3C69-4E9F-8EB2-F70CDD11E640}.Debug|iPhoneSimulator.Build.0 = Debug|Any CPU
		{39DD9F1A-3C69-4E9F-8EB2-F70CDD11E640}.Debug|Mixed Platforms.ActiveCfg = Debug|Any CPU
		{39DD9F1A-3C69-4E9F-8EB2-F70CDD11E640}.Debug|Mixed Platforms.Build.0 = Debug|Any CPU
		{39DD9F1A-3C69-4E9F-8EB2-F70CDD11E640}.Debug|Mixed Platforms.Deploy.0 = Debug|Any CPU
		{39DD9F1A-3C69-4E9F-8EB2-F70CDD11E640}.Debug|x86.ActiveCfg = Debug|Any CPU
		{39DD9F1A-3C69-4E9F-8EB2-F70CDD11E640}.Release|Any CPU.ActiveCfg = Release|Any CPU
		{39DD9F1A-3C69-4E9F-8EB2-F70CDD11E640}.Release|Any CPU.Build.0 = Release|Any CPU
		{39DD9F1A-3C69-4E9F-8EB2-F70CDD11E640}.Release|ARM.ActiveCfg = Release|Any CPU
		{39DD9F1A-3C69-4E9F-8EB2-F70CDD11E640}.Release|iPhone.ActiveCfg = Release|Any CPU
		{39DD9F1A-3C69-4E9F-8EB2-F70CDD11E640}.Release|iPhoneSimulator.ActiveCfg = Release|Any CPU
		{39DD9F1A-3C69-4E9F-8EB2-F70CDD11E640}.Release|Mixed Platforms.ActiveCfg = Release|Any CPU
		{39DD9F1A-3C69-4E9F-8EB2-F70CDD11E640}.Release|Mixed Platforms.Build.0 = Release|Any CPU
		{39DD9F1A-3C69-4E9F-8EB2-F70CDD11E640}.Release|x86.ActiveCfg = Release|Any CPU
		{33DC0A60-DE05-4471-9239-2C11D06F0A79}.Ad-Hoc|Any CPU.ActiveCfg = Ad-Hoc|iPhone
		{33DC0A60-DE05-4471-9239-2C11D06F0A79}.Ad-Hoc|ARM.ActiveCfg = Ad-Hoc|iPhone
		{33DC0A60-DE05-4471-9239-2C11D06F0A79}.Ad-Hoc|iPhone.ActiveCfg = Ad-Hoc|iPhone
		{33DC0A60-DE05-4471-9239-2C11D06F0A79}.Ad-Hoc|iPhone.Build.0 = Ad-Hoc|iPhone
		{33DC0A60-DE05-4471-9239-2C11D06F0A79}.Ad-Hoc|iPhoneSimulator.ActiveCfg = Ad-Hoc|iPhoneSimulator
		{33DC0A60-DE05-4471-9239-2C11D06F0A79}.Ad-Hoc|iPhoneSimulator.Build.0 = Ad-Hoc|iPhoneSimulator
		{33DC0A60-DE05-4471-9239-2C11D06F0A79}.Ad-Hoc|Mixed Platforms.ActiveCfg = Ad-Hoc|iPhone
		{33DC0A60-DE05-4471-9239-2C11D06F0A79}.Ad-Hoc|Mixed Platforms.Build.0 = Ad-Hoc|iPhone
		{33DC0A60-DE05-4471-9239-2C11D06F0A79}.Ad-Hoc|x86.ActiveCfg = Ad-Hoc|iPhone
		{33DC0A60-DE05-4471-9239-2C11D06F0A79}.AppStore|Any CPU.ActiveCfg = AppStore|iPhone
		{33DC0A60-DE05-4471-9239-2C11D06F0A79}.AppStore|ARM.ActiveCfg = AppStore|iPhone
		{33DC0A60-DE05-4471-9239-2C11D06F0A79}.AppStore|iPhone.ActiveCfg = AppStore|iPhone
		{33DC0A60-DE05-4471-9239-2C11D06F0A79}.AppStore|iPhone.Build.0 = AppStore|iPhone
		{33DC0A60-DE05-4471-9239-2C11D06F0A79}.AppStore|iPhoneSimulator.ActiveCfg = AppStore|iPhoneSimulator
		{33DC0A60-DE05-4471-9239-2C11D06F0A79}.AppStore|iPhoneSimulator.Build.0 = AppStore|iPhoneSimulator
		{33DC0A60-DE05-4471-9239-2C11D06F0A79}.AppStore|Mixed Platforms.ActiveCfg = AppStore|iPhone
		{33DC0A60-DE05-4471-9239-2C11D06F0A79}.AppStore|Mixed Platforms.Build.0 = AppStore|iPhone
		{33DC0A60-DE05-4471-9239-2C11D06F0A79}.AppStore|x86.ActiveCfg = AppStore|iPhone
		{33DC0A60-DE05-4471-9239-2C11D06F0A79}.Debug|Any CPU.ActiveCfg = Debug|iPhone
		{33DC0A60-DE05-4471-9239-2C11D06F0A79}.Debug|ARM.ActiveCfg = Debug|iPhone
		{33DC0A60-DE05-4471-9239-2C11D06F0A79}.Debug|iPhone.ActiveCfg = Debug|iPhone
		{33DC0A60-DE05-4471-9239-2C11D06F0A79}.Debug|iPhone.Build.0 = Debug|iPhone
		{33DC0A60-DE05-4471-9239-2C11D06F0A79}.Debug|iPhoneSimulator.ActiveCfg = Debug|iPhoneSimulator
		{33DC0A60-DE05-4471-9239-2C11D06F0A79}.Debug|iPhoneSimulator.Build.0 = Debug|iPhoneSimulator
		{33DC0A60-DE05-4471-9239-2C11D06F0A79}.Debug|Mixed Platforms.ActiveCfg = Debug|iPhoneSimulator
		{33DC0A60-DE05-4471-9239-2C11D06F0A79}.Debug|Mixed Platforms.Build.0 = Debug|iPhoneSimulator
		{33DC0A60-DE05-4471-9239-2C11D06F0A79}.Debug|x86.ActiveCfg = Debug|iPhone
		{33DC0A60-DE05-4471-9239-2C11D06F0A79}.Release|Any CPU.ActiveCfg = Release|iPhone
		{33DC0A60-DE05-4471-9239-2C11D06F0A79}.Release|ARM.ActiveCfg = Release|iPhone
		{33DC0A60-DE05-4471-9239-2C11D06F0A79}.Release|iPhone.ActiveCfg = Release|iPhone
		{33DC0A60-DE05-4471-9239-2C11D06F0A79}.Release|iPhone.Build.0 = Release|iPhone
		{33DC0A60-DE05-4471-9239-2C11D06F0A79}.Release|iPhoneSimulator.ActiveCfg = Release|iPhoneSimulator
		{33DC0A60-DE05-4471-9239-2C11D06F0A79}.Release|iPhoneSimulator.Build.0 = Release|iPhoneSimulator
		{33DC0A60-DE05-4471-9239-2C11D06F0A79}.Release|Mixed Platforms.ActiveCfg = Release|iPhone
		{33DC0A60-DE05-4471-9239-2C11D06F0A79}.Release|Mixed Platforms.Build.0 = Release|iPhone
		{33DC0A60-DE05-4471-9239-2C11D06F0A79}.Release|x86.ActiveCfg = Release|iPhone
		{B0806BEB-A8BC-4BCC-9A15-B7B0964258EE}.Ad-Hoc|Any CPU.ActiveCfg = Release|Any CPU
		{B0806BEB-A8BC-4BCC-9A15-B7B0964258EE}.Ad-Hoc|Any CPU.Build.0 = Release|Any CPU
		{B0806BEB-A8BC-4BCC-9A15-B7B0964258EE}.Ad-Hoc|Any CPU.Deploy.0 = Release|Any CPU
		{B0806BEB-A8BC-4BCC-9A15-B7B0964258EE}.Ad-Hoc|ARM.ActiveCfg = Release|Any CPU
		{B0806BEB-A8BC-4BCC-9A15-B7B0964258EE}.Ad-Hoc|iPhone.ActiveCfg = Release|Any CPU
		{B0806BEB-A8BC-4BCC-9A15-B7B0964258EE}.Ad-Hoc|iPhoneSimulator.ActiveCfg = Release|Any CPU
		{B0806BEB-A8BC-4BCC-9A15-B7B0964258EE}.Ad-Hoc|Mixed Platforms.ActiveCfg = Release|Any CPU
		{B0806BEB-A8BC-4BCC-9A15-B7B0964258EE}.Ad-Hoc|Mixed Platforms.Build.0 = Release|Any CPU
		{B0806BEB-A8BC-4BCC-9A15-B7B0964258EE}.Ad-Hoc|Mixed Platforms.Deploy.0 = Release|Any CPU
		{B0806BEB-A8BC-4BCC-9A15-B7B0964258EE}.Ad-Hoc|x86.ActiveCfg = Release|Any CPU
		{B0806BEB-A8BC-4BCC-9A15-B7B0964258EE}.AppStore|Any CPU.ActiveCfg = Release|Any CPU
		{B0806BEB-A8BC-4BCC-9A15-B7B0964258EE}.AppStore|Any CPU.Build.0 = Release|Any CPU
		{B0806BEB-A8BC-4BCC-9A15-B7B0964258EE}.AppStore|Any CPU.Deploy.0 = Release|Any CPU
		{B0806BEB-A8BC-4BCC-9A15-B7B0964258EE}.AppStore|ARM.ActiveCfg = Release|Any CPU
		{B0806BEB-A8BC-4BCC-9A15-B7B0964258EE}.AppStore|iPhone.ActiveCfg = Release|Any CPU
		{B0806BEB-A8BC-4BCC-9A15-B7B0964258EE}.AppStore|iPhoneSimulator.ActiveCfg = Release|Any CPU
		{B0806BEB-A8BC-4BCC-9A15-B7B0964258EE}.AppStore|Mixed Platforms.ActiveCfg = Release|Any CPU
		{B0806BEB-A8BC-4BCC-9A15-B7B0964258EE}.AppStore|Mixed Platforms.Build.0 = Release|Any CPU
		{B0806BEB-A8BC-4BCC-9A15-B7B0964258EE}.AppStore|Mixed Platforms.Deploy.0 = Release|Any CPU
		{B0806BEB-A8BC-4BCC-9A15-B7B0964258EE}.AppStore|x86.ActiveCfg = Release|Any CPU
		{B0806BEB-A8BC-4BCC-9A15-B7B0964258EE}.Debug|Any CPU.ActiveCfg = Debug|Any CPU
		{B0806BEB-A8BC-4BCC-9A15-B7B0964258EE}.Debug|Any CPU.Build.0 = Debug|Any CPU
		{B0806BEB-A8BC-4BCC-9A15-B7B0964258EE}.Debug|Any CPU.Deploy.0 = Debug|Any CPU
		{B0806BEB-A8BC-4BCC-9A15-B7B0964258EE}.Debug|ARM.ActiveCfg = Debug|Any CPU
		{B0806BEB-A8BC-4BCC-9A15-B7B0964258EE}.Debug|iPhone.ActiveCfg = Debug|Any CPU
		{B0806BEB-A8BC-4BCC-9A15-B7B0964258EE}.Debug|iPhoneSimulator.ActiveCfg = Debug|Any CPU
		{B0806BEB-A8BC-4BCC-9A15-B7B0964258EE}.Debug|iPhoneSimulator.Build.0 = Debug|Any CPU
		{B0806BEB-A8BC-4BCC-9A15-B7B0964258EE}.Debug|iPhoneSimulator.Deploy.0 = Debug|Any CPU
		{B0806BEB-A8BC-4BCC-9A15-B7B0964258EE}.Debug|Mixed Platforms.ActiveCfg = Debug|Any CPU
		{B0806BEB-A8BC-4BCC-9A15-B7B0964258EE}.Debug|Mixed Platforms.Build.0 = Debug|Any CPU
		{B0806BEB-A8BC-4BCC-9A15-B7B0964258EE}.Debug|Mixed Platforms.Deploy.0 = Debug|Any CPU
		{B0806BEB-A8BC-4BCC-9A15-B7B0964258EE}.Debug|x86.ActiveCfg = Debug|Any CPU
		{B0806BEB-A8BC-4BCC-9A15-B7B0964258EE}.Release|Any CPU.ActiveCfg = Release|Any CPU
		{B0806BEB-A8BC-4BCC-9A15-B7B0964258EE}.Release|Any CPU.Build.0 = Release|Any CPU
		{B0806BEB-A8BC-4BCC-9A15-B7B0964258EE}.Release|Any CPU.Deploy.0 = Release|Any CPU
		{B0806BEB-A8BC-4BCC-9A15-B7B0964258EE}.Release|ARM.ActiveCfg = Release|Any CPU
		{B0806BEB-A8BC-4BCC-9A15-B7B0964258EE}.Release|iPhone.ActiveCfg = Release|Any CPU
		{B0806BEB-A8BC-4BCC-9A15-B7B0964258EE}.Release|iPhoneSimulator.ActiveCfg = Release|Any CPU
		{B0806BEB-A8BC-4BCC-9A15-B7B0964258EE}.Release|Mixed Platforms.ActiveCfg = Release|Any CPU
		{B0806BEB-A8BC-4BCC-9A15-B7B0964258EE}.Release|Mixed Platforms.Build.0 = Release|Any CPU
		{B0806BEB-A8BC-4BCC-9A15-B7B0964258EE}.Release|Mixed Platforms.Deploy.0 = Release|Any CPU
		{B0806BEB-A8BC-4BCC-9A15-B7B0964258EE}.Release|x86.ActiveCfg = Release|Any CPU
		{7182F86D-68EA-4301-937D-A464586550CF}.Ad-Hoc|Any CPU.ActiveCfg = Release|Any CPU
		{7182F86D-68EA-4301-937D-A464586550CF}.Ad-Hoc|Any CPU.Build.0 = Release|Any CPU
		{7182F86D-68EA-4301-937D-A464586550CF}.Ad-Hoc|Any CPU.Deploy.0 = Release|Any CPU
		{7182F86D-68EA-4301-937D-A464586550CF}.Ad-Hoc|ARM.ActiveCfg = Release|ARM
		{7182F86D-68EA-4301-937D-A464586550CF}.Ad-Hoc|ARM.Build.0 = Release|ARM
		{7182F86D-68EA-4301-937D-A464586550CF}.Ad-Hoc|ARM.Deploy.0 = Release|ARM
		{7182F86D-68EA-4301-937D-A464586550CF}.Ad-Hoc|iPhone.ActiveCfg = Release|Any CPU
		{7182F86D-68EA-4301-937D-A464586550CF}.Ad-Hoc|iPhoneSimulator.ActiveCfg = Release|Any CPU
		{7182F86D-68EA-4301-937D-A464586550CF}.Ad-Hoc|Mixed Platforms.ActiveCfg = Release|x86
		{7182F86D-68EA-4301-937D-A464586550CF}.Ad-Hoc|Mixed Platforms.Build.0 = Release|x86
		{7182F86D-68EA-4301-937D-A464586550CF}.Ad-Hoc|Mixed Platforms.Deploy.0 = Release|x86
		{7182F86D-68EA-4301-937D-A464586550CF}.Ad-Hoc|x86.ActiveCfg = Release|x86
		{7182F86D-68EA-4301-937D-A464586550CF}.Ad-Hoc|x86.Build.0 = Release|x86
		{7182F86D-68EA-4301-937D-A464586550CF}.Ad-Hoc|x86.Deploy.0 = Release|x86
		{7182F86D-68EA-4301-937D-A464586550CF}.AppStore|Any CPU.ActiveCfg = Release|Any CPU
		{7182F86D-68EA-4301-937D-A464586550CF}.AppStore|Any CPU.Build.0 = Release|Any CPU
		{7182F86D-68EA-4301-937D-A464586550CF}.AppStore|Any CPU.Deploy.0 = Release|Any CPU
		{7182F86D-68EA-4301-937D-A464586550CF}.AppStore|ARM.ActiveCfg = Release|ARM
		{7182F86D-68EA-4301-937D-A464586550CF}.AppStore|ARM.Build.0 = Release|ARM
		{7182F86D-68EA-4301-937D-A464586550CF}.AppStore|ARM.Deploy.0 = Release|ARM
		{7182F86D-68EA-4301-937D-A464586550CF}.AppStore|iPhone.ActiveCfg = Release|Any CPU
		{7182F86D-68EA-4301-937D-A464586550CF}.AppStore|iPhoneSimulator.ActiveCfg = Release|Any CPU
		{7182F86D-68EA-4301-937D-A464586550CF}.AppStore|Mixed Platforms.ActiveCfg = Release|x86
		{7182F86D-68EA-4301-937D-A464586550CF}.AppStore|Mixed Platforms.Build.0 = Release|x86
		{7182F86D-68EA-4301-937D-A464586550CF}.AppStore|Mixed Platforms.Deploy.0 = Release|x86
		{7182F86D-68EA-4301-937D-A464586550CF}.AppStore|x86.ActiveCfg = Release|x86
		{7182F86D-68EA-4301-937D-A464586550CF}.AppStore|x86.Build.0 = Release|x86
		{7182F86D-68EA-4301-937D-A464586550CF}.AppStore|x86.Deploy.0 = Release|x86
		{7182F86D-68EA-4301-937D-A464586550CF}.Debug|Any CPU.ActiveCfg = Debug|Any CPU
		{7182F86D-68EA-4301-937D-A464586550CF}.Debug|Any CPU.Build.0 = Debug|Any CPU
		{7182F86D-68EA-4301-937D-A464586550CF}.Debug|Any CPU.Deploy.0 = Debug|Any CPU
		{7182F86D-68EA-4301-937D-A464586550CF}.Debug|ARM.ActiveCfg = Debug|ARM
		{7182F86D-68EA-4301-937D-A464586550CF}.Debug|ARM.Build.0 = Debug|ARM
		{7182F86D-68EA-4301-937D-A464586550CF}.Debug|ARM.Deploy.0 = Debug|ARM
		{7182F86D-68EA-4301-937D-A464586550CF}.Debug|iPhone.ActiveCfg = Debug|Any CPU
		{7182F86D-68EA-4301-937D-A464586550CF}.Debug|iPhoneSimulator.ActiveCfg = Debug|Any CPU
		{7182F86D-68EA-4301-937D-A464586550CF}.Debug|iPhoneSimulator.Build.0 = Debug|Any CPU
		{7182F86D-68EA-4301-937D-A464586550CF}.Debug|iPhoneSimulator.Deploy.0 = Debug|Any CPU
		{7182F86D-68EA-4301-937D-A464586550CF}.Debug|Mixed Platforms.ActiveCfg = Debug|Any CPU
		{7182F86D-68EA-4301-937D-A464586550CF}.Debug|Mixed Platforms.Build.0 = Debug|Any CPU
		{7182F86D-68EA-4301-937D-A464586550CF}.Debug|Mixed Platforms.Deploy.0 = Debug|Any CPU
		{7182F86D-68EA-4301-937D-A464586550CF}.Debug|x86.ActiveCfg = Debug|x86
		{7182F86D-68EA-4301-937D-A464586550CF}.Debug|x86.Build.0 = Debug|x86
		{7182F86D-68EA-4301-937D-A464586550CF}.Debug|x86.Deploy.0 = Debug|x86
		{7182F86D-68EA-4301-937D-A464586550CF}.Release|Any CPU.ActiveCfg = Release|Any CPU
		{7182F86D-68EA-4301-937D-A464586550CF}.Release|Any CPU.Build.0 = Release|Any CPU
		{7182F86D-68EA-4301-937D-A464586550CF}.Release|Any CPU.Deploy.0 = Release|Any CPU
		{7182F86D-68EA-4301-937D-A464586550CF}.Release|ARM.ActiveCfg = Release|ARM
		{7182F86D-68EA-4301-937D-A464586550CF}.Release|ARM.Build.0 = Release|ARM
		{7182F86D-68EA-4301-937D-A464586550CF}.Release|ARM.Deploy.0 = Release|ARM
		{7182F86D-68EA-4301-937D-A464586550CF}.Release|iPhone.ActiveCfg = Release|Any CPU
		{7182F86D-68EA-4301-937D-A464586550CF}.Release|iPhoneSimulator.ActiveCfg = Release|Any CPU
		{7182F86D-68EA-4301-937D-A464586550CF}.Release|Mixed Platforms.ActiveCfg = Release|x86
		{7182F86D-68EA-4301-937D-A464586550CF}.Release|Mixed Platforms.Build.0 = Release|x86
		{7182F86D-68EA-4301-937D-A464586550CF}.Release|Mixed Platforms.Deploy.0 = Release|x86
		{7182F86D-68EA-4301-937D-A464586550CF}.Release|x86.ActiveCfg = Release|x86
		{7182F86D-68EA-4301-937D-A464586550CF}.Release|x86.Build.0 = Release|x86
		{7182F86D-68EA-4301-937D-A464586550CF}.Release|x86.Deploy.0 = Release|x86
		{B18D0858-91E0-4DC3-B711-0435818DB286}.Ad-Hoc|Any CPU.ActiveCfg = Release|Any CPU
		{B18D0858-91E0-4DC3-B711-0435818DB286}.Ad-Hoc|Any CPU.Build.0 = Release|Any CPU
		{B18D0858-91E0-4DC3-B711-0435818DB286}.Ad-Hoc|ARM.ActiveCfg = Release|Any CPU
		{B18D0858-91E0-4DC3-B711-0435818DB286}.Ad-Hoc|iPhone.ActiveCfg = Release|Any CPU
		{B18D0858-91E0-4DC3-B711-0435818DB286}.Ad-Hoc|iPhoneSimulator.ActiveCfg = Release|Any CPU
		{B18D0858-91E0-4DC3-B711-0435818DB286}.Ad-Hoc|Mixed Platforms.ActiveCfg = Release|Any CPU
		{B18D0858-91E0-4DC3-B711-0435818DB286}.Ad-Hoc|Mixed Platforms.Build.0 = Release|Any CPU
		{B18D0858-91E0-4DC3-B711-0435818DB286}.Ad-Hoc|x86.ActiveCfg = Release|Any CPU
		{B18D0858-91E0-4DC3-B711-0435818DB286}.AppStore|Any CPU.ActiveCfg = Release|Any CPU
		{B18D0858-91E0-4DC3-B711-0435818DB286}.AppStore|Any CPU.Build.0 = Release|Any CPU
		{B18D0858-91E0-4DC3-B711-0435818DB286}.AppStore|ARM.ActiveCfg = Release|Any CPU
		{B18D0858-91E0-4DC3-B711-0435818DB286}.AppStore|iPhone.ActiveCfg = Release|Any CPU
		{B18D0858-91E0-4DC3-B711-0435818DB286}.AppStore|iPhoneSimulator.ActiveCfg = Release|Any CPU
		{B18D0858-91E0-4DC3-B711-0435818DB286}.AppStore|Mixed Platforms.ActiveCfg = Release|Any CPU
		{B18D0858-91E0-4DC3-B711-0435818DB286}.AppStore|Mixed Platforms.Build.0 = Release|Any CPU
		{B18D0858-91E0-4DC3-B711-0435818DB286}.AppStore|x86.ActiveCfg = Release|Any CPU
		{B18D0858-91E0-4DC3-B711-0435818DB286}.Debug|Any CPU.ActiveCfg = Debug|Any CPU
		{B18D0858-91E0-4DC3-B711-0435818DB286}.Debug|Any CPU.Build.0 = Debug|Any CPU
		{B18D0858-91E0-4DC3-B711-0435818DB286}.Debug|ARM.ActiveCfg = Debug|Any CPU
		{B18D0858-91E0-4DC3-B711-0435818DB286}.Debug|iPhone.ActiveCfg = Debug|Any CPU
		{B18D0858-91E0-4DC3-B711-0435818DB286}.Debug|iPhoneSimulator.ActiveCfg = Debug|Any CPU
		{B18D0858-91E0-4DC3-B711-0435818DB286}.Debug|iPhoneSimulator.Build.0 = Debug|Any CPU
		{B18D0858-91E0-4DC3-B711-0435818DB286}.Debug|Mixed Platforms.ActiveCfg = Debug|Any CPU
		{B18D0858-91E0-4DC3-B711-0435818DB286}.Debug|Mixed Platforms.Build.0 = Debug|Any CPU
		{B18D0858-91E0-4DC3-B711-0435818DB286}.Debug|x86.ActiveCfg = Debug|Any CPU
		{B18D0858-91E0-4DC3-B711-0435818DB286}.Release|Any CPU.ActiveCfg = Release|Any CPU
		{B18D0858-91E0-4DC3-B711-0435818DB286}.Release|Any CPU.Build.0 = Release|Any CPU
		{B18D0858-91E0-4DC3-B711-0435818DB286}.Release|ARM.ActiveCfg = Release|Any CPU
		{B18D0858-91E0-4DC3-B711-0435818DB286}.Release|iPhone.ActiveCfg = Release|Any CPU
		{B18D0858-91E0-4DC3-B711-0435818DB286}.Release|iPhoneSimulator.ActiveCfg = Release|Any CPU
		{B18D0858-91E0-4DC3-B711-0435818DB286}.Release|Mixed Platforms.ActiveCfg = Release|Any CPU
		{B18D0858-91E0-4DC3-B711-0435818DB286}.Release|Mixed Platforms.Build.0 = Release|Any CPU
		{B18D0858-91E0-4DC3-B711-0435818DB286}.Release|x86.ActiveCfg = Release|Any CPU
	EndGlobalSection
	GlobalSection(SolutionProperties) = preSolution
		HideSolutionNode = FALSE
	EndGlobalSection
EndGlobal
