
Microsoft Visual Studio Solution File, Format Version 12.00
# Visual Studio 2013
VisualStudioVersion = 12.0.30723.0
MinimumVisualStudioVersion = 10.0.40219.1
Project("{FAE04EC0-301F-11D3-BF4B-00C04F79EFBC}") = "Flowers.Droid", "Flowers.Droid\Flowers.Droid.csproj", "{30B6BE95-7D22-40D1-A0CD-026FD6B5A9DA}"
EndProject
Project("{FAE04EC0-301F-11D3-BF4B-00C04F79EFBC}") = "Flowers.Data", "Flowers.Data\Flowers.Data.csproj", "{B18D0858-91E0-4DC3-B711-0435818DB286}"
EndProject
Project("{FAE04EC0-301F-11D3-BF4B-00C04F79EFBC}") = "Flowers.Wp", "Flowers.Wp\Flowers.Wp.csproj", "{F0019368-1A3D-4E84-AD1E-8A26CC159BF0}"
EndProject
Project("{FAE04EC0-301F-11D3-BF4B-00C04F79EFBC}") = "Flowers.iOS", "Flowers.iOS\Flowers.iOS.csproj", "{915EA731-094C-4758-B30D-18797FB6FCFB}"
EndProject
Global
	GlobalSection(SolutionConfigurationPlatforms) = preSolution
		Ad-Hoc|Any CPU = Ad-Hoc|Any CPU
		Ad-Hoc|ARM = Ad-Hoc|ARM
		Ad-Hoc|iPhone = Ad-Hoc|iPhone
		Ad-Hoc|iPhoneSimulator = Ad-Hoc|iPhoneSimulator
		Ad-Hoc|Mixed Platforms = Ad-Hoc|Mixed Platforms
		Ad-Hoc|x86 = Ad-Hoc|x86
		AppStore|Any CPU = AppStore|Any CPU
		AppStore|ARM = AppStore|ARM
		AppStore|iPhone = AppStore|iPhone
		AppStore|iPhoneSimulator = AppStore|iPhoneSimulator
		AppStore|Mixed Platforms = AppStore|Mixed Platforms
		AppStore|x86 = AppStore|x86
		Debug|Any CPU = Debug|Any CPU
		Debug|ARM = Debug|ARM
		Debug|iPhone = Debug|iPhone
		Debug|iPhoneSimulator = Debug|iPhoneSimulator
		Debug|Mixed Platforms = Debug|Mixed Platforms
		Debug|x86 = Debug|x86
		Release|Any CPU = Release|Any CPU
		Release|ARM = Release|ARM
		Release|iPhone = Release|iPhone
		Release|iPhoneSimulator = Release|iPhoneSimulator
		Release|Mixed Platforms = Release|Mixed Platforms
		Release|x86 = Release|x86
	EndGlobalSection
	GlobalSection(ProjectConfigurationPlatforms) = postSolution
		{30B6BE95-7D22-40D1-A0CD-026FD6B5A9DA}.Ad-Hoc|Any CPU.ActiveCfg = Release|Any CPU
		{30B6BE95-7D22-40D1-A0CD-026FD6B5A9DA}.Ad-Hoc|Any CPU.Build.0 = Release|Any CPU
		{30B6BE95-7D22-40D1-A0CD-026FD6B5A9DA}.Ad-Hoc|Any CPU.Deploy.0 = Release|Any CPU
		{30B6BE95-7D22-40D1-A0CD-026FD6B5A9DA}.Ad-Hoc|ARM.ActiveCfg = Release|Any CPU
		{30B6BE95-7D22-40D1-A0CD-026FD6B5A9DA}.Ad-Hoc|iPhone.ActiveCfg = Release|Any CPU
		{30B6BE95-7D22-40D1-A0CD-026FD6B5A9DA}.Ad-Hoc|iPhoneSimulator.ActiveCfg = Release|Any CPU
		{30B6BE95-7D22-40D1-A0CD-026FD6B5A9DA}.Ad-Hoc|Mixed Platforms.ActiveCfg = Release|Any CPU
		{30B6BE95-7D22-40D1-A0CD-026FD6B5A9DA}.Ad-Hoc|Mixed Platforms.Build.0 = Release|Any CPU
		{30B6BE95-7D22-40D1-A0CD-026FD6B5A9DA}.Ad-Hoc|Mixed Platforms.Deploy.0 = Release|Any CPU
		{30B6BE95-7D22-40D1-A0CD-026FD6B5A9DA}.Ad-Hoc|x86.ActiveCfg = Release|Any CPU
		{30B6BE95-7D22-40D1-A0CD-026FD6B5A9DA}.AppStore|Any CPU.ActiveCfg = Release|Any CPU
		{30B6BE95-7D22-40D1-A0CD-026FD6B5A9DA}.AppStore|Any CPU.Build.0 = Release|Any CPU
		{30B6BE95-7D22-40D1-A0CD-026FD6B5A9DA}.AppStore|Any CPU.Deploy.0 = Release|Any CPU
		{30B6BE95-7D22-40D1-A0CD-026FD6B5A9DA}.AppStore|ARM.ActiveCfg = Release|Any CPU
		{30B6BE95-7D22-40D1-A0CD-026FD6B5A9DA}.AppStore|iPhone.ActiveCfg = Release|Any CPU
		{30B6BE95-7D22-40D1-A0CD-026FD6B5A9DA}.AppStore|iPhoneSimulator.ActiveCfg = Release|Any CPU
		{30B6BE95-7D22-40D1-A0CD-026FD6B5A9DA}.AppStore|Mixed Platforms.ActiveCfg = Release|Any CPU
		{30B6BE95-7D22-40D1-A0CD-026FD6B5A9DA}.AppStore|Mixed Platforms.Build.0 = Release|Any CPU
		{30B6BE95-7D22-40D1-A0CD-026FD6B5A9DA}.AppStore|Mixed Platforms.Deploy.0 = Release|Any CPU
		{30B6BE95-7D22-40D1-A0CD-026FD6B5A9DA}.AppStore|x86.ActiveCfg = Release|Any CPU
		{30B6BE95-7D22-40D1-A0CD-026FD6B5A9DA}.Debug|Any CPU.ActiveCfg = Debug|Any CPU
		{30B6BE95-7D22-40D1-A0CD-026FD6B5A9DA}.Debug|Any CPU.Build.0 = Debug|Any CPU
		{30B6BE95-7D22-40D1-A0CD-026FD6B5A9DA}.Debug|Any CPU.Deploy.0 = Debug|Any CPU
		{30B6BE95-7D22-40D1-A0CD-026FD6B5A9DA}.Debug|ARM.ActiveCfg = Debug|Any CPU
		{30B6BE95-7D22-40D1-A0CD-026FD6B5A9DA}.Debug|iPhone.ActiveCfg = Debug|Any CPU
		{30B6BE95-7D22-40D1-A0CD-026FD6B5A9DA}.Debug|iPhoneSimulator.ActiveCfg = Debug|Any CPU
		{30B6BE95-7D22-40D1-A0CD-026FD6B5A9DA}.Debug|iPhoneSimulator.Build.0 = Debug|Any CPU
		{30B6BE95-7D22-40D1-A0CD-026FD6B5A9DA}.Debug|iPhoneSimulator.Deploy.0 = Debug|Any CPU
		{30B6BE95-7D22-40D1-A0CD-026FD6B5A9DA}.Debug|Mixed Platforms.ActiveCfg = Debug|Any CPU
		{30B6BE95-7D22-40D1-A0CD-026FD6B5A9DA}.Debug|Mixed Platforms.Build.0 = Debug|Any CPU
		{30B6BE95-7D22-40D1-A0CD-026FD6B5A9DA}.Debug|Mixed Platforms.Deploy.0 = Debug|Any CPU
		{30B6BE95-7D22-40D1-A0CD-026FD6B5A9DA}.Debug|x86.ActiveCfg = Debug|Any CPU
		{30B6BE95-7D22-40D1-A0CD-026FD6B5A9DA}.Release|Any CPU.ActiveCfg = Release|Any CPU
		{30B6BE95-7D22-40D1-A0CD-026FD6B5A9DA}.Release|Any CPU.Build.0 = Release|Any CPU
		{30B6BE95-7D22-40D1-A0CD-026FD6B5A9DA}.Release|Any CPU.Deploy.0 = Release|Any CPU
		{30B6BE95-7D22-40D1-A0CD-026FD6B5A9DA}.Release|ARM.ActiveCfg = Release|Any CPU
		{30B6BE95-7D22-40D1-A0CD-026FD6B5A9DA}.Release|iPhone.ActiveCfg = Release|Any CPU
		{30B6BE95-7D22-40D1-A0CD-026FD6B5A9DA}.Release|iPhoneSimulator.ActiveCfg = Release|Any CPU
		{30B6BE95-7D22-40D1-A0CD-026FD6B5A9DA}.Release|Mixed Platforms.ActiveCfg = Release|Any CPU
		{30B6BE95-7D22-40D1-A0CD-026FD6B5A9DA}.Release|Mixed Platforms.Build.0 = Release|Any CPU
		{30B6BE95-7D22-40D1-A0CD-026FD6B5A9DA}.Release|Mixed Platforms.Deploy.0 = Release|Any CPU
		{30B6BE95-7D22-40D1-A0CD-026FD6B5A9DA}.Release|x86.ActiveCfg = Release|Any CPU
		{B18D0858-91E0-4DC3-B711-0435818DB286}.Ad-Hoc|Any CPU.ActiveCfg = Release|Any CPU
		{B18D0858-91E0-4DC3-B711-0435818DB286}.Ad-Hoc|Any CPU.Build.0 = Release|Any CPU
		{B18D0858-91E0-4DC3-B711-0435818DB286}.Ad-Hoc|ARM.ActiveCfg = Release|Any CPU
		{B18D0858-91E0-4DC3-B711-0435818DB286}.Ad-Hoc|iPhone.ActiveCfg = Release|Any CPU
		{B18D0858-91E0-4DC3-B711-0435818DB286}.Ad-Hoc|iPhoneSimulator.ActiveCfg = Release|Any CPU
		{B18D0858-91E0-4DC3-B711-0435818DB286}.Ad-Hoc|Mixed Platforms.ActiveCfg = Release|Any CPU
		{B18D0858-91E0-4DC3-B711-0435818DB286}.Ad-Hoc|Mixed Platforms.Build.0 = Release|Any CPU
		{B18D0858-91E0-4DC3-B711-0435818DB286}.Ad-Hoc|x86.ActiveCfg = Release|Any CPU
		{B18D0858-91E0-4DC3-B711-0435818DB286}.AppStore|Any CPU.ActiveCfg = Release|Any CPU
		{B18D0858-91E0-4DC3-B711-0435818DB286}.AppStore|Any CPU.Build.0 = Release|Any CPU
		{B18D0858-91E0-4DC3-B711-0435818DB286}.AppStore|ARM.ActiveCfg = Release|Any CPU
		{B18D0858-91E0-4DC3-B711-0435818DB286}.AppStore|iPhone.ActiveCfg = Release|Any CPU
		{B18D0858-91E0-4DC3-B711-0435818DB286}.AppStore|iPhoneSimulator.ActiveCfg = Release|Any CPU
		{B18D0858-91E0-4DC3-B711-0435818DB286}.AppStore|Mixed Platforms.ActiveCfg = Release|Any CPU
		{B18D0858-91E0-4DC3-B711-0435818DB286}.AppStore|Mixed Platforms.Build.0 = Release|Any CPU
		{B18D0858-91E0-4DC3-B711-0435818DB286}.AppStore|x86.ActiveCfg = Release|Any CPU
		{B18D0858-91E0-4DC3-B711-0435818DB286}.Debug|Any CPU.ActiveCfg = Debug|Any CPU
		{B18D0858-91E0-4DC3-B711-0435818DB286}.Debug|Any CPU.Build.0 = Debug|Any CPU
		{B18D0858-91E0-4DC3-B711-0435818DB286}.Debug|Any CPU.Deploy.0 = Debug|Any CPU
		{B18D0858-91E0-4DC3-B711-0435818DB286}.Debug|ARM.ActiveCfg = Debug|Any CPU
		{B18D0858-91E0-4DC3-B711-0435818DB286}.Debug|iPhone.ActiveCfg = Debug|Any CPU
		{B18D0858-91E0-4DC3-B711-0435818DB286}.Debug|iPhoneSimulator.ActiveCfg = Debug|Any CPU
		{B18D0858-91E0-4DC3-B711-0435818DB286}.Debug|iPhoneSimulator.Build.0 = Debug|Any CPU
		{B18D0858-91E0-4DC3-B711-0435818DB286}.Debug|Mixed Platforms.ActiveCfg = Debug|Any CPU
		{B18D0858-91E0-4DC3-B711-0435818DB286}.Debug|Mixed Platforms.Build.0 = Debug|Any CPU
		{B18D0858-91E0-4DC3-B711-0435818DB286}.Debug|x86.ActiveCfg = Debug|Any CPU
		{B18D0858-91E0-4DC3-B711-0435818DB286}.Release|Any CPU.ActiveCfg = Release|Any CPU
		{B18D0858-91E0-4DC3-B711-0435818DB286}.Release|Any CPU.Build.0 = Release|Any CPU
		{B18D0858-91E0-4DC3-B711-0435818DB286}.Release|ARM.ActiveCfg = Release|Any CPU
		{B18D0858-91E0-4DC3-B711-0435818DB286}.Release|iPhone.ActiveCfg = Release|Any CPU
		{B18D0858-91E0-4DC3-B711-0435818DB286}.Release|iPhoneSimulator.ActiveCfg = Release|Any CPU
		{B18D0858-91E0-4DC3-B711-0435818DB286}.Release|Mixed Platforms.ActiveCfg = Release|Any CPU
		{B18D0858-91E0-4DC3-B711-0435818DB286}.Release|Mixed Platforms.Build.0 = Release|Any CPU
		{B18D0858-91E0-4DC3-B711-0435818DB286}.Release|x86.ActiveCfg = Release|Any CPU
		{F0019368-1A3D-4E84-AD1E-8A26CC159BF0}.Ad-Hoc|Any CPU.ActiveCfg = Release|Any CPU
		{F0019368-1A3D-4E84-AD1E-8A26CC159BF0}.Ad-Hoc|Any CPU.Build.0 = Release|Any CPU
		{F0019368-1A3D-4E84-AD1E-8A26CC159BF0}.Ad-Hoc|Any CPU.Deploy.0 = Release|Any CPU
		{F0019368-1A3D-4E84-AD1E-8A26CC159BF0}.Ad-Hoc|ARM.ActiveCfg = Release|ARM
		{F0019368-1A3D-4E84-AD1E-8A26CC159BF0}.Ad-Hoc|ARM.Build.0 = Release|ARM
		{F0019368-1A3D-4E84-AD1E-8A26CC159BF0}.Ad-Hoc|ARM.Deploy.0 = Release|ARM
		{F0019368-1A3D-4E84-AD1E-8A26CC159BF0}.Ad-Hoc|iPhone.ActiveCfg = Release|Any CPU
		{F0019368-1A3D-4E84-AD1E-8A26CC159BF0}.Ad-Hoc|iPhoneSimulator.ActiveCfg = Release|Any CPU
		{F0019368-1A3D-4E84-AD1E-8A26CC159BF0}.Ad-Hoc|Mixed Platforms.ActiveCfg = Release|x86
		{F0019368-1A3D-4E84-AD1E-8A26CC159BF0}.Ad-Hoc|Mixed Platforms.Build.0 = Release|x86
		{F0019368-1A3D-4E84-AD1E-8A26CC159BF0}.Ad-Hoc|Mixed Platforms.Deploy.0 = Release|x86
		{F0019368-1A3D-4E84-AD1E-8A26CC159BF0}.Ad-Hoc|x86.ActiveCfg = Release|x86
		{F0019368-1A3D-4E84-AD1E-8A26CC159BF0}.Ad-Hoc|x86.Build.0 = Release|x86
		{F0019368-1A3D-4E84-AD1E-8A26CC159BF0}.Ad-Hoc|x86.Deploy.0 = Release|x86
		{F0019368-1A3D-4E84-AD1E-8A26CC159BF0}.AppStore|Any CPU.ActiveCfg = Release|Any CPU
		{F0019368-1A3D-4E84-AD1E-8A26CC159BF0}.AppStore|Any CPU.Build.0 = Release|Any CPU
		{F0019368-1A3D-4E84-AD1E-8A26CC159BF0}.AppStore|Any CPU.Deploy.0 = Release|Any CPU
		{F0019368-1A3D-4E84-AD1E-8A26CC159BF0}.AppStore|ARM.ActiveCfg = Release|ARM
		{F0019368-1A3D-4E84-AD1E-8A26CC159BF0}.AppStore|ARM.Build.0 = Release|ARM
		{F0019368-1A3D-4E84-AD1E-8A26CC159BF0}.AppStore|ARM.Deploy.0 = Release|ARM
		{F0019368-1A3D-4E84-AD1E-8A26CC159BF0}.AppStore|iPhone.ActiveCfg = Release|Any CPU
		{F0019368-1A3D-4E84-AD1E-8A26CC159BF0}.AppStore|iPhoneSimulator.ActiveCfg = Release|Any CPU
		{F0019368-1A3D-4E84-AD1E-8A26CC159BF0}.AppStore|Mixed Platforms.ActiveCfg = Release|x86
		{F0019368-1A3D-4E84-AD1E-8A26CC159BF0}.AppStore|Mixed Platforms.Build.0 = Release|x86
		{F0019368-1A3D-4E84-AD1E-8A26CC159BF0}.AppStore|Mixed Platforms.Deploy.0 = Release|x86
		{F0019368-1A3D-4E84-AD1E-8A26CC159BF0}.AppStore|x86.ActiveCfg = Release|x86
		{F0019368-1A3D-4E84-AD1E-8A26CC159BF0}.AppStore|x86.Build.0 = Release|x86
		{F0019368-1A3D-4E84-AD1E-8A26CC159BF0}.AppStore|x86.Deploy.0 = Release|x86
		{F0019368-1A3D-4E84-AD1E-8A26CC159BF0}.Debug|Any CPU.ActiveCfg = Debug|Any CPU
		{F0019368-1A3D-4E84-AD1E-8A26CC159BF0}.Debug|Any CPU.Build.0 = Debug|Any CPU
		{F0019368-1A3D-4E84-AD1E-8A26CC159BF0}.Debug|Any CPU.Deploy.0 = Debug|Any CPU
		{F0019368-1A3D-4E84-AD1E-8A26CC159BF0}.Debug|ARM.ActiveCfg = Debug|ARM
		{F0019368-1A3D-4E84-AD1E-8A26CC159BF0}.Debug|ARM.Build.0 = Debug|ARM
		{F0019368-1A3D-4E84-AD1E-8A26CC159BF0}.Debug|ARM.Deploy.0 = Debug|ARM
		{F0019368-1A3D-4E84-AD1E-8A26CC159BF0}.Debug|iPhone.ActiveCfg = Debug|Any CPU
		{F0019368-1A3D-4E84-AD1E-8A26CC159BF0}.Debug|iPhoneSimulator.ActiveCfg = Debug|Any CPU
		{F0019368-1A3D-4E84-AD1E-8A26CC159BF0}.Debug|iPhoneSimulator.Build.0 = Debug|Any CPU
		{F0019368-1A3D-4E84-AD1E-8A26CC159BF0}.Debug|iPhoneSimulator.Deploy.0 = Debug|Any CPU
		{F0019368-1A3D-4E84-AD1E-8A26CC159BF0}.Debug|Mixed Platforms.ActiveCfg = Debug|Any CPU
		{F0019368-1A3D-4E84-AD1E-8A26CC159BF0}.Debug|Mixed Platforms.Build.0 = Debug|Any CPU
		{F0019368-1A3D-4E84-AD1E-8A26CC159BF0}.Debug|Mixed Platforms.Deploy.0 = Debug|Any CPU
		{F0019368-1A3D-4E84-AD1E-8A26CC159BF0}.Debug|x86.ActiveCfg = Debug|x86
		{F0019368-1A3D-4E84-AD1E-8A26CC159BF0}.Debug|x86.Build.0 = Debug|x86
		{F0019368-1A3D-4E84-AD1E-8A26CC159BF0}.Debug|x86.Deploy.0 = Debug|x86
		{F0019368-1A3D-4E84-AD1E-8A26CC159BF0}.Release|Any CPU.ActiveCfg = Release|Any CPU
		{F0019368-1A3D-4E84-AD1E-8A26CC159BF0}.Release|Any CPU.Build.0 = Release|Any CPU
		{F0019368-1A3D-4E84-AD1E-8A26CC159BF0}.Release|Any CPU.Deploy.0 = Release|Any CPU
		{F0019368-1A3D-4E84-AD1E-8A26CC159BF0}.Release|ARM.ActiveCfg = Release|ARM
		{F0019368-1A3D-4E84-AD1E-8A26CC159BF0}.Release|ARM.Build.0 = Release|ARM
		{F0019368-1A3D-4E84-AD1E-8A26CC159BF0}.Release|ARM.Deploy.0 = Release|ARM
		{F0019368-1A3D-4E84-AD1E-8A26CC159BF0}.Release|iPhone.ActiveCfg = Release|Any CPU
		{F0019368-1A3D-4E84-AD1E-8A26CC159BF0}.Release|iPhoneSimulator.ActiveCfg = Release|Any CPU
		{F0019368-1A3D-4E84-AD1E-8A26CC159BF0}.Release|Mixed Platforms.ActiveCfg = Release|x86
		{F0019368-1A3D-4E84-AD1E-8A26CC159BF0}.Release|Mixed Platforms.Build.0 = Release|x86
		{F0019368-1A3D-4E84-AD1E-8A26CC159BF0}.Release|Mixed Platforms.Deploy.0 = Release|x86
		{F0019368-1A3D-4E84-AD1E-8A26CC159BF0}.Release|x86.ActiveCfg = Release|x86
		{F0019368-1A3D-4E84-AD1E-8A26CC159BF0}.Release|x86.Build.0 = Release|x86
		{F0019368-1A3D-4E84-AD1E-8A26CC159BF0}.Release|x86.Deploy.0 = Release|x86
		{915EA731-094C-4758-B30D-18797FB6FCFB}.Ad-Hoc|Any CPU.ActiveCfg = Ad-Hoc|iPhone
		{915EA731-094C-4758-B30D-18797FB6FCFB}.Ad-Hoc|ARM.ActiveCfg = Ad-Hoc|iPhone
		{915EA731-094C-4758-B30D-18797FB6FCFB}.Ad-Hoc|iPhone.ActiveCfg = Ad-Hoc|iPhone
		{915EA731-094C-4758-B30D-18797FB6FCFB}.Ad-Hoc|iPhone.Build.0 = Ad-Hoc|iPhone
		{915EA731-094C-4758-B30D-18797FB6FCFB}.Ad-Hoc|iPhoneSimulator.ActiveCfg = Ad-Hoc|iPhoneSimulator
		{915EA731-094C-4758-B30D-18797FB6FCFB}.Ad-Hoc|iPhoneSimulator.Build.0 = Ad-Hoc|iPhoneSimulator
		{915EA731-094C-4758-B30D-18797FB6FCFB}.Ad-Hoc|Mixed Platforms.ActiveCfg = Ad-Hoc|iPhone
		{915EA731-094C-4758-B30D-18797FB6FCFB}.Ad-Hoc|Mixed Platforms.Build.0 = Ad-Hoc|iPhone
		{915EA731-094C-4758-B30D-18797FB6FCFB}.Ad-Hoc|x86.ActiveCfg = Ad-Hoc|iPhone
		{915EA731-094C-4758-B30D-18797FB6FCFB}.AppStore|Any CPU.ActiveCfg = AppStore|iPhone
		{915EA731-094C-4758-B30D-18797FB6FCFB}.AppStore|ARM.ActiveCfg = AppStore|iPhone
		{915EA731-094C-4758-B30D-18797FB6FCFB}.AppStore|iPhone.ActiveCfg = AppStore|iPhone
		{915EA731-094C-4758-B30D-18797FB6FCFB}.AppStore|iPhone.Build.0 = AppStore|iPhone
		{915EA731-094C-4758-B30D-18797FB6FCFB}.AppStore|iPhoneSimulator.ActiveCfg = AppStore|iPhoneSimulator
		{915EA731-094C-4758-B30D-18797FB6FCFB}.AppStore|iPhoneSimulator.Build.0 = AppStore|iPhoneSimulator
		{915EA731-094C-4758-B30D-18797FB6FCFB}.AppStore|Mixed Platforms.ActiveCfg = AppStore|iPhone
		{915EA731-094C-4758-B30D-18797FB6FCFB}.AppStore|Mixed Platforms.Build.0 = AppStore|iPhone
		{915EA731-094C-4758-B30D-18797FB6FCFB}.AppStore|x86.ActiveCfg = AppStore|iPhone
		{915EA731-094C-4758-B30D-18797FB6FCFB}.Debug|Any CPU.ActiveCfg = Debug|iPhone
		{915EA731-094C-4758-B30D-18797FB6FCFB}.Debug|ARM.ActiveCfg = Debug|iPhone
		{915EA731-094C-4758-B30D-18797FB6FCFB}.Debug|iPhone.ActiveCfg = Debug|iPhone
		{915EA731-094C-4758-B30D-18797FB6FCFB}.Debug|iPhone.Build.0 = Debug|iPhone
		{915EA731-094C-4758-B30D-18797FB6FCFB}.Debug|iPhoneSimulator.ActiveCfg = Debug|iPhoneSimulator
		{915EA731-094C-4758-B30D-18797FB6FCFB}.Debug|iPhoneSimulator.Build.0 = Debug|iPhoneSimulator
		{915EA731-094C-4758-B30D-18797FB6FCFB}.Debug|Mixed Platforms.ActiveCfg = Debug|iPhone
		{915EA731-094C-4758-B30D-18797FB6FCFB}.Debug|Mixed Platforms.Build.0 = Debug|iPhone
		{915EA731-094C-4758-B30D-18797FB6FCFB}.Debug|x86.ActiveCfg = Debug|iPhone
		{915EA731-094C-4758-B30D-18797FB6FCFB}.Release|Any CPU.ActiveCfg = Release|iPhone
		{915EA731-094C-4758-B30D-18797FB6FCFB}.Release|ARM.ActiveCfg = Release|iPhone
		{915EA731-094C-4758-B30D-18797FB6FCFB}.Release|iPhone.ActiveCfg = Release|iPhone
		{915EA731-094C-4758-B30D-18797FB6FCFB}.Release|iPhone.Build.0 = Release|iPhone
		{915EA731-094C-4758-B30D-18797FB6FCFB}.Release|iPhoneSimulator.ActiveCfg = Release|iPhoneSimulator
		{915EA731-094C-4758-B30D-18797FB6FCFB}.Release|iPhoneSimulator.Build.0 = Release|iPhoneSimulator
		{915EA731-094C-4758-B30D-18797FB6FCFB}.Release|Mixed Platforms.ActiveCfg = Release|iPhone
		{915EA731-094C-4758-B30D-18797FB6FCFB}.Release|Mixed Platforms.Build.0 = Release|iPhone
		{915EA731-094C-4758-B30D-18797FB6FCFB}.Release|x86.ActiveCfg = Release|iPhone
	EndGlobalSection
	GlobalSection(SolutionProperties) = preSolution
		HideSolutionNode = FALSE
	EndGlobalSection
EndGlobal
