
Microsoft Visual Studio Solution File, Format Version 12.00
# Visual Studio 16
VisualStudioVersion = 16.0.28803.452
MinimumVisualStudioVersion = 10.0.40219.1
Project("{FAE04EC0-301F-11D3-BF4B-00C04F79EFBC}") = "MvvmLight.VS2019", "MvvmLight.VS2019\MvvmLight.VS2019.csproj", "{11E23DA3-0E07-4A71-9ED7-7EBEACDBB12C}"
EndProject
Global
	GlobalSection(SolutionConfigurationPlatforms) = preSolution
		Debug|Any CPU = Debug|Any CPU
		Release|Any CPU = Release|Any CPU
	EndGlobalSection
	GlobalSection(ProjectConfigurationPlatforms) = postSolution
		{11E23DA3-0E07-4A71-9ED7-7EBEACDBB12C}.Debug|Any CPU.ActiveCfg = Debug|Any CPU
		{11E23DA3-0E07-4A71-9ED7-7EBEACDBB12C}.Debug|Any CPU.Build.0 = Debug|Any CPU
		{11E23DA3-0E07-4A71-9ED7-7EBEACDBB12C}.Release|Any CPU.ActiveCfg = Release|Any CPU
		{11E23DA3-0E07-4A71-9ED7-7EBEACDBB12C}.Release|Any CPU.Build.0 = Release|Any CPU
	EndGlobalSection
	GlobalSection(SolutionProperties) = preSolution
		HideSolutionNode = FALSE
	EndGlobalSection
EndGlobal
