
Microsoft Visual Studio Solution File, Format Version 12.00
# Visual Studio 2012
Project("{FAE04EC0-301F-11D3-BF4B-00C04F79EFBC}") = "MvvmLight.VS11", "MvvmLight.VS11\MvvmLight.VS11.csproj", "{166CA00B-53F0-4187-A0AD-ADF32E07B1D4}"
EndProject
Project("{FAE04EC0-301F-11D3-BF4B-00C04F79EFBC}") = "MvvmLight.VSWin8x11", "MvvmLight.VSWin8x11\MvvmLight.VSWin8x11.csproj", "{3F5EDA1B-9716-4588-BBF0-B59B509015DE}"
EndProject
Project("{FAE04EC0-301F-11D3-BF4B-00C04F79EFBC}") = "MvvmLight.VCSx11", "MvvmLight.VCSx11\MvvmLight.VCSx11.csproj", "{83031666-F8BD-4719-AE9C-BC03156C9621}"
EndProject
Project("{FAE04EC0-301F-11D3-BF4B-00C04F79EFBC}") = "MvvmLight.VSWP8x11", "MvvmLight.VSWP8x11\MvvmLight.VSWP8x11.csproj", "{6987ED1B-409A-44B8-AB2A-BF08019248BF}"
EndProject
Project("{FAE04EC0-301F-11D3-BF4B-00C04F79EFBC}") = "MvvmLight.VWDx11", "MvvmLight.VWDx11\MvvmLight.VWDx11.csproj", "{F79B95CF-3CB2-4DF4-AC3A-6CEEBDCEA7DE}"
EndProject
Global
	GlobalSection(SolutionConfigurationPlatforms) = preSolution
		Debug|Any CPU = Debug|Any CPU
		Release|Any CPU = Release|Any CPU
	EndGlobalSection
	GlobalSection(ProjectConfigurationPlatforms) = postSolution
		{166CA00B-53F0-4187-A0AD-ADF32E07B1D4}.Debug|Any CPU.ActiveCfg = Debug|Any CPU
		{166CA00B-53F0-4187-A0AD-ADF32E07B1D4}.Debug|Any CPU.Build.0 = Debug|Any CPU
		{166CA00B-53F0-4187-A0AD-ADF32E07B1D4}.Release|Any CPU.ActiveCfg = Release|Any CPU
		{166CA00B-53F0-4187-A0AD-ADF32E07B1D4}.Release|Any CPU.Build.0 = Release|Any CPU
		{3F5EDA1B-9716-4588-BBF0-B59B509015DE}.Debug|Any CPU.ActiveCfg = Debug|Any CPU
		{3F5EDA1B-9716-4588-BBF0-B59B509015DE}.Debug|Any CPU.Build.0 = Debug|Any CPU
		{3F5EDA1B-9716-4588-BBF0-B59B509015DE}.Release|Any CPU.ActiveCfg = Release|Any CPU
		{3F5EDA1B-9716-4588-BBF0-B59B509015DE}.Release|Any CPU.Build.0 = Release|Any CPU
		{83031666-F8BD-4719-AE9C-BC03156C9621}.Debug|Any CPU.ActiveCfg = Debug|Any CPU
		{83031666-F8BD-4719-AE9C-BC03156C9621}.Debug|Any CPU.Build.0 = Debug|Any CPU
		{83031666-F8BD-4719-AE9C-BC03156C9621}.Release|Any CPU.ActiveCfg = Release|Any CPU
		{83031666-F8BD-4719-AE9C-BC03156C9621}.Release|Any CPU.Build.0 = Release|Any CPU
		{6987ED1B-409A-44B8-AB2A-BF08019248BF}.Debug|Any CPU.ActiveCfg = Debug|Any CPU
		{6987ED1B-409A-44B8-AB2A-BF08019248BF}.Debug|Any CPU.Build.0 = Debug|Any CPU
		{6987ED1B-409A-44B8-AB2A-BF08019248BF}.Release|Any CPU.ActiveCfg = Release|Any CPU
		{6987ED1B-409A-44B8-AB2A-BF08019248BF}.Release|Any CPU.Build.0 = Release|Any CPU
		{F79B95CF-3CB2-4DF4-AC3A-6CEEBDCEA7DE}.Debug|Any CPU.ActiveCfg = Debug|Any CPU
		{F79B95CF-3CB2-4DF4-AC3A-6CEEBDCEA7DE}.Debug|Any CPU.Build.0 = Debug|Any CPU
		{F79B95CF-3CB2-4DF4-AC3A-6CEEBDCEA7DE}.Release|Any CPU.ActiveCfg = Release|Any CPU
		{F79B95CF-3CB2-4DF4-AC3A-6CEEBDCEA7DE}.Release|Any CPU.Build.0 = Release|Any CPU
	EndGlobalSection
	GlobalSection(SolutionProperties) = preSolution
		HideSolutionNode = FALSE
	EndGlobalSection
EndGlobal
