
Microsoft Visual Studio Solution File, Format Version 12.00
# Visual Studio 2013
VisualStudioVersion = 12.0.21005.1
MinimumVisualStudioVersion = 10.0.40219.1
Project("{FAE04EC0-301F-11D3-BF4B-00C04F79EFBC}") = "MvvmLight.VS12", "MvvmLight.VS12\MvvmLight.VS12.csproj", "{725602F5-67B3-460F-9CE0-AFC148E05A89}"
EndProject
Global
	GlobalSection(SolutionConfigurationPlatforms) = preSolution
		Debug|Any CPU = Debug|Any CPU
		Release|Any CPU = Release|Any CPU
	EndGlobalSection
	GlobalSection(ProjectConfigurationPlatforms) = postSolution
		{725602F5-67B3-460F-9CE0-AFC148E05A89}.Debug|Any CPU.ActiveCfg = Debug|Any CPU
		{725602F5-67B3-460F-9CE0-AFC148E05A89}.Debug|Any CPU.Build.0 = Debug|Any CPU
		{725602F5-67B3-460F-9CE0-AFC148E05A89}.Release|Any CPU.ActiveCfg = Release|Any CPU
		{725602F5-67B3-460F-9CE0-AFC148E05A89}.Release|Any CPU.Build.0 = Release|Any CPU
	EndGlobalSection
	GlobalSection(SolutionProperties) = preSolution
		HideSolutionNode = FALSE
	EndGlobalSection
EndGlobal
