
Microsoft Visual Studio Solution File, Format Version 12.00
# Visual Studio 2012
Project("{FAE04EC0-301F-11D3-BF4B-00C04F79EFBC}") = "GalaSoft.MvvmLight.Android", "GalaSoft.MvvmLight.Android.csproj", "{57F36AF2-28E9-478F-BA9B-C79BD4D97B1C}"
EndProject
Project("{FAE04EC0-301F-11D3-BF4B-00C04F79EFBC}") = "GalaSoft.MvvmLight.Extras.Android", "..\GalaSoft.MvvmLight.Extras (Android)\GalaSoft.MvvmLight.Extras.Android.csproj", "{1A92D3F0-D66F-4912-AD46-570E0344095B}"
EndProject
Global
	GlobalSection(SolutionConfigurationPlatforms) = preSolution
		Debug|Any CPU = Debug|Any CPU
		Release|Any CPU = Release|Any CPU
	EndGlobalSection
	GlobalSection(ProjectConfigurationPlatforms) = postSolution
		{57F36AF2-28E9-478F-BA9B-C79BD4D97B1C}.Debug|Any CPU.ActiveCfg = Debug|Any CPU
		{57F36AF2-28E9-478F-BA9B-C79BD4D97B1C}.Debug|Any CPU.Build.0 = Debug|Any CPU
		{57F36AF2-28E9-478F-BA9B-C79BD4D97B1C}.Release|Any CPU.ActiveCfg = Release|Any CPU
		{57F36AF2-28E9-478F-BA9B-C79BD4D97B1C}.Release|Any CPU.Build.0 = Release|Any CPU
		{1A92D3F0-D66F-4912-AD46-570E0344095B}.Debug|Any CPU.ActiveCfg = Debug|Any CPU
		{1A92D3F0-D66F-4912-AD46-570E0344095B}.Debug|Any CPU.Build.0 = Debug|Any CPU
		{1A92D3F0-D66F-4912-AD46-570E0344095B}.Release|Any CPU.ActiveCfg = Release|Any CPU
		{1A92D3F0-D66F-4912-AD46-570E0344095B}.Release|Any CPU.Build.0 = Release|Any CPU
	EndGlobalSection
	GlobalSection(SolutionProperties) = preSolution
		HideSolutionNode = FALSE
	EndGlobalSection
EndGlobal
