
Microsoft Visual Studio Solution File, Format Version 12.00
# Visual Studio 2013
VisualStudioVersion = 12.0.31101.0
MinimumVisualStudioVersion = 10.0.40219.1
Project("{FAE04EC0-301F-11D3-BF4B-00C04F79EFBC}") = "NavigationIosStoryboard", "NavigationIosStoryboard\NavigationIosStoryboard.csproj", "{D038BD09-C401-49B1-BA9D-7117D9DC4B47}"
EndProject
Global
	GlobalSection(SolutionConfigurationPlatforms) = preSolution
		Ad-Hoc|iPhone = Ad-Hoc|iPhone
		Ad-Hoc|iPhoneSimulator = Ad-Hoc|iPhoneSimulator
		AppStore|iPhone = AppStore|iPhone
		AppStore|iPhoneSimulator = AppStore|iPhoneSimulator
		Debug|iPhone = Debug|iPhone
		Debug|iPhoneSimulator = Debug|iPhoneSimulator
		Release|iPhone = Release|iPhone
		Release|iPhoneSimulator = Release|iPhoneSimulator
	EndGlobalSection
	GlobalSection(ProjectConfigurationPlatforms) = postSolution
		{D038BD09-C401-49B1-BA9D-7117D9DC4B47}.Ad-Hoc|iPhone.ActiveCfg = Ad-Hoc|iPhone
		{D038BD09-C401-49B1-BA9D-7117D9DC4B47}.Ad-Hoc|iPhone.Build.0 = Ad-Hoc|iPhone
		{D038BD09-C401-49B1-BA9D-7117D9DC4B47}.Ad-Hoc|iPhoneSimulator.ActiveCfg = Ad-Hoc|iPhoneSimulator
		{D038BD09-C401-49B1-BA9D-7117D9DC4B47}.Ad-Hoc|iPhoneSimulator.Build.0 = Ad-Hoc|iPhoneSimulator
		{D038BD09-C401-49B1-BA9D-7117D9DC4B47}.AppStore|iPhone.ActiveCfg = AppStore|iPhone
		{D038BD09-C401-49B1-BA9D-7117D9DC4B47}.AppStore|iPhone.Build.0 = AppStore|iPhone
		{D038BD09-C401-49B1-BA9D-7117D9DC4B47}.AppStore|iPhoneSimulator.ActiveCfg = AppStore|iPhoneSimulator
		{D038BD09-C401-49B1-BA9D-7117D9DC4B47}.AppStore|iPhoneSimulator.Build.0 = AppStore|iPhoneSimulator
		{D038BD09-C401-49B1-BA9D-7117D9DC4B47}.Debug|iPhone.ActiveCfg = Debug|iPhone
		{D038BD09-C401-49B1-BA9D-7117D9DC4B47}.Debug|iPhone.Build.0 = Debug|iPhone
		{D038BD09-C401-49B1-BA9D-7117D9DC4B47}.Debug|iPhoneSimulator.ActiveCfg = Debug|iPhoneSimulator
		{D038BD09-C401-49B1-BA9D-7117D9DC4B47}.Debug|iPhoneSimulator.Build.0 = Debug|iPhoneSimulator
		{D038BD09-C401-49B1-BA9D-7117D9DC4B47}.Release|iPhone.ActiveCfg = Release|iPhone
		{D038BD09-C401-49B1-BA9D-7117D9DC4B47}.Release|iPhone.Build.0 = Release|iPhone
		{D038BD09-C401-49B1-BA9D-7117D9DC4B47}.Release|iPhoneSimulator.ActiveCfg = Release|iPhoneSimulator
		{D038BD09-C401-49B1-BA9D-7117D9DC4B47}.Release|iPhoneSimulator.Build.0 = Release|iPhoneSimulator
	EndGlobalSection
	GlobalSection(SolutionProperties) = preSolution
		HideSolutionNode = FALSE
	EndGlobalSection
EndGlobal
