
Microsoft Visual Studio Solution File, Format Version 11.00
# Visual Studio 2010
Project("{FAE04EC0-301F-11D3-BF4B-00C04F79EFBC}") = "SDWebImageMTDialogSampleClassic", "SDWebImageMTDialogSample\SDWebImageMTDialogSample-Classic.csproj", "{A862CA19-4C92-4892-B376-79BD462C4012}"
EndProject
Global
	GlobalSection(SolutionConfigurationPlatforms) = preSolution
		Debug|iPhoneSimulator = Debug|iPhoneSimulator
		Release|iPhoneSimulator = Release|iPhoneSimulator
		Debug|iPhone = Debug|iPhone
		Release|iPhone = Release|iPhone
		Ad-Hoc|iPhone = Ad-Hoc|iPhone
		AppStore|iPhone = AppStore|iPhone
	EndGlobalSection
	GlobalSection(ProjectConfigurationPlatforms) = postSolution
		{A862CA19-4C92-4892-B376-79BD462C4012}.Ad-Hoc|iPhone.ActiveCfg = Ad-Hoc|iPhone
		{A862CA19-4C92-4892-B376-79BD462C4012}.Ad-Hoc|iPhone.Build.0 = Ad-Hoc|iPhone
		{A862CA19-4C92-4892-B376-79BD462C4012}.AppStore|iPhone.ActiveCfg = AppStore|iPhone
		{A862CA19-4C92-4892-B376-79BD462C4012}.AppStore|iPhone.Build.0 = AppStore|iPhone
		{A862CA19-4C92-4892-B376-79BD462C4012}.Debug|iPhone.ActiveCfg = Debug|iPhone
		{A862CA19-4C92-4892-B376-79BD462C4012}.Debug|iPhone.Build.0 = Debug|iPhone
		{A862CA19-4C92-4892-B376-79BD462C4012}.Debug|iPhoneSimulator.ActiveCfg = Debug|iPhoneSimulator
		{A862CA19-4C92-4892-B376-79BD462C4012}.Debug|iPhoneSimulator.Build.0 = Debug|iPhoneSimulator
		{A862CA19-4C92-4892-B376-79BD462C4012}.Release|iPhone.ActiveCfg = Release|iPhone
		{A862CA19-4C92-4892-B376-79BD462C4012}.Release|iPhone.Build.0 = Release|iPhone
		{A862CA19-4C92-4892-B376-79BD462C4012}.Release|iPhoneSimulator.ActiveCfg = Release|iPhoneSimulator
		{A862CA19-4C92-4892-B376-79BD462C4012}.Release|iPhoneSimulator.Build.0 = Release|iPhoneSimulator
	EndGlobalSection
	GlobalSection(MonoDevelopProperties) = preSolution
		StartupItem = SDWebImageMTDialogSample\SDWebImageMTDialogSample.csproj
	EndGlobalSection
EndGlobal
